
Microsoft Visual Studio Solution File, Format Version 12.00
# Visual Studio Version 17
VisualStudioVersion = 17.0.31903.59
MinimumVisualStudioVersion = 10.0.40219.1
Project("{2150E333-8FDC-42A3-9474-1A3956D46DE8}") = "Win32", "Win32", "{0AA3F7FD-BB7C-4386-8435-F6BABE5EBED3}"
EndProject
Project("{2150E333-8FDC-42A3-9474-1A3956D46DE8}") = "GDK", "GDK", "{9C8A0D94-F592-46D7-9491-1E464C6A8166}"
EndProject
Project("{8BC9CEB8-8B4A-11D0-8D11-00A0C91BC942}") = "libHttpClient.143.Win32.C", "Build\libHttpClient.143.Win32.C\libHttpClient.143.Win32.C.vcxproj", "{9164C6C9-3872-4922-A3E3-3822622D3E71}"
EndProject
Project("{8BC9CEB8-8B4A-11D0-8D11-00A0C91BC942}") = "libcrypto.143.Win32", "Build\libcrypto.143.Win32\libcrypto.143.Win32.vcxproj", "{16AA2EBE-6D49-41B7-A13F-887C12E78715}"
EndProject
Project("{8BC9CEB8-8B4A-11D0-8D11-00A0C91BC942}") = "libssl.143.Win32", "Build\libssl.143.Win32\libssl.143.Win32.vcxproj", "{AAF08544-8AAA-41A5-A86B-2AF4D8985258}"
EndProject
Project("{8BC9CEB8-8B4A-11D0-8D11-00A0C91BC942}") = "libHttpClient.143.GDK.C", "Build\libHttpClient.143.GDK.C\libHttpClient.143.GDK.C.vcxproj", "{80D8061D-BBEF-414D-8F08-4D8B52C02E85}"
EndProject
Global
	GlobalSection(SolutionConfigurationPlatforms) = preSolution
		Debug|Any CPU = Debug|Any CPU
		Debug|ARM = Debug|ARM
		Debug|ARM64 = Debug|ARM64
		Debug|Durango = Debug|Durango
		Debug|Gaming.Desktop.x64 = Debug|Gaming.Desktop.x64
		Debug|x64 = Debug|x64
		Debug|x86 = Debug|x86
		Profile|Any CPU = Profile|Any CPU
		Profile|ARM = Profile|ARM
		Profile|ARM64 = Profile|ARM64
		Profile|Durango = Profile|Durango
		Profile|Gaming.Desktop.x64 = Profile|Gaming.Desktop.x64
		Profile|x64 = Profile|x64
		Profile|x86 = Profile|x86
		Release|Any CPU = Release|Any CPU
		Release|ARM = Release|ARM
		Release|ARM64 = Release|ARM64
		Release|Durango = Release|Durango
		Release|Gaming.Desktop.x64 = Release|Gaming.Desktop.x64
		Release|x64 = Release|x64
		Release|x86 = Release|x86
	EndGlobalSection
	GlobalSection(ProjectConfigurationPlatforms) = postSolution
		{9164C6C9-3872-4922-A3E3-3822622D3E71}.Debug|Any CPU.ActiveCfg = Debug|x64
		{9164C6C9-3872-4922-A3E3-3822622D3E71}.Debug|Any CPU.Build.0 = Debug|x64
		{9164C6C9-3872-4922-A3E3-3822622D3E71}.Debug|ARM.ActiveCfg = Debug|ARM
		{9164C6C9-3872-4922-A3E3-3822622D3E71}.Debug|ARM.Build.0 = Debug|ARM
		{9164C6C9-3872-4922-A3E3-3822622D3E71}.Debug|ARM64.ActiveCfg = Debug|ARM64
		{9164C6C9-3872-4922-A3E3-3822622D3E71}.Debug|ARM64.Build.0 = Debug|ARM64
		{9164C6C9-3872-4922-A3E3-3822622D3E71}.Debug|Durango.ActiveCfg = Debug|x64
		{9164C6C9-3872-4922-A3E3-3822622D3E71}.Debug|Durango.Build.0 = Debug|x64
		{9164C6C9-3872-4922-A3E3-3822622D3E71}.Debug|Gaming.Desktop.x64.ActiveCfg = Debug|x64
		{9164C6C9-3872-4922-A3E3-3822622D3E71}.Debug|Gaming.Desktop.x64.Build.0 = Debug|x64
		{9164C6C9-3872-4922-A3E3-3822622D3E71}.Debug|x64.ActiveCfg = Debug|x64
		{9164C6C9-3872-4922-A3E3-3822622D3E71}.Debug|x64.Build.0 = Debug|x64
		{9164C6C9-3872-4922-A3E3-3822622D3E71}.Debug|x86.ActiveCfg = Debug|Win32
		{9164C6C9-3872-4922-A3E3-3822622D3E71}.Debug|x86.Build.0 = Debug|Win32
		{9164C6C9-3872-4922-A3E3-3822622D3E71}.Profile|Any CPU.ActiveCfg = Debug|Win32
		{9164C6C9-3872-4922-A3E3-3822622D3E71}.Profile|Any CPU.Build.0 = Debug|Win32
		{9164C6C9-3872-4922-A3E3-3822622D3E71}.Profile|ARM.ActiveCfg = Debug|ARM
		{9164C6C9-3872-4922-A3E3-3822622D3E71}.Profile|ARM.Build.0 = Debug|ARM
		{9164C6C9-3872-4922-A3E3-3822622D3E71}.Profile|ARM64.ActiveCfg = Debug|ARM64
		{9164C6C9-3872-4922-A3E3-3822622D3E71}.Profile|ARM64.Build.0 = Debug|ARM64
		{9164C6C9-3872-4922-A3E3-3822622D3E71}.Profile|Durango.ActiveCfg = Debug|Win32
		{9164C6C9-3872-4922-A3E3-3822622D3E71}.Profile|Durango.Build.0 = Debug|Win32
		{9164C6C9-3872-4922-A3E3-3822622D3E71}.Profile|Gaming.Desktop.x64.ActiveCfg = Debug|Win32
		{9164C6C9-3872-4922-A3E3-3822622D3E71}.Profile|Gaming.Desktop.x64.Build.0 = Debug|Win32
		{9164C6C9-3872-4922-A3E3-3822622D3E71}.Profile|x64.ActiveCfg = Debug|x64
		{9164C6C9-3872-4922-A3E3-3822622D3E71}.Profile|x64.Build.0 = Debug|x64
		{9164C6C9-3872-4922-A3E3-3822622D3E71}.Profile|x86.ActiveCfg = Debug|Win32
		{9164C6C9-3872-4922-A3E3-3822622D3E71}.Profile|x86.Build.0 = Debug|Win32
		{9164C6C9-3872-4922-A3E3-3822622D3E71}.Release|Any CPU.ActiveCfg = Release|x64
		{9164C6C9-3872-4922-A3E3-3822622D3E71}.Release|Any CPU.Build.0 = Release|x64
		{9164C6C9-3872-4922-A3E3-3822622D3E71}.Release|ARM.ActiveCfg = Release|ARM
		{9164C6C9-3872-4922-A3E3-3822622D3E71}.Release|ARM.Build.0 = Release|ARM
		{9164C6C9-3872-4922-A3E3-3822622D3E71}.Release|ARM64.ActiveCfg = Release|ARM64
		{9164C6C9-3872-4922-A3E3-3822622D3E71}.Release|ARM64.Build.0 = Release|ARM64
		{9164C6C9-3872-4922-A3E3-3822622D3E71}.Release|Durango.ActiveCfg = Release|x64
		{9164C6C9-3872-4922-A3E3-3822622D3E71}.Release|Durango.Build.0 = Release|x64
		{9164C6C9-3872-4922-A3E3-3822622D3E71}.Release|Gaming.Desktop.x64.ActiveCfg = Release|x64
		{9164C6C9-3872-4922-A3E3-3822622D3E71}.Release|Gaming.Desktop.x64.Build.0 = Release|x64
		{9164C6C9-3872-4922-A3E3-3822622D3E71}.Release|x64.ActiveCfg = Release|x64
		{9164C6C9-3872-4922-A3E3-3822622D3E71}.Release|x64.Build.0 = Release|x64
		{9164C6C9-3872-4922-A3E3-3822622D3E71}.Release|x86.ActiveCfg = Release|Win32
		{9164C6C9-3872-4922-A3E3-3822622D3E71}.Release|x86.Build.0 = Release|Win32
		{16AA2EBE-6D49-41B7-A13F-887C12E78715}.Debug|Any CPU.ActiveCfg = Debug|x64
		{16AA2EBE-6D49-41B7-A13F-887C12E78715}.Debug|Any CPU.Build.0 = Debug|x64
		{16AA2EBE-6D49-41B7-A13F-887C12E78715}.Debug|ARM.ActiveCfg = Debug|x64
		{16AA2EBE-6D49-41B7-A13F-887C12E78715}.Debug|ARM.Build.0 = Debug|x64
		{16AA2EBE-6D49-41B7-A13F-887C12E78715}.Debug|ARM64.ActiveCfg = Debug|ARM64
		{16AA2EBE-6D49-41B7-A13F-887C12E78715}.Debug|ARM64.Build.0 = Debug|ARM64
		{16AA2EBE-6D49-41B7-A13F-887C12E78715}.Debug|Durango.ActiveCfg = Debug|x64
		{16AA2EBE-6D49-41B7-A13F-887C12E78715}.Debug|Durango.Build.0 = Debug|x64
		{16AA2EBE-6D49-41B7-A13F-887C12E78715}.Debug|Gaming.Desktop.x64.ActiveCfg = Debug|x64
		{16AA2EBE-6D49-41B7-A13F-887C12E78715}.Debug|Gaming.Desktop.x64.Build.0 = Debug|x64
		{16AA2EBE-6D49-41B7-A13F-887C12E78715}.Debug|x64.ActiveCfg = Debug|x64
		{16AA2EBE-6D49-41B7-A13F-887C12E78715}.Debug|x64.Build.0 = Debug|x64
		{16AA2EBE-6D49-41B7-A13F-887C12E78715}.Debug|x86.ActiveCfg = Debug|Win32
		{16AA2EBE-6D49-41B7-A13F-887C12E78715}.Debug|x86.Build.0 = Debug|Win32
		{16AA2EBE-6D49-41B7-A13F-887C12E78715}.Profile|Any CPU.ActiveCfg = Debug|Win32
		{16AA2EBE-6D49-41B7-A13F-887C12E78715}.Profile|Any CPU.Build.0 = Debug|Win32
		{16AA2EBE-6D49-41B7-A13F-887C12E78715}.Profile|ARM.ActiveCfg = Debug|Win32
		{16AA2EBE-6D49-41B7-A13F-887C12E78715}.Profile|ARM.Build.0 = Debug|Win32
		{16AA2EBE-6D49-41B7-A13F-887C12E78715}.Profile|ARM64.ActiveCfg = Debug|ARM64
		{16AA2EBE-6D49-41B7-A13F-887C12E78715}.Profile|ARM64.Build.0 = Debug|ARM64
		{16AA2EBE-6D49-41B7-A13F-887C12E78715}.Profile|Durango.ActiveCfg = Debug|Win32
		{16AA2EBE-6D49-41B7-A13F-887C12E78715}.Profile|Durango.Build.0 = Debug|Win32
		{16AA2EBE-6D49-41B7-A13F-887C12E78715}.Profile|Gaming.Desktop.x64.ActiveCfg = Debug|Win32
		{16AA2EBE-6D49-41B7-A13F-887C12E78715}.Profile|Gaming.Desktop.x64.Build.0 = Debug|Win32
		{16AA2EBE-6D49-41B7-A13F-887C12E78715}.Profile|x64.ActiveCfg = Debug|x64
		{16AA2EBE-6D49-41B7-A13F-887C12E78715}.Profile|x64.Build.0 = Debug|x64
		{16AA2EBE-6D49-41B7-A13F-887C12E78715}.Profile|x86.ActiveCfg = Debug|Win32
		{16AA2EBE-6D49-41B7-A13F-887C12E78715}.Profile|x86.Build.0 = Debug|Win32
		{16AA2EBE-6D49-41B7-A13F-887C12E78715}.Release|Any CPU.ActiveCfg = Release|x64
		{16AA2EBE-6D49-41B7-A13F-887C12E78715}.Release|Any CPU.Build.0 = Release|x64
		{16AA2EBE-6D49-41B7-A13F-887C12E78715}.Release|ARM.ActiveCfg = Release|x64
		{16AA2EBE-6D49-41B7-A13F-887C12E78715}.Release|ARM.Build.0 = Release|x64
		{16AA2EBE-6D49-41B7-A13F-887C12E78715}.Release|ARM64.ActiveCfg = Release|ARM64
		{16AA2EBE-6D49-41B7-A13F-887C12E78715}.Release|ARM64.Build.0 = Release|ARM64
		{16AA2EBE-6D49-41B7-A13F-887C12E78715}.Release|Durango.ActiveCfg = Release|x64
		{16AA2EBE-6D49-41B7-A13F-887C12E78715}.Release|Durango.Build.0 = Release|x64
		{16AA2EBE-6D49-41B7-A13F-887C12E78715}.Release|Gaming.Desktop.x64.ActiveCfg = Release|x64
		{16AA2EBE-6D49-41B7-A13F-887C12E78715}.Release|Gaming.Desktop.x64.Build.0 = Release|x64
		{16AA2EBE-6D49-41B7-A13F-887C12E78715}.Release|x64.ActiveCfg = Release|x64
		{16AA2EBE-6D49-41B7-A13F-887C12E78715}.Release|x64.Build.0 = Release|x64
		{16AA2EBE-6D49-41B7-A13F-887C12E78715}.Release|x86.ActiveCfg = Release|Win32
		{16AA2EBE-6D49-41B7-A13F-887C12E78715}.Release|x86.Build.0 = Release|Win32
		{AAF08544-8AAA-41A5-A86B-2AF4D8985258}.Debug|Any CPU.ActiveCfg = Debug|x64
		{AAF08544-8AAA-41A5-A86B-2AF4D8985258}.Debug|Any CPU.Build.0 = Debug|x64
		{AAF08544-8AAA-41A5-A86B-2AF4D8985258}.Debug|ARM.ActiveCfg = Debug|x64
		{AAF08544-8AAA-41A5-A86B-2AF4D8985258}.Debug|ARM.Build.0 = Debug|x64
		{AAF08544-8AAA-41A5-A86B-2AF4D8985258}.Debug|ARM64.ActiveCfg = Debug|ARM64
		{AAF08544-8AAA-41A5-A86B-2AF4D8985258}.Debug|ARM64.Build.0 = Debug|ARM64
		{AAF08544-8AAA-41A5-A86B-2AF4D8985258}.Debug|Durango.ActiveCfg = Debug|x64
		{AAF08544-8AAA-41A5-A86B-2AF4D8985258}.Debug|Durango.Build.0 = Debug|x64
		{AAF08544-8AAA-41A5-A86B-2AF4D8985258}.Debug|Gaming.Desktop.x64.ActiveCfg = Debug|x64
		{AAF08544-8AAA-41A5-A86B-2AF4D8985258}.Debug|Gaming.Desktop.x64.Build.0 = Debug|x64
		{AAF08544-8AAA-41A5-A86B-2AF4D8985258}.Debug|x64.ActiveCfg = Debug|x64
		{AAF08544-8AAA-41A5-A86B-2AF4D8985258}.Debug|x64.Build.0 = Debug|x64
		{AAF08544-8AAA-41A5-A86B-2AF4D8985258}.Debug|x86.ActiveCfg = Debug|Win32
		{AAF08544-8AAA-41A5-A86B-2AF4D8985258}.Debug|x86.Build.0 = Debug|Win32
		{AAF08544-8AAA-41A5-A86B-2AF4D8985258}.Profile|Any CPU.ActiveCfg = Debug|Win32
		{AAF08544-8AAA-41A5-A86B-2AF4D8985258}.Profile|Any CPU.Build.0 = Debug|Win32
		{AAF08544-8AAA-41A5-A86B-2AF4D8985258}.Profile|ARM.ActiveCfg = Debug|Win32
		{AAF08544-8AAA-41A5-A86B-2AF4D8985258}.Profile|ARM.Build.0 = Debug|Win32
		{AAF08544-8AAA-41A5-A86B-2AF4D8985258}.Profile|ARM64.ActiveCfg = Debug|ARM64
		{AAF08544-8AAA-41A5-A86B-2AF4D8985258}.Profile|ARM64.Build.0 = Debug|ARM64
		{AAF08544-8AAA-41A5-A86B-2AF4D8985258}.Profile|Durango.ActiveCfg = Debug|Win32
		{AAF08544-8AAA-41A5-A86B-2AF4D8985258}.Profile|Durango.Build.0 = Debug|Win32
		{AAF08544-8AAA-41A5-A86B-2AF4D8985258}.Profile|Gaming.Desktop.x64.ActiveCfg = Debug|Win32
		{AAF08544-8AAA-41A5-A86B-2AF4D8985258}.Profile|Gaming.Desktop.x64.Build.0 = Debug|Win32
		{AAF08544-8AAA-41A5-A86B-2AF4D8985258}.Profile|x64.ActiveCfg = Debug|x64
		{AAF08544-8AAA-41A5-A86B-2AF4D8985258}.Profile|x64.Build.0 = Debug|x64
		{AAF08544-8AAA-41A5-A86B-2AF4D8985258}.Profile|x86.ActiveCfg = Debug|Win32
		{AAF08544-8AAA-41A5-A86B-2AF4D8985258}.Profile|x86.Build.0 = Debug|Win32
		{AAF08544-8AAA-41A5-A86B-2AF4D8985258}.Release|Any CPU.ActiveCfg = Release|x64
		{AAF08544-8AAA-41A5-A86B-2AF4D8985258}.Release|Any CPU.Build.0 = Release|x64
		{AAF08544-8AAA-41A5-A86B-2AF4D8985258}.Release|ARM.ActiveCfg = Release|x64
		{AAF08544-8AAA-41A5-A86B-2AF4D8985258}.Release|ARM.Build.0 = Release|x64
		{AAF08544-8AAA-41A5-A86B-2AF4D8985258}.Release|ARM64.ActiveCfg = Release|ARM64
		{AAF08544-8AAA-41A5-A86B-2AF4D8985258}.Release|ARM64.Build.0 = Release|ARM64
		{AAF08544-8AAA-41A5-A86B-2AF4D8985258}.Release|Durango.ActiveCfg = Release|x64
		{AAF08544-8AAA-41A5-A86B-2AF4D8985258}.Release|Durango.Build.0 = Release|x64
		{AAF08544-8AAA-41A5-A86B-2AF4D8985258}.Release|Gaming.Desktop.x64.ActiveCfg = Release|x64
		{AAF08544-8AAA-41A5-A86B-2AF4D8985258}.Release|Gaming.Desktop.x64.Build.0 = Release|x64
		{AAF08544-8AAA-41A5-A86B-2AF4D8985258}.Release|x64.ActiveCfg = Release|x64
		{AAF08544-8AAA-41A5-A86B-2AF4D8985258}.Release|x64.Build.0 = Release|x64
		{AAF08544-8AAA-41A5-A86B-2AF4D8985258}.Release|x86.ActiveCfg = Release|Win32
		{AAF08544-8AAA-41A5-A86B-2AF4D8985258}.Release|x86.Build.0 = Release|Win32
		{80D8061D-BBEF-414D-8F08-4D8B52C02E85}.Debug|Any CPU.ActiveCfg = Debug|Gaming.Desktop.x64
		{80D8061D-BBEF-414D-8F08-4D8B52C02E85}.Debug|Any CPU.Build.0 = Debug|Gaming.Desktop.x64
		{80D8061D-BBEF-414D-8F08-4D8B52C02E85}.Debug|ARM.ActiveCfg = Debug|Gaming.Desktop.x64
		{80D8061D-BBEF-414D-8F08-4D8B52C02E85}.Debug|ARM.Build.0 = Debug|Gaming.Desktop.x64
		{80D8061D-BBEF-414D-8F08-4D8B52C02E85}.Debug|ARM64.ActiveCfg = Debug|Gaming.Desktop.x64
		{80D8061D-BBEF-414D-8F08-4D8B52C02E85}.Debug|ARM64.Build.0 = Debug|Gaming.Desktop.x64
		{80D8061D-BBEF-414D-8F08-4D8B52C02E85}.Debug|Durango.ActiveCfg = Debug|Gaming.Desktop.x64
		{80D8061D-BBEF-414D-8F08-4D8B52C02E85}.Debug|Durango.Build.0 = Debug|Gaming.Desktop.x64
		{80D8061D-BBEF-414D-8F08-4D8B52C02E85}.Debug|Gaming.Desktop.x64.ActiveCfg = Debug|Gaming.Desktop.x64
		{80D8061D-BBEF-414D-8F08-4D8B52C02E85}.Debug|Gaming.Desktop.x64.Build.0 = Debug|Gaming.Desktop.x64
		{80D8061D-BBEF-414D-8F08-4D8B52C02E85}.Debug|x64.ActiveCfg = Debug|Gaming.Desktop.x64
		{80D8061D-BBEF-414D-8F08-4D8B52C02E85}.Debug|x64.Build.0 = Debug|Gaming.Desktop.x64
		{80D8061D-BBEF-414D-8F08-4D8B52C02E85}.Debug|x86.ActiveCfg = Debug|Gaming.Desktop.x64
		{80D8061D-BBEF-414D-8F08-4D8B52C02E85}.Debug|x86.Build.0 = Debug|Gaming.Desktop.x64
		{80D8061D-BBEF-414D-8F08-4D8B52C02E85}.Profile|Any CPU.ActiveCfg = Debug|Gaming.Desktop.x64
		{80D8061D-BBEF-414D-8F08-4D8B52C02E85}.Profile|Any CPU.Build.0 = Debug|Gaming.Desktop.x64
		{80D8061D-BBEF-414D-8F08-4D8B52C02E85}.Profile|ARM.ActiveCfg = Debug|Gaming.Desktop.x64
		{80D8061D-BBEF-414D-8F08-4D8B52C02E85}.Profile|ARM.Build.0 = Debug|Gaming.Desktop.x64
		{80D8061D-BBEF-414D-8F08-4D8B52C02E85}.Profile|ARM64.ActiveCfg = Debug|Gaming.Desktop.x64
		{80D8061D-BBEF-414D-8F08-4D8B52C02E85}.Profile|ARM64.Build.0 = Debug|Gaming.Desktop.x64
		{80D8061D-BBEF-414D-8F08-4D8B52C02E85}.Profile|Durango.ActiveCfg = Debug|Gaming.Desktop.x64
		{80D8061D-BBEF-414D-8F08-4D8B52C02E85}.Profile|Durango.Build.0 = Debug|Gaming.Desktop.x64
		{80D8061D-BBEF-414D-8F08-4D8B52C02E85}.Profile|Gaming.Desktop.x64.ActiveCfg = Debug|Gaming.Desktop.x64
		{80D8061D-BBEF-414D-8F08-4D8B52C02E85}.Profile|Gaming.Desktop.x64.Build.0 = Debug|Gaming.Desktop.x64
		{80D8061D-BBEF-414D-8F08-4D8B52C02E85}.Profile|x64.ActiveCfg = Debug|Gaming.Desktop.x64
		{80D8061D-BBEF-414D-8F08-4D8B52C02E85}.Profile|x64.Build.0 = Debug|Gaming.Desktop.x64
		{80D8061D-BBEF-414D-8F08-4D8B52C02E85}.Profile|x86.ActiveCfg = Debug|Gaming.Desktop.x64
		{80D8061D-BBEF-414D-8F08-4D8B52C02E85}.Profile|x86.Build.0 = Debug|Gaming.Desktop.x64
		{80D8061D-BBEF-414D-8F08-4D8B52C02E85}.Release|Any CPU.ActiveCfg = Release|Gaming.Desktop.x64
		{80D8061D-BBEF-414D-8F08-4D8B52C02E85}.Release|Any CPU.Build.0 = Release|Gaming.Desktop.x64
		{80D8061D-BBEF-414D-8F08-4D8B52C02E85}.Release|ARM.ActiveCfg = Release|Gaming.Desktop.x64
		{80D8061D-BBEF-414D-8F08-4D8B52C02E85}.Release|ARM.Build.0 = Release|Gaming.Desktop.x64
		{80D8061D-BBEF-414D-8F08-4D8B52C02E85}.Release|ARM64.ActiveCfg = Release|Gaming.Desktop.x64
		{80D8061D-BBEF-414D-8F08-4D8B52C02E85}.Release|ARM64.Build.0 = Release|Gaming.Desktop.x64
		{80D8061D-BBEF-414D-8F08-4D8B52C02E85}.Release|Durango.ActiveCfg = Release|Gaming.Desktop.x64
		{80D8061D-BBEF-414D-8F08-4D8B52C02E85}.Release|Durango.Build.0 = Release|Gaming.Desktop.x64
		{80D8061D-BBEF-414D-8F08-4D8B52C02E85}.Release|Gaming.Desktop.x64.ActiveCfg = Release|Gaming.Desktop.x64
		{80D8061D-BBEF-414D-8F08-4D8B52C02E85}.Release|Gaming.Desktop.x64.Build.0 = Release|Gaming.Desktop.x64
		{80D8061D-BBEF-414D-8F08-4D8B52C02E85}.Release|x64.ActiveCfg = Release|Gaming.Desktop.x64
		{80D8061D-BBEF-414D-8F08-4D8B52C02E85}.Release|x64.Build.0 = Release|Gaming.Desktop.x64
		{80D8061D-BBEF-414D-8F08-4D8B52C02E85}.Release|x86.ActiveCfg = Release|Gaming.Desktop.x64
		{80D8061D-BBEF-414D-8F08-4D8B52C02E85}.Release|x86.Build.0 = Release|Gaming.Desktop.x64
	EndGlobalSection
	GlobalSection(SolutionProperties) = preSolution
		HideSolutionNode = FALSE
	EndGlobalSection
	GlobalSection(NestedProjects) = preSolution
		{9164C6C9-3872-4922-A3E3-3822622D3E71} = {0AA3F7FD-BB7C-4386-8435-F6BABE5EBED3}
		{16AA2EBE-6D49-41B7-A13F-887C12E78715} = {0AA3F7FD-BB7C-4386-8435-F6BABE5EBED3}
		{AAF08544-8AAA-41A5-A86B-2AF4D8985258} = {0AA3F7FD-BB7C-4386-8435-F6BABE5EBED3}
		{80D8061D-BBEF-414D-8F08-4D8B52C02E85} = {9C8A0D94-F592-46D7-9491-1E464C6A8166}
	EndGlobalSection
	GlobalSection(ExtensibilityGlobals) = postSolution
		SolutionGuid = {973E1528-6B80-4A7E-9534-56E9481AF63A}
	EndGlobalSection
EndGlobal
