
Microsoft Visual Studio Solution File, Format Version 12.00
# Visual Studio Version 17
VisualStudioVersion = 17.6.33801.468
MinimumVisualStudioVersion = 10.0.40219.1
Project("{2150E333-8FDC-42A3-9474-1A3956D46DE8}") = "Win32", "Win32", "{0AA3F7FD-BB7C-4386-8435-F6BABE5EBED3}"
EndProject
Project("{2150E333-8FDC-42A3-9474-1A3956D46DE8}") = "UWP", "UWP", "{6FB21B4B-86D1-4883-85A2-B51771884ED8}"
EndProject
Project("{8BC9CEB8-8B4A-11D0-8D11-00A0C91BC942}") = "libHttpClient.142.Win32.C", "Build\libHttpClient.142.Win32.C\libHttpClient.142.Win32.C.vcxproj", "{961F48EA-33A9-47F1-9C96-715D6094D79B}"
EndProject
Project("{8BC9CEB8-8B4A-11D0-8D11-00A0C91BC942}") = "libHttpClient.142.UWP.C", "Build\libHttpClient.142.UWP.C\libHttpClient.142.UWP.C.vcxproj", "{53C69CF3-B0B8-4A64-B178-0E9370737F70}"
EndProject
Project("{2150E333-8FDC-42A3-9474-1A3956D46DE8}") = "Tests", "Tests", "{A7CDB1FA-01AE-4507-B54A-BA54F2080A11}"
EndProject
Project("{2150E333-8FDC-42A3-9474-1A3956D46DE8}") = "Samples", "Samples", "{CADB9561-440F-4B5F-BC40-4D569EBF1903}"
EndProject
Project("{2150E333-8FDC-42A3-9474-1A3956D46DE8}") = "Samples", "Samples", "{5B7AC447-943C-45D3-AD4E-3A61DA208FD8}"
EndProject
Project("{8BC9CEB8-8B4A-11D0-8D11-00A0C91BC942}") = "libcrypto.142.Win32", "Build\libcrypto.142.Win32\libcrypto.142.Win32.vcxproj", "{9C459B54-E085-42F3-A671-7F55C2994048}"
EndProject
Project("{8BC9CEB8-8B4A-11D0-8D11-00A0C91BC942}") = "libssl.142.Win32", "Build\libssl.142.Win32\libssl.142.Win32.vcxproj", "{23104CDA-C598-4D41-B7FF-70405B2871EC}"
EndProject
Project("{2150E333-8FDC-42A3-9474-1A3956D46DE8}") = "GDK", "GDK", "{9C8A0D94-F592-46D7-9491-1E464C6A8166}"
EndProject
Project("{8BC9CEB8-8B4A-11D0-8D11-00A0C91BC942}") = "WebSocketEchoServer", "Samples\WebSocketEchoServer\WebSocketEchoServer.vcxproj", "{267629EF-20A2-4FFB-8DC8-A8534E98FCEB}"
EndProject
Project("{8BC9CEB8-8B4A-11D0-8D11-00A0C91BC942}") = "libHttpClient.GDK", "Build\libHttpClient.GDK\libHttpClient.GDK.vcxitems", "{8CA3B500-0D89-4DB1-BA8B-98AEB468CA13}"
EndProject
Project("{8BC9CEB8-8B4A-11D0-8D11-00A0C91BC942}") = "libHttpClient.Common", "Build\libHttpClient.Common\libHttpClient.Common.vcxitems", "{673E9758-FAFE-4F91-8FC1-ADDDA12C5DE5}"
EndProject
Project("{8BC9CEB8-8B4A-11D0-8D11-00A0C91BC942}") = "libHttpClient.UnitTest.TE", "Build\libHttpClient.UnitTest.TE\libHttpClient.UnitTest.TE.vcxproj", "{9DD2BA60-6505-493A-8C41-8085C44E9F1F}"
EndProject
Project("{8BC9CEB8-8B4A-11D0-8D11-00A0C91BC942}") = "libHttpClient.UnitTest", "Build\libHttpClient.UnitTest\libHttpClient.UnitTest.vcxitems", "{8EF7009A-36CF-4D82-9FB7-6D69154893CF}"
EndProject
Project("{8BC9CEB8-8B4A-11D0-8D11-00A0C91BC942}") = "libHttpClient.UnitTest.TAEF", "Build\libHttpClient.UnitTest.TAEF\libHttpClient.UnitTest.TAEF.vcxproj", "{E885BB30-F51E-4BAB-9300-4B303144BB49}"
EndProject
Project("{8BC9CEB8-8B4A-11D0-8D11-00A0C91BC942}") = "libHttpClient.UWP", "Build\libHttpClient.UWP\libHttpClient.UWP.vcxitems", "{47564F2B-9ED7-4527-997A-5D76C36998D1}"
EndProject
Project("{8BC9CEB8-8B4A-11D0-8D11-00A0C91BC942}") = "Http", "Samples\UWP-Http\Http.vcxproj", "{2DFBBF3A-6D4B-4FF8-BD01-C9527A1FE0AC}"
EndProject
Project("{8BC9CEB8-8B4A-11D0-8D11-00A0C91BC942}") = "WebSocket", "Samples\UWP-WebSocket\WebSocket.vcxproj", "{99542110-3CCD-4525-B607-DB8F6E76AEAC}"
EndProject
Project("{8BC9CEB8-8B4A-11D0-8D11-00A0C91BC942}") = "Win32WebSocket", "Samples\Win32WebSocket\Win32WebSocket.vcxproj", "{591520A6-680D-4AD7-AACB-8C2C877F8BAE}"
EndProject
Project("{8BC9CEB8-8B4A-11D0-8D11-00A0C91BC942}") = "Win32Http", "Samples\Win32-Http\Win32Http.vcxproj", "{00867B85-BAE6-4129-85EA-18CCFA002E00}"
EndProject
Project("{8BC9CEB8-8B4A-11D0-8D11-00A0C91BC942}") = "libHttpClient.Win32", "Build\libHttpClient.Win32\libHttpClient.Win32.vcxitems", "{D980F91B-92BF-4CC4-89FD-1CD99DBA870F}"
EndProject
Project("{8BC9CEB8-8B4A-11D0-8D11-00A0C91BC942}") = "libssl.Win32", "Build\libssl.Win32\libssl.Win32.vcxitems", "{097E9D46-215E-43AE-B8DF-339EDF537EB6}"
EndProject
Project("{8BC9CEB8-8B4A-11D0-8D11-00A0C91BC942}") = "libcrypto.Win32", "Build\libcrypto.Win32\libcrypto.Win32.vcxitems", "{D01BF0FD-D450-41DC-BFA4-62468528B91E}"
EndProject
Project("{8BC9CEB8-8B4A-11D0-8D11-00A0C91BC942}") = "libHttpClient.142.GDK.C", "Build\libHttpClient.142.GDK.C\libHttpClient.142.GDK.C.vcxproj", "{66365E18-7B53-44BF-A348-6735058E359E}"
EndProject
Project("{2150E333-8FDC-42A3-9474-1A3956D46DE8}") = "Props", "Props", "{D6E41401-0494-4B9D-9E5E-3C3E2DA928B0}"
	ProjectSection(SolutionItems) = preProject
		Build\libHttpClient.gdk.bwoi.props = Build\libHttpClient.gdk.bwoi.props
		Build\libHttpClient.GDK.props = Build\libHttpClient.GDK.props
		Build\libHttpClient.paths.props = Build\libHttpClient.paths.props
		libHttpClient.props = libHttpClient.props
		Build\libHttpClient.UWP.props = Build\libHttpClient.UWP.props
		Build\libHttpClient.Win32.props = Build\libHttpClient.Win32.props
		Build\openssl.import.props = Build\openssl.import.props
		platform_select.props = platform_select.props
	EndProjectSection
EndProject
Project("{8BC9CEB8-8B4A-11D0-8D11-00A0C91BC942}") = "libHttpClient.Zlib", "Build\libHttpClient.Zlib\libHttpClient.Zlib.vcxitems", "{F9061DCA-255B-4D5E-8DF5-4AFBFB4B98EF}"
EndProject
Global
	GlobalSection(SolutionConfigurationPlatforms) = preSolution
		Debug|ARM = Debug|ARM
		Debug|ARM64 = Debug|ARM64
		Debug|Gaming.Desktop.x64 = Debug|Gaming.Desktop.x64
		Debug|x64 = Debug|x64
		Debug|x86 = Debug|x86
		Release|ARM = Release|ARM
		Release|ARM64 = Release|ARM64
		Release|Gaming.Desktop.x64 = Release|Gaming.Desktop.x64
		Release|x64 = Release|x64
		Release|x86 = Release|x86
	EndGlobalSection
	GlobalSection(ProjectConfigurationPlatforms) = postSolution
		{961F48EA-33A9-47F1-9C96-715D6094D79B}.Debug|ARM.ActiveCfg = Debug|ARM
		{961F48EA-33A9-47F1-9C96-715D6094D79B}.Debug|ARM.Build.0 = Debug|ARM
		{961F48EA-33A9-47F1-9C96-715D6094D79B}.Debug|ARM64.ActiveCfg = Debug|ARM64
		{961F48EA-33A9-47F1-9C96-715D6094D79B}.Debug|ARM64.Build.0 = Debug|ARM64
		{961F48EA-33A9-47F1-9C96-715D6094D79B}.Debug|Gaming.Desktop.x64.ActiveCfg = Debug|Win32
		{961F48EA-33A9-47F1-9C96-715D6094D79B}.Debug|x64.ActiveCfg = Debug|x64
		{961F48EA-33A9-47F1-9C96-715D6094D79B}.Debug|x64.Build.0 = Debug|x64
		{961F48EA-33A9-47F1-9C96-715D6094D79B}.Debug|x86.ActiveCfg = Debug|Win32
		{961F48EA-33A9-47F1-9C96-715D6094D79B}.Debug|x86.Build.0 = Debug|Win32
		{961F48EA-33A9-47F1-9C96-715D6094D79B}.Release|ARM.ActiveCfg = Release|ARM
		{961F48EA-33A9-47F1-9C96-715D6094D79B}.Release|ARM.Build.0 = Release|ARM
		{961F48EA-33A9-47F1-9C96-715D6094D79B}.Release|ARM64.ActiveCfg = Release|ARM64
		{961F48EA-33A9-47F1-9C96-715D6094D79B}.Release|ARM64.Build.0 = Release|ARM64
		{961F48EA-33A9-47F1-9C96-715D6094D79B}.Release|Gaming.Desktop.x64.ActiveCfg = Release|Win32
		{961F48EA-33A9-47F1-9C96-715D6094D79B}.Release|x64.ActiveCfg = Release|x64
		{961F48EA-33A9-47F1-9C96-715D6094D79B}.Release|x64.Build.0 = Release|x64
		{961F48EA-33A9-47F1-9C96-715D6094D79B}.Release|x86.ActiveCfg = Release|Win32
		{961F48EA-33A9-47F1-9C96-715D6094D79B}.Release|x86.Build.0 = Release|Win32
		{53C69CF3-B0B8-4A64-B178-0E9370737F70}.Debug|ARM.ActiveCfg = Debug|ARM
		{53C69CF3-B0B8-4A64-B178-0E9370737F70}.Debug|ARM.Build.0 = Debug|ARM
		{53C69CF3-B0B8-4A64-B178-0E9370737F70}.Debug|ARM64.ActiveCfg = Debug|ARM64
		{53C69CF3-B0B8-4A64-B178-0E9370737F70}.Debug|ARM64.Build.0 = Debug|ARM64
		{53C69CF3-B0B8-4A64-B178-0E9370737F70}.Debug|Gaming.Desktop.x64.ActiveCfg = Debug|Win32
		{53C69CF3-B0B8-4A64-B178-0E9370737F70}.Debug|x64.ActiveCfg = Debug|x64
		{53C69CF3-B0B8-4A64-B178-0E9370737F70}.Debug|x64.Build.0 = Debug|x64
		{53C69CF3-B0B8-4A64-B178-0E9370737F70}.Debug|x86.ActiveCfg = Debug|Win32
		{53C69CF3-B0B8-4A64-B178-0E9370737F70}.Debug|x86.Build.0 = Debug|Win32
		{53C69CF3-B0B8-4A64-B178-0E9370737F70}.Release|ARM.ActiveCfg = Release|ARM
		{53C69CF3-B0B8-4A64-B178-0E9370737F70}.Release|ARM.Build.0 = Release|ARM
		{53C69CF3-B0B8-4A64-B178-0E9370737F70}.Release|ARM64.ActiveCfg = Release|ARM64
		{53C69CF3-B0B8-4A64-B178-0E9370737F70}.Release|ARM64.Build.0 = Release|ARM64
		{53C69CF3-B0B8-4A64-B178-0E9370737F70}.Release|Gaming.Desktop.x64.ActiveCfg = Release|Win32
		{53C69CF3-B0B8-4A64-B178-0E9370737F70}.Release|x64.ActiveCfg = Release|x64
		{53C69CF3-B0B8-4A64-B178-0E9370737F70}.Release|x64.Build.0 = Release|x64
		{53C69CF3-B0B8-4A64-B178-0E9370737F70}.Release|x86.ActiveCfg = Release|Win32
		{53C69CF3-B0B8-4A64-B178-0E9370737F70}.Release|x86.Build.0 = Release|Win32
		{9C459B54-E085-42F3-A671-7F55C2994048}.Debug|ARM.ActiveCfg = Debug|ARM
		{9C459B54-E085-42F3-A671-7F55C2994048}.Debug|ARM.Build.0 = Debug|ARM
		{9C459B54-E085-42F3-A671-7F55C2994048}.Debug|ARM64.ActiveCfg = Debug|ARM64
		{9C459B54-E085-42F3-A671-7F55C2994048}.Debug|ARM64.Build.0 = Debug|ARM64
		{9C459B54-E085-42F3-A671-7F55C2994048}.Debug|Gaming.Desktop.x64.ActiveCfg = Debug|Win32
		{9C459B54-E085-42F3-A671-7F55C2994048}.Debug|x64.ActiveCfg = Debug|x64
		{9C459B54-E085-42F3-A671-7F55C2994048}.Debug|x64.Build.0 = Debug|x64
		{9C459B54-E085-42F3-A671-7F55C2994048}.Debug|x86.ActiveCfg = Debug|Win32
		{9C459B54-E085-42F3-A671-7F55C2994048}.Debug|x86.Build.0 = Debug|Win32
		{9C459B54-E085-42F3-A671-7F55C2994048}.Release|ARM.ActiveCfg = Release|ARM
		{9C459B54-E085-42F3-A671-7F55C2994048}.Release|ARM.Build.0 = Release|ARM
		{9C459B54-E085-42F3-A671-7F55C2994048}.Release|ARM64.ActiveCfg = Release|ARM64
		{9C459B54-E085-42F3-A671-7F55C2994048}.Release|ARM64.Build.0 = Release|ARM64
		{9C459B54-E085-42F3-A671-7F55C2994048}.Release|Gaming.Desktop.x64.ActiveCfg = Release|Win32
		{9C459B54-E085-42F3-A671-7F55C2994048}.Release|x64.ActiveCfg = Release|x64
		{9C459B54-E085-42F3-A671-7F55C2994048}.Release|x64.Build.0 = Release|x64
		{9C459B54-E085-42F3-A671-7F55C2994048}.Release|x86.ActiveCfg = Release|Win32
		{9C459B54-E085-42F3-A671-7F55C2994048}.Release|x86.Build.0 = Release|Win32
		{23104CDA-C598-4D41-B7FF-70405B2871EC}.Debug|ARM.ActiveCfg = Debug|ARM
		{23104CDA-C598-4D41-B7FF-70405B2871EC}.Debug|ARM.Build.0 = Debug|ARM
		{23104CDA-C598-4D41-B7FF-70405B2871EC}.Debug|ARM64.ActiveCfg = Debug|ARM64
		{23104CDA-C598-4D41-B7FF-70405B2871EC}.Debug|ARM64.Build.0 = Debug|ARM64
		{23104CDA-C598-4D41-B7FF-70405B2871EC}.Debug|Gaming.Desktop.x64.ActiveCfg = Debug|Win32
		{23104CDA-C598-4D41-B7FF-70405B2871EC}.Debug|x64.ActiveCfg = Debug|x64
		{23104CDA-C598-4D41-B7FF-70405B2871EC}.Debug|x64.Build.0 = Debug|x64
		{23104CDA-C598-4D41-B7FF-70405B2871EC}.Debug|x86.ActiveCfg = Debug|Win32
		{23104CDA-C598-4D41-B7FF-70405B2871EC}.Debug|x86.Build.0 = Debug|Win32
		{23104CDA-C598-4D41-B7FF-70405B2871EC}.Release|ARM.ActiveCfg = Release|ARM
		{23104CDA-C598-4D41-B7FF-70405B2871EC}.Release|ARM.Build.0 = Release|ARM
		{23104CDA-C598-4D41-B7FF-70405B2871EC}.Release|ARM64.ActiveCfg = Release|ARM64
		{23104CDA-C598-4D41-B7FF-70405B2871EC}.Release|ARM64.Build.0 = Release|ARM64
		{23104CDA-C598-4D41-B7FF-70405B2871EC}.Release|Gaming.Desktop.x64.ActiveCfg = Release|Win32
		{23104CDA-C598-4D41-B7FF-70405B2871EC}.Release|x64.ActiveCfg = Release|x64
		{23104CDA-C598-4D41-B7FF-70405B2871EC}.Release|x64.Build.0 = Release|x64
		{23104CDA-C598-4D41-B7FF-70405B2871EC}.Release|x86.ActiveCfg = Release|Win32
		{23104CDA-C598-4D41-B7FF-70405B2871EC}.Release|x86.Build.0 = Release|Win32
		{267629EF-20A2-4FFB-8DC8-A8534E98FCEB}.Debug|ARM.ActiveCfg = Debug|ARM
		{267629EF-20A2-4FFB-8DC8-A8534E98FCEB}.Debug|ARM.Build.0 = Debug|ARM
		{267629EF-20A2-4FFB-8DC8-A8534E98FCEB}.Debug|ARM64.ActiveCfg = Debug|ARM64
		{267629EF-20A2-4FFB-8DC8-A8534E98FCEB}.Debug|ARM64.Build.0 = Debug|ARM64
		{267629EF-20A2-4FFB-8DC8-A8534E98FCEB}.Debug|Gaming.Desktop.x64.ActiveCfg = Debug|Win32
		{267629EF-20A2-4FFB-8DC8-A8534E98FCEB}.Debug|x64.ActiveCfg = Debug|x64
		{267629EF-20A2-4FFB-8DC8-A8534E98FCEB}.Debug|x64.Build.0 = Debug|x64
		{267629EF-20A2-4FFB-8DC8-A8534E98FCEB}.Debug|x86.ActiveCfg = Debug|Win32
		{267629EF-20A2-4FFB-8DC8-A8534E98FCEB}.Debug|x86.Build.0 = Debug|Win32
		{267629EF-20A2-4FFB-8DC8-A8534E98FCEB}.Release|ARM.ActiveCfg = Release|ARM
		{267629EF-20A2-4FFB-8DC8-A8534E98FCEB}.Release|ARM.Build.0 = Release|ARM
		{267629EF-20A2-4FFB-8DC8-A8534E98FCEB}.Release|ARM64.ActiveCfg = Release|ARM64
		{267629EF-20A2-4FFB-8DC8-A8534E98FCEB}.Release|ARM64.Build.0 = Release|ARM64
		{267629EF-20A2-4FFB-8DC8-A8534E98FCEB}.Release|Gaming.Desktop.x64.ActiveCfg = Release|Win32
		{267629EF-20A2-4FFB-8DC8-A8534E98FCEB}.Release|x64.ActiveCfg = Release|x64
		{267629EF-20A2-4FFB-8DC8-A8534E98FCEB}.Release|x64.Build.0 = Release|x64
		{267629EF-20A2-4FFB-8DC8-A8534E98FCEB}.Release|x86.ActiveCfg = Release|Win32
		{267629EF-20A2-4FFB-8DC8-A8534E98FCEB}.Release|x86.Build.0 = Release|Win32
		{9DD2BA60-6505-493A-8C41-8085C44E9F1F}.Debug|ARM.ActiveCfg = Debug|ARM
		{9DD2BA60-6505-493A-8C41-8085C44E9F1F}.Debug|ARM.Build.0 = Debug|ARM
		{9DD2BA60-6505-493A-8C41-8085C44E9F1F}.Debug|ARM64.ActiveCfg = Debug|ARM64
		{9DD2BA60-6505-493A-8C41-8085C44E9F1F}.Debug|ARM64.Build.0 = Debug|ARM64
		{9DD2BA60-6505-493A-8C41-8085C44E9F1F}.Debug|Gaming.Desktop.x64.ActiveCfg = Debug|Win32
		{9DD2BA60-6505-493A-8C41-8085C44E9F1F}.Debug|x64.ActiveCfg = Debug|x64
		{9DD2BA60-6505-493A-8C41-8085C44E9F1F}.Debug|x64.Build.0 = Debug|x64
		{9DD2BA60-6505-493A-8C41-8085C44E9F1F}.Debug|x86.ActiveCfg = Debug|Win32
		{9DD2BA60-6505-493A-8C41-8085C44E9F1F}.Debug|x86.Build.0 = Debug|Win32
		{9DD2BA60-6505-493A-8C41-8085C44E9F1F}.Release|ARM.ActiveCfg = Release|ARM
		{9DD2BA60-6505-493A-8C41-8085C44E9F1F}.Release|ARM.Build.0 = Release|ARM
		{9DD2BA60-6505-493A-8C41-8085C44E9F1F}.Release|ARM64.ActiveCfg = Release|ARM64
		{9DD2BA60-6505-493A-8C41-8085C44E9F1F}.Release|ARM64.Build.0 = Release|ARM64
		{9DD2BA60-6505-493A-8C41-8085C44E9F1F}.Release|Gaming.Desktop.x64.ActiveCfg = Release|Win32
		{9DD2BA60-6505-493A-8C41-8085C44E9F1F}.Release|x64.ActiveCfg = Release|x64
		{9DD2BA60-6505-493A-8C41-8085C44E9F1F}.Release|x64.Build.0 = Release|x64
		{9DD2BA60-6505-493A-8C41-8085C44E9F1F}.Release|x86.ActiveCfg = Release|Win32
		{9DD2BA60-6505-493A-8C41-8085C44E9F1F}.Release|x86.Build.0 = Release|Win32
		{E885BB30-F51E-4BAB-9300-4B303144BB49}.Debug|ARM.ActiveCfg = Debug|ARM
		{E885BB30-F51E-4BAB-9300-4B303144BB49}.Debug|ARM.Build.0 = Debug|ARM
		{E885BB30-F51E-4BAB-9300-4B303144BB49}.Debug|ARM64.ActiveCfg = Debug|ARM64
		{E885BB30-F51E-4BAB-9300-4B303144BB49}.Debug|ARM64.Build.0 = Debug|ARM64
		{E885BB30-F51E-4BAB-9300-4B303144BB49}.Debug|Gaming.Desktop.x64.ActiveCfg = Debug|Win32
		{E885BB30-F51E-4BAB-9300-4B303144BB49}.Debug|x64.ActiveCfg = Debug|x64
		{E885BB30-F51E-4BAB-9300-4B303144BB49}.Debug|x64.Build.0 = Debug|x64
		{E885BB30-F51E-4BAB-9300-4B303144BB49}.Debug|x86.ActiveCfg = Debug|Win32
		{E885BB30-F51E-4BAB-9300-4B303144BB49}.Debug|x86.Build.0 = Debug|Win32
		{E885BB30-F51E-4BAB-9300-4B303144BB49}.Release|ARM.ActiveCfg = Release|ARM
		{E885BB30-F51E-4BAB-9300-4B303144BB49}.Release|ARM.Build.0 = Release|ARM
		{E885BB30-F51E-4BAB-9300-4B303144BB49}.Release|ARM64.ActiveCfg = Release|ARM64
		{E885BB30-F51E-4BAB-9300-4B303144BB49}.Release|ARM64.Build.0 = Release|ARM64
		{E885BB30-F51E-4BAB-9300-4B303144BB49}.Release|Gaming.Desktop.x64.ActiveCfg = Release|Win32
		{E885BB30-F51E-4BAB-9300-4B303144BB49}.Release|x64.ActiveCfg = Release|x64
		{E885BB30-F51E-4BAB-9300-4B303144BB49}.Release|x64.Build.0 = Release|x64
		{E885BB30-F51E-4BAB-9300-4B303144BB49}.Release|x86.ActiveCfg = Release|Win32
		{E885BB30-F51E-4BAB-9300-4B303144BB49}.Release|x86.Build.0 = Release|Win32
		{2DFBBF3A-6D4B-4FF8-BD01-C9527A1FE0AC}.Debug|ARM.ActiveCfg = Debug|ARM
		{2DFBBF3A-6D4B-4FF8-BD01-C9527A1FE0AC}.Debug|ARM.Build.0 = Debug|ARM
		{2DFBBF3A-6D4B-4FF8-BD01-C9527A1FE0AC}.Debug|ARM.Deploy.0 = Debug|ARM
		{2DFBBF3A-6D4B-4FF8-BD01-C9527A1FE0AC}.Debug|ARM64.ActiveCfg = Debug|ARM64
		{2DFBBF3A-6D4B-4FF8-BD01-C9527A1FE0AC}.Debug|ARM64.Build.0 = Debug|ARM64
		{2DFBBF3A-6D4B-4FF8-BD01-C9527A1FE0AC}.Debug|ARM64.Deploy.0 = Debug|ARM64
		{2DFBBF3A-6D4B-4FF8-BD01-C9527A1FE0AC}.Debug|Gaming.Desktop.x64.ActiveCfg = Debug|Win32
		{2DFBBF3A-6D4B-4FF8-BD01-C9527A1FE0AC}.Debug|x64.ActiveCfg = Debug|x64
		{2DFBBF3A-6D4B-4FF8-BD01-C9527A1FE0AC}.Debug|x64.Build.0 = Debug|x64
		{2DFBBF3A-6D4B-4FF8-BD01-C9527A1FE0AC}.Debug|x64.Deploy.0 = Debug|x64
		{2DFBBF3A-6D4B-4FF8-BD01-C9527A1FE0AC}.Debug|x86.ActiveCfg = Debug|Win32
		{2DFBBF3A-6D4B-4FF8-BD01-C9527A1FE0AC}.Debug|x86.Build.0 = Debug|Win32
		{2DFBBF3A-6D4B-4FF8-BD01-C9527A1FE0AC}.Debug|x86.Deploy.0 = Debug|Win32
		{2DFBBF3A-6D4B-4FF8-BD01-C9527A1FE0AC}.Release|ARM.ActiveCfg = Release|ARM
		{2DFBBF3A-6D4B-4FF8-BD01-C9527A1FE0AC}.Release|ARM.Build.0 = Release|ARM
		{2DFBBF3A-6D4B-4FF8-BD01-C9527A1FE0AC}.Release|ARM.Deploy.0 = Release|ARM
		{2DFBBF3A-6D4B-4FF8-BD01-C9527A1FE0AC}.Release|ARM64.ActiveCfg = Release|ARM64
		{2DFBBF3A-6D4B-4FF8-BD01-C9527A1FE0AC}.Release|ARM64.Build.0 = Release|ARM64
		{2DFBBF3A-6D4B-4FF8-BD01-C9527A1FE0AC}.Release|ARM64.Deploy.0 = Release|ARM64
		{2DFBBF3A-6D4B-4FF8-BD01-C9527A1FE0AC}.Release|Gaming.Desktop.x64.ActiveCfg = Release|Win32
		{2DFBBF3A-6D4B-4FF8-BD01-C9527A1FE0AC}.Release|x64.ActiveCfg = Release|x64
		{2DFBBF3A-6D4B-4FF8-BD01-C9527A1FE0AC}.Release|x64.Build.0 = Release|x64
		{2DFBBF3A-6D4B-4FF8-BD01-C9527A1FE0AC}.Release|x64.Deploy.0 = Release|x64
		{2DFBBF3A-6D4B-4FF8-BD01-C9527A1FE0AC}.Release|x86.ActiveCfg = Release|Win32
		{2DFBBF3A-6D4B-4FF8-BD01-C9527A1FE0AC}.Release|x86.Build.0 = Release|Win32
		{2DFBBF3A-6D4B-4FF8-BD01-C9527A1FE0AC}.Release|x86.Deploy.0 = Release|Win32
		{99542110-3CCD-4525-B607-DB8F6E76AEAC}.Debug|ARM.ActiveCfg = Debug|ARM
		{99542110-3CCD-4525-B607-DB8F6E76AEAC}.Debug|ARM.Build.0 = Debug|ARM
		{99542110-3CCD-4525-B607-DB8F6E76AEAC}.Debug|ARM.Deploy.0 = Debug|ARM
		{99542110-3CCD-4525-B607-DB8F6E76AEAC}.Debug|ARM64.ActiveCfg = Debug|ARM64
		{99542110-3CCD-4525-B607-DB8F6E76AEAC}.Debug|ARM64.Build.0 = Debug|ARM64
		{99542110-3CCD-4525-B607-DB8F6E76AEAC}.Debug|ARM64.Deploy.0 = Debug|ARM64
		{99542110-3CCD-4525-B607-DB8F6E76AEAC}.Debug|Gaming.Desktop.x64.ActiveCfg = Debug|Win32
		{99542110-3CCD-4525-B607-DB8F6E76AEAC}.Debug|x64.ActiveCfg = Debug|x64
		{99542110-3CCD-4525-B607-DB8F6E76AEAC}.Debug|x64.Build.0 = Debug|x64
		{99542110-3CCD-4525-B607-DB8F6E76AEAC}.Debug|x64.Deploy.0 = Debug|x64
		{99542110-3CCD-4525-B607-DB8F6E76AEAC}.Debug|x86.ActiveCfg = Debug|Win32
		{99542110-3CCD-4525-B607-DB8F6E76AEAC}.Debug|x86.Build.0 = Debug|Win32
		{99542110-3CCD-4525-B607-DB8F6E76AEAC}.Debug|x86.Deploy.0 = Debug|Win32
		{99542110-3CCD-4525-B607-DB8F6E76AEAC}.Release|ARM.ActiveCfg = Release|ARM
		{99542110-3CCD-4525-B607-DB8F6E76AEAC}.Release|ARM.Build.0 = Release|ARM
		{99542110-3CCD-4525-B607-DB8F6E76AEAC}.Release|ARM.Deploy.0 = Release|ARM
		{99542110-3CCD-4525-B607-DB8F6E76AEAC}.Release|ARM64.ActiveCfg = Release|ARM64
		{99542110-3CCD-4525-B607-DB8F6E76AEAC}.Release|ARM64.Build.0 = Release|ARM64
		{99542110-3CCD-4525-B607-DB8F6E76AEAC}.Release|ARM64.Deploy.0 = Release|ARM64
		{99542110-3CCD-4525-B607-DB8F6E76AEAC}.Release|Gaming.Desktop.x64.ActiveCfg = Release|Win32
		{99542110-3CCD-4525-B607-DB8F6E76AEAC}.Release|x64.ActiveCfg = Release|x64
		{99542110-3CCD-4525-B607-DB8F6E76AEAC}.Release|x64.Build.0 = Release|x64
		{99542110-3CCD-4525-B607-DB8F6E76AEAC}.Release|x64.Deploy.0 = Release|x64
		{99542110-3CCD-4525-B607-DB8F6E76AEAC}.Release|x86.ActiveCfg = Release|Win32
		{99542110-3CCD-4525-B607-DB8F6E76AEAC}.Release|x86.Build.0 = Release|Win32
		{99542110-3CCD-4525-B607-DB8F6E76AEAC}.Release|x86.Deploy.0 = Release|Win32
		{591520A6-680D-4AD7-AACB-8C2C877F8BAE}.Debug|ARM.ActiveCfg = Debug|ARM
		{591520A6-680D-4AD7-AACB-8C2C877F8BAE}.Debug|ARM.Build.0 = Debug|ARM
		{591520A6-680D-4AD7-AACB-8C2C877F8BAE}.Debug|ARM64.ActiveCfg = Debug|ARM64
		{591520A6-680D-4AD7-AACB-8C2C877F8BAE}.Debug|ARM64.Build.0 = Debug|ARM64
		{591520A6-680D-4AD7-AACB-8C2C877F8BAE}.Debug|Gaming.Desktop.x64.ActiveCfg = Debug|Win32
		{591520A6-680D-4AD7-AACB-8C2C877F8BAE}.Debug|x64.ActiveCfg = Debug|x64
		{591520A6-680D-4AD7-AACB-8C2C877F8BAE}.Debug|x64.Build.0 = Debug|x64
		{591520A6-680D-4AD7-AACB-8C2C877F8BAE}.Debug|x86.ActiveCfg = Debug|Win32
		{591520A6-680D-4AD7-AACB-8C2C877F8BAE}.Debug|x86.Build.0 = Debug|Win32
		{591520A6-680D-4AD7-AACB-8C2C877F8BAE}.Release|ARM.ActiveCfg = Release|ARM
		{591520A6-680D-4AD7-AACB-8C2C877F8BAE}.Release|ARM.Build.0 = Release|ARM
		{591520A6-680D-4AD7-AACB-8C2C877F8BAE}.Release|ARM64.ActiveCfg = Release|ARM64
		{591520A6-680D-4AD7-AACB-8C2C877F8BAE}.Release|ARM64.Build.0 = Release|ARM64
		{591520A6-680D-4AD7-AACB-8C2C877F8BAE}.Release|Gaming.Desktop.x64.ActiveCfg = Release|Win32
		{591520A6-680D-4AD7-AACB-8C2C877F8BAE}.Release|x64.ActiveCfg = Release|x64
		{591520A6-680D-4AD7-AACB-8C2C877F8BAE}.Release|x64.Build.0 = Release|x64
		{591520A6-680D-4AD7-AACB-8C2C877F8BAE}.Release|x86.ActiveCfg = Release|Win32
		{591520A6-680D-4AD7-AACB-8C2C877F8BAE}.Release|x86.Build.0 = Release|Win32
		{00867B85-BAE6-4129-85EA-18CCFA002E00}.Debug|ARM.ActiveCfg = Debug|ARM
		{00867B85-BAE6-4129-85EA-18CCFA002E00}.Debug|ARM.Build.0 = Debug|ARM
		{00867B85-BAE6-4129-85EA-18CCFA002E00}.Debug|ARM64.ActiveCfg = Debug|ARM64
		{00867B85-BAE6-4129-85EA-18CCFA002E00}.Debug|ARM64.Build.0 = Debug|ARM64
		{00867B85-BAE6-4129-85EA-18CCFA002E00}.Debug|Gaming.Desktop.x64.ActiveCfg = Debug|Win32
		{00867B85-BAE6-4129-85EA-18CCFA002E00}.Debug|x64.ActiveCfg = Debug|x64
		{00867B85-BAE6-4129-85EA-18CCFA002E00}.Debug|x64.Build.0 = Debug|x64
		{00867B85-BAE6-4129-85EA-18CCFA002E00}.Debug|x86.ActiveCfg = Debug|Win32
		{00867B85-BAE6-4129-85EA-18CCFA002E00}.Debug|x86.Build.0 = Debug|Win32
		{00867B85-BAE6-4129-85EA-18CCFA002E00}.Release|ARM.ActiveCfg = Release|ARM
		{00867B85-BAE6-4129-85EA-18CCFA002E00}.Release|ARM.Build.0 = Release|ARM
		{00867B85-BAE6-4129-85EA-18CCFA002E00}.Release|ARM64.ActiveCfg = Release|ARM64
		{00867B85-BAE6-4129-85EA-18CCFA002E00}.Release|ARM64.Build.0 = Release|ARM64
		{00867B85-BAE6-4129-85EA-18CCFA002E00}.Release|Gaming.Desktop.x64.ActiveCfg = Release|Win32
		{00867B85-BAE6-4129-85EA-18CCFA002E00}.Release|x64.ActiveCfg = Release|x64
		{00867B85-BAE6-4129-85EA-18CCFA002E00}.Release|x64.Build.0 = Release|x64
		{00867B85-BAE6-4129-85EA-18CCFA002E00}.Release|x86.ActiveCfg = Release|Win32
		{00867B85-BAE6-4129-85EA-18CCFA002E00}.Release|x86.Build.0 = Release|Win32
		{66365E18-7B53-44BF-A348-6735058E359E}.Debug|ARM.ActiveCfg = Debug|Gaming.Desktop.x64
		{66365E18-7B53-44BF-A348-6735058E359E}.Debug|ARM64.ActiveCfg = Debug|Gaming.Desktop.x64
		{66365E18-7B53-44BF-A348-6735058E359E}.Debug|Gaming.Desktop.x64.ActiveCfg = Debug|Gaming.Desktop.x64
		{66365E18-7B53-44BF-A348-6735058E359E}.Debug|Gaming.Desktop.x64.Build.0 = Debug|Gaming.Desktop.x64
		{66365E18-7B53-44BF-A348-6735058E359E}.Debug|x64.ActiveCfg = Debug|Gaming.Desktop.x64
		{66365E18-7B53-44BF-A348-6735058E359E}.Debug|x86.ActiveCfg = Debug|Gaming.Desktop.x64
		{66365E18-7B53-44BF-A348-6735058E359E}.Release|ARM.ActiveCfg = Release|Gaming.Desktop.x64
		{66365E18-7B53-44BF-A348-6735058E359E}.Release|ARM64.ActiveCfg = Release|Gaming.Desktop.x64
		{66365E18-7B53-44BF-A348-6735058E359E}.Release|Gaming.Desktop.x64.ActiveCfg = Release|Gaming.Desktop.x64
		{66365E18-7B53-44BF-A348-6735058E359E}.Release|Gaming.Desktop.x64.Build.0 = Release|Gaming.Desktop.x64
		{66365E18-7B53-44BF-A348-6735058E359E}.Release|x64.ActiveCfg = Release|Gaming.Desktop.x64
		{66365E18-7B53-44BF-A348-6735058E359E}.Release|x86.ActiveCfg = Release|Gaming.Desktop.x64
	EndGlobalSection
	GlobalSection(SolutionProperties) = preSolution
		HideSolutionNode = FALSE
	EndGlobalSection
	GlobalSection(NestedProjects) = preSolution
		{961F48EA-33A9-47F1-9C96-715D6094D79B} = {0AA3F7FD-BB7C-4386-8435-F6BABE5EBED3}
		{53C69CF3-B0B8-4A64-B178-0E9370737F70} = {6FB21B4B-86D1-4883-85A2-B51771884ED8}
		{CADB9561-440F-4B5F-BC40-4D569EBF1903} = {0AA3F7FD-BB7C-4386-8435-F6BABE5EBED3}
		{5B7AC447-943C-45D3-AD4E-3A61DA208FD8} = {6FB21B4B-86D1-4883-85A2-B51771884ED8}
		{9C459B54-E085-42F3-A671-7F55C2994048} = {0AA3F7FD-BB7C-4386-8435-F6BABE5EBED3}
		{23104CDA-C598-4D41-B7FF-70405B2871EC} = {0AA3F7FD-BB7C-4386-8435-F6BABE5EBED3}
		{267629EF-20A2-4FFB-8DC8-A8534E98FCEB} = {CADB9561-440F-4B5F-BC40-4D569EBF1903}
		{8CA3B500-0D89-4DB1-BA8B-98AEB468CA13} = {9C8A0D94-F592-46D7-9491-1E464C6A8166}
		{9DD2BA60-6505-493A-8C41-8085C44E9F1F} = {A7CDB1FA-01AE-4507-B54A-BA54F2080A11}
		{8EF7009A-36CF-4D82-9FB7-6D69154893CF} = {A7CDB1FA-01AE-4507-B54A-BA54F2080A11}
		{E885BB30-F51E-4BAB-9300-4B303144BB49} = {A7CDB1FA-01AE-4507-B54A-BA54F2080A11}
		{47564F2B-9ED7-4527-997A-5D76C36998D1} = {6FB21B4B-86D1-4883-85A2-B51771884ED8}
		{2DFBBF3A-6D4B-4FF8-BD01-C9527A1FE0AC} = {5B7AC447-943C-45D3-AD4E-3A61DA208FD8}
		{99542110-3CCD-4525-B607-DB8F6E76AEAC} = {5B7AC447-943C-45D3-AD4E-3A61DA208FD8}
		{591520A6-680D-4AD7-AACB-8C2C877F8BAE} = {CADB9561-440F-4B5F-BC40-4D569EBF1903}
		{00867B85-BAE6-4129-85EA-18CCFA002E00} = {CADB9561-440F-4B5F-BC40-4D569EBF1903}
		{D980F91B-92BF-4CC4-89FD-1CD99DBA870F} = {0AA3F7FD-BB7C-4386-8435-F6BABE5EBED3}
		{097E9D46-215E-43AE-B8DF-339EDF537EB6} = {0AA3F7FD-BB7C-4386-8435-F6BABE5EBED3}
		{D01BF0FD-D450-41DC-BFA4-62468528B91E} = {0AA3F7FD-BB7C-4386-8435-F6BABE5EBED3}
		{66365E18-7B53-44BF-A348-6735058E359E} = {9C8A0D94-F592-46D7-9491-1E464C6A8166}
	EndGlobalSection
	GlobalSection(ExtensibilityGlobals) = postSolution
		SolutionGuid = {973E1528-6B80-4A7E-9534-56E9481AF63A}
	EndGlobalSection
	GlobalSection(SharedMSBuildProjectFiles) = preSolution
		Build\libssl.Win32\libssl.Win32.vcxitems*{097e9d46-215e-43ae-b8df-339edf537eb6}*SharedItemsImports = 9
		Build\libssl.Win32\libssl.Win32.vcxitems*{23104cda-c598-4d41-b7ff-70405b2871ec}*SharedItemsImports = 4
		Build\libHttpClient.UWP\libHttpClient.UWP.vcxitems*{47564f2b-9ed7-4527-997a-5d76c36998d1}*SharedItemsImports = 9
		Build\libHttpClient.Common\libHttpClient.Common.vcxitems*{53c69cf3-b0b8-4a64-b178-0e9370737f70}*SharedItemsImports = 4
		Build\libHttpClient.UWP\libHttpClient.UWP.vcxitems*{53c69cf3-b0b8-4a64-b178-0e9370737f70}*SharedItemsImports = 4
		Build\libHttpClient.XAsync\libHttpClient.XAsync.vcxitems*{53c69cf3-b0b8-4a64-b178-0e9370737f70}*SharedItemsImports = 4
		Build\libHttpClient.Common\libHttpClient.Common.vcxitems*{66365e18-7b53-44bf-a348-6735058e359e}*SharedItemsImports = 4
		Build\libHttpClient.GDK\libHttpClient.GDK.vcxitems*{66365e18-7b53-44bf-a348-6735058e359e}*SharedItemsImports = 4
		Build\libHttpClient.Zlib\libHttpClient.Zlib.vcxitems*{66365e18-7b53-44bf-a348-6735058e359e}*SharedItemsImports = 4
		Build\libHttpClient.Common\libHttpClient.Common.vcxitems*{673e9758-fafe-4f91-8fc1-addda12c5de5}*SharedItemsImports = 9
		Build\libHttpClient.GDK\libHttpClient.GDK.vcxitems*{8ca3b500-0d89-4db1-ba8b-98aeb468ca13}*SharedItemsImports = 9
		Build\libHttpClient.UnitTest\libHttpClient.UnitTest.vcxitems*{8ef7009a-36cf-4d82-9fb7-6d69154893cf}*SharedItemsImports = 9
		Build\libHttpClient.Common\libHttpClient.Common.vcxitems*{961f48ea-33a9-47f1-9c96-715d6094d79b}*SharedItemsImports = 4
		Build\libHttpClient.Win32\libHttpClient.Win32.vcxitems*{961f48ea-33a9-47f1-9c96-715d6094d79b}*SharedItemsImports = 4
		Build\libHttpClient.XAsync\libHttpClient.XAsync.vcxitems*{961f48ea-33a9-47f1-9c96-715d6094d79b}*SharedItemsImports = 4
		Build\libHttpClient.Zlib\libHttpClient.Zlib.vcxitems*{961f48ea-33a9-47f1-9c96-715d6094d79b}*SharedItemsImports = 4
		Build\libcrypto.Win32\libcrypto.Win32.vcxitems*{9c459b54-e085-42f3-a671-7f55c2994048}*SharedItemsImports = 4
		Build\libHttpClient.Common\libHttpClient.Common.vcxitems*{9dd2ba60-6505-493a-8c41-8085c44e9f1f}*SharedItemsImports = 4
		Build\libHttpClient.UnitTest\libHttpClient.UnitTest.vcxitems*{9dd2ba60-6505-493a-8c41-8085c44e9f1f}*SharedItemsImports = 4
		Build\libHttpClient.XAsync\libHttpClient.XAsync.vcxitems*{9dd2ba60-6505-493a-8c41-8085c44e9f1f}*SharedItemsImports = 4
		Build\libcrypto.Win32\libcrypto.Win32.vcxitems*{d01bf0fd-d450-41dc-bfa4-62468528b91e}*SharedItemsImports = 9
		Build\libHttpClient.Win32\libHttpClient.Win32.vcxitems*{d980f91b-92bf-4cc4-89fd-1cd99dba870f}*SharedItemsImports = 9
		Build\libHttpClient.Common\libHttpClient.Common.vcxitems*{e885bb30-f51e-4bab-9300-4b303144bb49}*SharedItemsImports = 4
		Build\libHttpClient.UnitTest\libHttpClient.UnitTest.vcxitems*{e885bb30-f51e-4bab-9300-4b303144bb49}*SharedItemsImports = 4
		Build\libHttpClient.XAsync\libHttpClient.XAsync.vcxitems*{e885bb30-f51e-4bab-9300-4b303144bb49}*SharedItemsImports = 4
		Build\libHttpClient.Zlib\libHttpClient.Zlib.vcxitems*{f9061dca-255b-4d5e-8df5-4afbfb4b98ef}*SharedItemsImports = 9
	EndGlobalSection
EndGlobal
