
Microsoft Visual Studio Solution File, Format Version 12.00
# Visual Studio 15
VisualStudioVersion = 15.0.27703.2047
MinimumVisualStudioVersion = 10.0.40219.1
Project("{2150E333-8FDC-42A3-9474-1A3956D46DE8}") = "Win32", "Win32", "{0AA3F7FD-BB7C-4386-8435-F6BABE5EBED3}"
EndProject
Project("{2150E333-8FDC-42A3-9474-1A3956D46DE8}") = "UWP", "UWP", "{6FB21B4B-86D1-4883-85A2-B51771884ED8}"
EndProject
Project("{2150E333-8FDC-42A3-9474-1A3956D46DE8}") = "XDK", "XDK", "{888A3A17-4FE5-4768-B67E-B4B2B59CF895}"
EndProject
Project("{8BC9CEB8-8B4A-11D0-8D11-00A0C91BC942}") = "libHttpClient.141.Win32.C", "Build\libHttpClient.141.Win32.C\libHttpClient.141.Win32.C.vcxproj", "{9164C6C9-3872-4922-A3E3-3822622D3E71}"
EndProject
Project("{8BC9CEB8-8B4A-11D0-8D11-00A0C91BC942}") = "libHttpClient.141.UWP.C", "Build\libHttpClient.141.UWP.C\libHttpClient.141.UWP.C.vcxproj", "{09B1A97C-FADC-4E06-B962-7C8AE6EA19A3}"
EndProject
Project("{8BC9CEB8-8B4A-11D0-8D11-00A0C91BC942}") = "libHttpClient.141.XDK.C", "Build\libHttpClient.141.XDK.C\libHttpClient.141.XDK.C.vcxproj", "{9E0EB8C2-40CD-448F-9B98-DAF9830EF9AD}"
EndProject
Project("{2150E333-8FDC-42A3-9474-1A3956D46DE8}") = "Samples", "Samples", "{CADB9561-440F-4B5F-BC40-4D569EBF1903}"
EndProject
Project("{8BC9CEB8-8B4A-11D0-8D11-00A0C91BC942}") = "Win32Http", "Samples\Win32-Http\Win32Http.vcxproj", "{00867B85-BAE6-4129-85EA-18CCFA002E00}"
EndProject
Project("{2150E333-8FDC-42A3-9474-1A3956D46DE8}") = "Samples", "Samples", "{5B7AC447-943C-45D3-AD4E-3A61DA208FD8}"
EndProject
Project("{8BC9CEB8-8B4A-11D0-8D11-00A0C91BC942}") = "Http", "Samples\UWP-Http\Http.vcxproj", "{2DFBBF3A-6D4B-4FF8-BD01-C9527A1FE0AC}"
EndProject
Project("{8BC9CEB8-8B4A-11D0-8D11-00A0C91BC942}") = "WebSocket", "Samples\UWP-WebSocket\WebSocket.vcxproj", "{99542110-3CCD-4525-B607-DB8F6E76AEAC}"
EndProject
Project("{2150E333-8FDC-42A3-9474-1A3956D46DE8}") = "Samples", "Samples", "{33FC8ACB-E656-416C-A642-59E3EA1F35F9}"
EndProject
Project("{8BC9CEB8-8B4A-11D0-8D11-00A0C91BC942}") = "Http_2017", "Samples\XDK-Http\Http_2017.vcxproj", "{C9971737-D469-4BEE-901A-6FBB2A3BA7E1}"
EndProject
Project("{8BC9CEB8-8B4A-11D0-8D11-00A0C91BC942}") = "libcrypto.141.Win32", "Build\libcrypto.141.Win32\libcrypto.141.Win32.vcxproj", "{C043DE35-BEED-4FE1-B9D2-B15CB051CC3C}"
EndProject
Project("{8BC9CEB8-8B4A-11D0-8D11-00A0C91BC942}") = "libssl.141.Win32", "Build\libssl.141.Win32\libssl.141.Win32.vcxproj", "{CF4C3985-3F37-45B6-95F7-7602C53F1F21}"
EndProject
Project("{8BC9CEB8-8B4A-11D0-8D11-00A0C91BC942}") = "Win32WebSocket", "Samples\Win32WebSocket\Win32WebSocket.vcxproj", "{591520A6-680D-4AD7-AACB-8C2C877F8BAE}"
EndProject
Project("{8BC9CEB8-8B4A-11D0-8D11-00A0C91BC942}") = "DirectXTK_XboxOneXDK_2017", "Samples\Kits\DirectXTK\DirectXTK_XboxOneXDK_2017.vcxproj", "{4FDFDCCD-EE2E-415C-B458-1E8FDB0D85F2}"
EndProject
Project("{2150E333-8FDC-42A3-9474-1A3956D46DE8}") = "GDK", "GDK", "{3597DD54-9DA3-4C30-B736-9D8AAC04C946}"
EndProject
Project("{8BC9CEB8-8B4A-11D0-8D11-00A0C91BC942}") = "libHttpClient.141.GDK.C", "Build\libHttpClient.141.GDK.C\libHttpClient.141.GDK.C.vcxproj", "{80D8061D-BBEF-414D-8F08-4D8B52C02E85}"
EndProject
Global
	GlobalSection(SolutionConfigurationPlatforms) = preSolution
		Debug|Any CPU = Debug|Any CPU
		Debug|ARM = Debug|ARM
		Debug|ARM64 = Debug|ARM64
		Debug|Durango = Debug|Durango
		Debug|Gaming.Desktop.x64 = Debug|Gaming.Desktop.x64
		Debug|x64 = Debug|x64
		Debug|x86 = Debug|x86
		Profile|Any CPU = Profile|Any CPU
		Profile|ARM = Profile|ARM
		Profile|ARM64 = Profile|ARM64
		Profile|Durango = Profile|Durango
		Profile|Gaming.Desktop.x64 = Profile|Gaming.Desktop.x64
		Profile|x64 = Profile|x64
		Profile|x86 = Profile|x86
		Release|Any CPU = Release|Any CPU
		Release|ARM = Release|ARM
		Release|ARM64 = Release|ARM64
		Release|Durango = Release|Durango
		Release|Gaming.Desktop.x64 = Release|Gaming.Desktop.x64
		Release|x64 = Release|x64
		Release|x86 = Release|x86
	EndGlobalSection
	GlobalSection(ProjectConfigurationPlatforms) = postSolution
		{9164C6C9-3872-4922-A3E3-3822622D3E71}.Debug|Any CPU.ActiveCfg = Debug|Win32
		{9164C6C9-3872-4922-A3E3-3822622D3E71}.Debug|ARM.ActiveCfg = Debug|ARM
		{9164C6C9-3872-4922-A3E3-3822622D3E71}.Debug|ARM64.ActiveCfg = Debug|ARM64
		{9164C6C9-3872-4922-A3E3-3822622D3E71}.Debug|ARM64.Build.0 = Debug|ARM64
		{9164C6C9-3872-4922-A3E3-3822622D3E71}.Debug|Durango.ActiveCfg = Debug|Win32
		{9164C6C9-3872-4922-A3E3-3822622D3E71}.Debug|Gaming.Desktop.x64.ActiveCfg = Debug|Win32
		{9164C6C9-3872-4922-A3E3-3822622D3E71}.Debug|x64.ActiveCfg = Debug|x64
		{9164C6C9-3872-4922-A3E3-3822622D3E71}.Debug|x64.Build.0 = Debug|x64
		{9164C6C9-3872-4922-A3E3-3822622D3E71}.Debug|x86.ActiveCfg = Debug|Win32
		{9164C6C9-3872-4922-A3E3-3822622D3E71}.Debug|x86.Build.0 = Debug|Win32
		{9164C6C9-3872-4922-A3E3-3822622D3E71}.Profile|Any CPU.ActiveCfg = Release|Win32
		{9164C6C9-3872-4922-A3E3-3822622D3E71}.Profile|Any CPU.Build.0 = Release|Win32
		{9164C6C9-3872-4922-A3E3-3822622D3E71}.Profile|ARM.ActiveCfg = Release|ARM
		{9164C6C9-3872-4922-A3E3-3822622D3E71}.Profile|ARM64.ActiveCfg = Release|x64
		{9164C6C9-3872-4922-A3E3-3822622D3E71}.Profile|Durango.ActiveCfg = Release|x64
		{9164C6C9-3872-4922-A3E3-3822622D3E71}.Profile|Gaming.Desktop.x64.ActiveCfg = Release|ARM64
		{9164C6C9-3872-4922-A3E3-3822622D3E71}.Profile|Gaming.Desktop.x64.Build.0 = Release|ARM64
		{9164C6C9-3872-4922-A3E3-3822622D3E71}.Profile|x64.ActiveCfg = Release|x64
		{9164C6C9-3872-4922-A3E3-3822622D3E71}.Profile|x64.Build.0 = Release|x64
		{9164C6C9-3872-4922-A3E3-3822622D3E71}.Profile|x86.ActiveCfg = Release|Win32
		{9164C6C9-3872-4922-A3E3-3822622D3E71}.Profile|x86.Build.0 = Release|Win32
		{9164C6C9-3872-4922-A3E3-3822622D3E71}.Release|Any CPU.ActiveCfg = Release|Win32
		{9164C6C9-3872-4922-A3E3-3822622D3E71}.Release|ARM.ActiveCfg = Release|ARM
		{9164C6C9-3872-4922-A3E3-3822622D3E71}.Release|ARM64.ActiveCfg = Release|ARM64
		{9164C6C9-3872-4922-A3E3-3822622D3E71}.Release|ARM64.Build.0 = Release|ARM64
		{9164C6C9-3872-4922-A3E3-3822622D3E71}.Release|Durango.ActiveCfg = Release|Win32
		{9164C6C9-3872-4922-A3E3-3822622D3E71}.Release|Gaming.Desktop.x64.ActiveCfg = Release|Win32
		{9164C6C9-3872-4922-A3E3-3822622D3E71}.Release|x64.ActiveCfg = Release|x64
		{9164C6C9-3872-4922-A3E3-3822622D3E71}.Release|x64.Build.0 = Release|x64
		{9164C6C9-3872-4922-A3E3-3822622D3E71}.Release|x86.ActiveCfg = Release|Win32
		{9164C6C9-3872-4922-A3E3-3822622D3E71}.Release|x86.Build.0 = Release|Win32
		{09B1A97C-FADC-4E06-B962-7C8AE6EA19A3}.Debug|Any CPU.ActiveCfg = Debug|Win32
		{09B1A97C-FADC-4E06-B962-7C8AE6EA19A3}.Debug|ARM.ActiveCfg = Debug|ARM
		{09B1A97C-FADC-4E06-B962-7C8AE6EA19A3}.Debug|ARM.Build.0 = Debug|ARM
		{09B1A97C-FADC-4E06-B962-7C8AE6EA19A3}.Debug|ARM64.ActiveCfg = Debug|ARM64
		{09B1A97C-FADC-4E06-B962-7C8AE6EA19A3}.Debug|ARM64.Build.0 = Debug|ARM64
		{09B1A97C-FADC-4E06-B962-7C8AE6EA19A3}.Debug|Durango.ActiveCfg = Debug|Win32
		{09B1A97C-FADC-4E06-B962-7C8AE6EA19A3}.Debug|Gaming.Desktop.x64.ActiveCfg = Debug|Win32
		{09B1A97C-FADC-4E06-B962-7C8AE6EA19A3}.Debug|x64.ActiveCfg = Debug|x64
		{09B1A97C-FADC-4E06-B962-7C8AE6EA19A3}.Debug|x64.Build.0 = Debug|x64
		{09B1A97C-FADC-4E06-B962-7C8AE6EA19A3}.Debug|x86.ActiveCfg = Debug|Win32
		{09B1A97C-FADC-4E06-B962-7C8AE6EA19A3}.Debug|x86.Build.0 = Debug|Win32
		{09B1A97C-FADC-4E06-B962-7C8AE6EA19A3}.Profile|Any CPU.ActiveCfg = Release|Win32
		{09B1A97C-FADC-4E06-B962-7C8AE6EA19A3}.Profile|ARM.ActiveCfg = Release|ARM
		{09B1A97C-FADC-4E06-B962-7C8AE6EA19A3}.Profile|ARM.Build.0 = Release|ARM
		{09B1A97C-FADC-4E06-B962-7C8AE6EA19A3}.Profile|ARM64.ActiveCfg = Release|x64
		{09B1A97C-FADC-4E06-B962-7C8AE6EA19A3}.Profile|ARM64.Build.0 = Release|x64
		{09B1A97C-FADC-4E06-B962-7C8AE6EA19A3}.Profile|Durango.ActiveCfg = Release|x64
		{09B1A97C-FADC-4E06-B962-7C8AE6EA19A3}.Profile|Gaming.Desktop.x64.ActiveCfg = Release|ARM64
		{09B1A97C-FADC-4E06-B962-7C8AE6EA19A3}.Profile|Gaming.Desktop.x64.Build.0 = Release|ARM64
		{09B1A97C-FADC-4E06-B962-7C8AE6EA19A3}.Profile|x64.ActiveCfg = Release|x64
		{09B1A97C-FADC-4E06-B962-7C8AE6EA19A3}.Profile|x64.Build.0 = Release|x64
		{09B1A97C-FADC-4E06-B962-7C8AE6EA19A3}.Profile|x86.ActiveCfg = Release|Win32
		{09B1A97C-FADC-4E06-B962-7C8AE6EA19A3}.Profile|x86.Build.0 = Release|Win32
		{09B1A97C-FADC-4E06-B962-7C8AE6EA19A3}.Release|Any CPU.ActiveCfg = Release|Win32
		{09B1A97C-FADC-4E06-B962-7C8AE6EA19A3}.Release|ARM.ActiveCfg = Release|ARM
		{09B1A97C-FADC-4E06-B962-7C8AE6EA19A3}.Release|ARM.Build.0 = Release|ARM
		{09B1A97C-FADC-4E06-B962-7C8AE6EA19A3}.Release|ARM64.ActiveCfg = Release|Win32
		{09B1A97C-FADC-4E06-B962-7C8AE6EA19A3}.Release|ARM64.Build.0 = Release|Win32
		{09B1A97C-FADC-4E06-B962-7C8AE6EA19A3}.Release|Durango.ActiveCfg = Release|Win32
		{09B1A97C-FADC-4E06-B962-7C8AE6EA19A3}.Release|Gaming.Desktop.x64.ActiveCfg = Release|Win32
		{09B1A97C-FADC-4E06-B962-7C8AE6EA19A3}.Release|x64.ActiveCfg = Release|x64
		{09B1A97C-FADC-4E06-B962-7C8AE6EA19A3}.Release|x64.Build.0 = Release|x64
		{09B1A97C-FADC-4E06-B962-7C8AE6EA19A3}.Release|x86.ActiveCfg = Release|Win32
		{09B1A97C-FADC-4E06-B962-7C8AE6EA19A3}.Release|x86.Build.0 = Release|Win32
		{9E0EB8C2-40CD-448F-9B98-DAF9830EF9AD}.Debug|Any CPU.ActiveCfg = Debug|Durango
		{9E0EB8C2-40CD-448F-9B98-DAF9830EF9AD}.Debug|ARM.ActiveCfg = Debug|Durango
		{9E0EB8C2-40CD-448F-9B98-DAF9830EF9AD}.Debug|ARM64.ActiveCfg = Debug|Durango
		{9E0EB8C2-40CD-448F-9B98-DAF9830EF9AD}.Debug|Durango.ActiveCfg = Debug|Durango
		{9E0EB8C2-40CD-448F-9B98-DAF9830EF9AD}.Debug|Durango.Build.0 = Debug|Durango
		{9E0EB8C2-40CD-448F-9B98-DAF9830EF9AD}.Debug|Gaming.Desktop.x64.ActiveCfg = Debug|Durango
		{9E0EB8C2-40CD-448F-9B98-DAF9830EF9AD}.Debug|x64.ActiveCfg = Debug|Durango
		{9E0EB8C2-40CD-448F-9B98-DAF9830EF9AD}.Debug|x86.ActiveCfg = Debug|Durango
		{9E0EB8C2-40CD-448F-9B98-DAF9830EF9AD}.Profile|Any CPU.ActiveCfg = Release|Durango
		{9E0EB8C2-40CD-448F-9B98-DAF9830EF9AD}.Profile|Any CPU.Build.0 = Release|Durango
		{9E0EB8C2-40CD-448F-9B98-DAF9830EF9AD}.Profile|ARM.ActiveCfg = Release|Durango
		{9E0EB8C2-40CD-448F-9B98-DAF9830EF9AD}.Profile|ARM.Build.0 = Release|Durango
		{9E0EB8C2-40CD-448F-9B98-DAF9830EF9AD}.Profile|ARM64.ActiveCfg = Release|Durango
		{9E0EB8C2-40CD-448F-9B98-DAF9830EF9AD}.Profile|ARM64.Build.0 = Release|Durango
		{9E0EB8C2-40CD-448F-9B98-DAF9830EF9AD}.Profile|Durango.ActiveCfg = Release|Durango
		{9E0EB8C2-40CD-448F-9B98-DAF9830EF9AD}.Profile|Durango.Build.0 = Release|Durango
		{9E0EB8C2-40CD-448F-9B98-DAF9830EF9AD}.Profile|Gaming.Desktop.x64.ActiveCfg = Release|Durango
		{9E0EB8C2-40CD-448F-9B98-DAF9830EF9AD}.Profile|x64.ActiveCfg = Release|Durango
		{9E0EB8C2-40CD-448F-9B98-DAF9830EF9AD}.Profile|x64.Build.0 = Release|Durango
		{9E0EB8C2-40CD-448F-9B98-DAF9830EF9AD}.Profile|x86.ActiveCfg = Release|Durango
		{9E0EB8C2-40CD-448F-9B98-DAF9830EF9AD}.Profile|x86.Build.0 = Release|Durango
		{9E0EB8C2-40CD-448F-9B98-DAF9830EF9AD}.Release|Any CPU.ActiveCfg = Release|Durango
		{9E0EB8C2-40CD-448F-9B98-DAF9830EF9AD}.Release|ARM.ActiveCfg = Release|Durango
		{9E0EB8C2-40CD-448F-9B98-DAF9830EF9AD}.Release|ARM64.ActiveCfg = Release|Durango
		{9E0EB8C2-40CD-448F-9B98-DAF9830EF9AD}.Release|Durango.ActiveCfg = Release|Durango
		{9E0EB8C2-40CD-448F-9B98-DAF9830EF9AD}.Release|Durango.Build.0 = Release|Durango
		{9E0EB8C2-40CD-448F-9B98-DAF9830EF9AD}.Release|Gaming.Desktop.x64.ActiveCfg = Release|Durango
		{9E0EB8C2-40CD-448F-9B98-DAF9830EF9AD}.Release|x64.ActiveCfg = Release|Durango
		{9E0EB8C2-40CD-448F-9B98-DAF9830EF9AD}.Release|x86.ActiveCfg = Release|Durango
		{00867B85-BAE6-4129-85EA-18CCFA002E00}.Debug|Any CPU.ActiveCfg = Debug|Win32
		{00867B85-BAE6-4129-85EA-18CCFA002E00}.Debug|ARM.ActiveCfg = Debug|Win32
		{00867B85-BAE6-4129-85EA-18CCFA002E00}.Debug|ARM64.ActiveCfg = Debug|ARM64
		{00867B85-BAE6-4129-85EA-18CCFA002E00}.Debug|ARM64.Build.0 = Debug|ARM64
		{00867B85-BAE6-4129-85EA-18CCFA002E00}.Debug|Durango.ActiveCfg = Debug|Win32
		{00867B85-BAE6-4129-85EA-18CCFA002E00}.Debug|Gaming.Desktop.x64.ActiveCfg = Debug|Win32
		{00867B85-BAE6-4129-85EA-18CCFA002E00}.Debug|x64.ActiveCfg = Debug|x64
		{00867B85-BAE6-4129-85EA-18CCFA002E00}.Debug|x64.Build.0 = Debug|x64
		{00867B85-BAE6-4129-85EA-18CCFA002E00}.Debug|x86.ActiveCfg = Debug|Win32
		{00867B85-BAE6-4129-85EA-18CCFA002E00}.Debug|x86.Build.0 = Debug|Win32
		{00867B85-BAE6-4129-85EA-18CCFA002E00}.Profile|Any CPU.ActiveCfg = Release|Win32
		{00867B85-BAE6-4129-85EA-18CCFA002E00}.Profile|ARM.ActiveCfg = Release|x64
		{00867B85-BAE6-4129-85EA-18CCFA002E00}.Profile|ARM64.ActiveCfg = Release|x64
		{00867B85-BAE6-4129-85EA-18CCFA002E00}.Profile|Durango.ActiveCfg = Release|x64
		{00867B85-BAE6-4129-85EA-18CCFA002E00}.Profile|Gaming.Desktop.x64.ActiveCfg = Release|ARM64
		{00867B85-BAE6-4129-85EA-18CCFA002E00}.Profile|Gaming.Desktop.x64.Build.0 = Release|ARM64
		{00867B85-BAE6-4129-85EA-18CCFA002E00}.Profile|x64.ActiveCfg = Release|x64
		{00867B85-BAE6-4129-85EA-18CCFA002E00}.Profile|x64.Build.0 = Release|x64
		{00867B85-BAE6-4129-85EA-18CCFA002E00}.Profile|x86.ActiveCfg = Release|Win32
		{00867B85-BAE6-4129-85EA-18CCFA002E00}.Profile|x86.Build.0 = Release|Win32
		{00867B85-BAE6-4129-85EA-18CCFA002E00}.Release|Any CPU.ActiveCfg = Release|Win32
		{00867B85-BAE6-4129-85EA-18CCFA002E00}.Release|ARM.ActiveCfg = Release|Win32
		{00867B85-BAE6-4129-85EA-18CCFA002E00}.Release|ARM64.ActiveCfg = Release|ARM64
		{00867B85-BAE6-4129-85EA-18CCFA002E00}.Release|ARM64.Build.0 = Release|ARM64
		{00867B85-BAE6-4129-85EA-18CCFA002E00}.Release|Durango.ActiveCfg = Release|Win32
		{00867B85-BAE6-4129-85EA-18CCFA002E00}.Release|Gaming.Desktop.x64.ActiveCfg = Release|Win32
		{00867B85-BAE6-4129-85EA-18CCFA002E00}.Release|x64.ActiveCfg = Release|x64
		{00867B85-BAE6-4129-85EA-18CCFA002E00}.Release|x64.Build.0 = Release|x64
		{00867B85-BAE6-4129-85EA-18CCFA002E00}.Release|x86.ActiveCfg = Release|Win32
		{00867B85-BAE6-4129-85EA-18CCFA002E00}.Release|x86.Build.0 = Release|Win32
		{2DFBBF3A-6D4B-4FF8-BD01-C9527A1FE0AC}.Debug|Any CPU.ActiveCfg = Debug|Win32
		{2DFBBF3A-6D4B-4FF8-BD01-C9527A1FE0AC}.Debug|ARM.ActiveCfg = Debug|ARM
		{2DFBBF3A-6D4B-4FF8-BD01-C9527A1FE0AC}.Debug|ARM.Build.0 = Debug|ARM
		{2DFBBF3A-6D4B-4FF8-BD01-C9527A1FE0AC}.Debug|ARM.Deploy.0 = Debug|ARM
		{2DFBBF3A-6D4B-4FF8-BD01-C9527A1FE0AC}.Debug|ARM64.ActiveCfg = Debug|ARM64
		{2DFBBF3A-6D4B-4FF8-BD01-C9527A1FE0AC}.Debug|ARM64.Build.0 = Debug|ARM64
		{2DFBBF3A-6D4B-4FF8-BD01-C9527A1FE0AC}.Debug|ARM64.Deploy.0 = Debug|ARM64
		{2DFBBF3A-6D4B-4FF8-BD01-C9527A1FE0AC}.Debug|Durango.ActiveCfg = Debug|Win32
		{2DFBBF3A-6D4B-4FF8-BD01-C9527A1FE0AC}.Debug|Gaming.Desktop.x64.ActiveCfg = Debug|Win32
		{2DFBBF3A-6D4B-4FF8-BD01-C9527A1FE0AC}.Debug|x64.ActiveCfg = Debug|x64
		{2DFBBF3A-6D4B-4FF8-BD01-C9527A1FE0AC}.Debug|x64.Build.0 = Debug|x64
		{2DFBBF3A-6D4B-4FF8-BD01-C9527A1FE0AC}.Debug|x64.Deploy.0 = Debug|x64
		{2DFBBF3A-6D4B-4FF8-BD01-C9527A1FE0AC}.Debug|x86.ActiveCfg = Debug|Win32
		{2DFBBF3A-6D4B-4FF8-BD01-C9527A1FE0AC}.Debug|x86.Build.0 = Debug|Win32
		{2DFBBF3A-6D4B-4FF8-BD01-C9527A1FE0AC}.Debug|x86.Deploy.0 = Debug|Win32
		{2DFBBF3A-6D4B-4FF8-BD01-C9527A1FE0AC}.Profile|Any CPU.ActiveCfg = Release|Win32
		{2DFBBF3A-6D4B-4FF8-BD01-C9527A1FE0AC}.Profile|ARM.ActiveCfg = Release|ARM
		{2DFBBF3A-6D4B-4FF8-BD01-C9527A1FE0AC}.Profile|ARM.Build.0 = Release|ARM
		{2DFBBF3A-6D4B-4FF8-BD01-C9527A1FE0AC}.Profile|ARM.Deploy.0 = Release|ARM
		{2DFBBF3A-6D4B-4FF8-BD01-C9527A1FE0AC}.Profile|ARM64.ActiveCfg = Release|x64
		{2DFBBF3A-6D4B-4FF8-BD01-C9527A1FE0AC}.Profile|ARM64.Build.0 = Release|x64
		{2DFBBF3A-6D4B-4FF8-BD01-C9527A1FE0AC}.Profile|ARM64.Deploy.0 = Release|x64
		{2DFBBF3A-6D4B-4FF8-BD01-C9527A1FE0AC}.Profile|Durango.ActiveCfg = Release|x64
		{2DFBBF3A-6D4B-4FF8-BD01-C9527A1FE0AC}.Profile|Gaming.Desktop.x64.ActiveCfg = Release|ARM64
		{2DFBBF3A-6D4B-4FF8-BD01-C9527A1FE0AC}.Profile|Gaming.Desktop.x64.Build.0 = Release|ARM64
		{2DFBBF3A-6D4B-4FF8-BD01-C9527A1FE0AC}.Profile|Gaming.Desktop.x64.Deploy.0 = Release|ARM64
		{2DFBBF3A-6D4B-4FF8-BD01-C9527A1FE0AC}.Profile|x64.ActiveCfg = Release|x64
		{2DFBBF3A-6D4B-4FF8-BD01-C9527A1FE0AC}.Profile|x64.Build.0 = Release|x64
		{2DFBBF3A-6D4B-4FF8-BD01-C9527A1FE0AC}.Profile|x64.Deploy.0 = Release|x64
		{2DFBBF3A-6D4B-4FF8-BD01-C9527A1FE0AC}.Profile|x86.ActiveCfg = Release|Win32
		{2DFBBF3A-6D4B-4FF8-BD01-C9527A1FE0AC}.Profile|x86.Build.0 = Release|Win32
		{2DFBBF3A-6D4B-4FF8-BD01-C9527A1FE0AC}.Profile|x86.Deploy.0 = Release|Win32
		{2DFBBF3A-6D4B-4FF8-BD01-C9527A1FE0AC}.Release|Any CPU.ActiveCfg = Release|Win32
		{2DFBBF3A-6D4B-4FF8-BD01-C9527A1FE0AC}.Release|ARM.ActiveCfg = Release|ARM
		{2DFBBF3A-6D4B-4FF8-BD01-C9527A1FE0AC}.Release|ARM.Build.0 = Release|ARM
		{2DFBBF3A-6D4B-4FF8-BD01-C9527A1FE0AC}.Release|ARM.Deploy.0 = Release|ARM
		{2DFBBF3A-6D4B-4FF8-BD01-C9527A1FE0AC}.Release|ARM64.ActiveCfg = Release|Win32
		{2DFBBF3A-6D4B-4FF8-BD01-C9527A1FE0AC}.Release|ARM64.Build.0 = Release|Win32
		{2DFBBF3A-6D4B-4FF8-BD01-C9527A1FE0AC}.Release|ARM64.Deploy.0 = Release|Win32
		{2DFBBF3A-6D4B-4FF8-BD01-C9527A1FE0AC}.Release|Durango.ActiveCfg = Release|Win32
		{2DFBBF3A-6D4B-4FF8-BD01-C9527A1FE0AC}.Release|Gaming.Desktop.x64.ActiveCfg = Release|Win32
		{2DFBBF3A-6D4B-4FF8-BD01-C9527A1FE0AC}.Release|x64.ActiveCfg = Release|x64
		{2DFBBF3A-6D4B-4FF8-BD01-C9527A1FE0AC}.Release|x64.Build.0 = Release|x64
		{2DFBBF3A-6D4B-4FF8-BD01-C9527A1FE0AC}.Release|x64.Deploy.0 = Release|x64
		{2DFBBF3A-6D4B-4FF8-BD01-C9527A1FE0AC}.Release|x86.ActiveCfg = Release|Win32
		{2DFBBF3A-6D4B-4FF8-BD01-C9527A1FE0AC}.Release|x86.Build.0 = Release|Win32
		{2DFBBF3A-6D4B-4FF8-BD01-C9527A1FE0AC}.Release|x86.Deploy.0 = Release|Win32
		{99542110-3CCD-4525-B607-DB8F6E76AEAC}.Debug|Any CPU.ActiveCfg = Debug|Win32
		{99542110-3CCD-4525-B607-DB8F6E76AEAC}.Debug|ARM.ActiveCfg = Debug|ARM
		{99542110-3CCD-4525-B607-DB8F6E76AEAC}.Debug|ARM.Build.0 = Debug|ARM
		{99542110-3CCD-4525-B607-DB8F6E76AEAC}.Debug|ARM.Deploy.0 = Debug|ARM
		{99542110-3CCD-4525-B607-DB8F6E76AEAC}.Debug|ARM64.ActiveCfg = Debug|ARM64
		{99542110-3CCD-4525-B607-DB8F6E76AEAC}.Debug|ARM64.Build.0 = Debug|ARM64
		{99542110-3CCD-4525-B607-DB8F6E76AEAC}.Debug|ARM64.Deploy.0 = Debug|ARM64
		{99542110-3CCD-4525-B607-DB8F6E76AEAC}.Debug|Durango.ActiveCfg = Debug|Win32
		{99542110-3CCD-4525-B607-DB8F6E76AEAC}.Debug|Gaming.Desktop.x64.ActiveCfg = Debug|Win32
		{99542110-3CCD-4525-B607-DB8F6E76AEAC}.Debug|x64.ActiveCfg = Debug|x64
		{99542110-3CCD-4525-B607-DB8F6E76AEAC}.Debug|x64.Build.0 = Debug|x64
		{99542110-3CCD-4525-B607-DB8F6E76AEAC}.Debug|x64.Deploy.0 = Debug|x64
		{99542110-3CCD-4525-B607-DB8F6E76AEAC}.Debug|x86.ActiveCfg = Debug|Win32
		{99542110-3CCD-4525-B607-DB8F6E76AEAC}.Debug|x86.Build.0 = Debug|Win32
		{99542110-3CCD-4525-B607-DB8F6E76AEAC}.Debug|x86.Deploy.0 = Debug|Win32
		{99542110-3CCD-4525-B607-DB8F6E76AEAC}.Profile|Any CPU.ActiveCfg = Release|Win32
		{99542110-3CCD-4525-B607-DB8F6E76AEAC}.Profile|ARM.ActiveCfg = Release|ARM
		{99542110-3CCD-4525-B607-DB8F6E76AEAC}.Profile|ARM.Build.0 = Release|ARM
		{99542110-3CCD-4525-B607-DB8F6E76AEAC}.Profile|ARM.Deploy.0 = Release|ARM
		{99542110-3CCD-4525-B607-DB8F6E76AEAC}.Profile|ARM64.ActiveCfg = Release|x64
		{99542110-3CCD-4525-B607-DB8F6E76AEAC}.Profile|ARM64.Build.0 = Release|x64
		{99542110-3CCD-4525-B607-DB8F6E76AEAC}.Profile|ARM64.Deploy.0 = Release|x64
		{99542110-3CCD-4525-B607-DB8F6E76AEAC}.Profile|Durango.ActiveCfg = Release|x64
		{99542110-3CCD-4525-B607-DB8F6E76AEAC}.Profile|Gaming.Desktop.x64.ActiveCfg = Release|ARM64
		{99542110-3CCD-4525-B607-DB8F6E76AEAC}.Profile|Gaming.Desktop.x64.Build.0 = Release|ARM64
		{99542110-3CCD-4525-B607-DB8F6E76AEAC}.Profile|Gaming.Desktop.x64.Deploy.0 = Release|ARM64
		{99542110-3CCD-4525-B607-DB8F6E76AEAC}.Profile|x64.ActiveCfg = Release|x64
		{99542110-3CCD-4525-B607-DB8F6E76AEAC}.Profile|x64.Build.0 = Release|x64
		{99542110-3CCD-4525-B607-DB8F6E76AEAC}.Profile|x64.Deploy.0 = Release|x64
		{99542110-3CCD-4525-B607-DB8F6E76AEAC}.Profile|x86.ActiveCfg = Release|Win32
		{99542110-3CCD-4525-B607-DB8F6E76AEAC}.Profile|x86.Build.0 = Release|Win32
		{99542110-3CCD-4525-B607-DB8F6E76AEAC}.Profile|x86.Deploy.0 = Release|Win32
		{99542110-3CCD-4525-B607-DB8F6E76AEAC}.Release|Any CPU.ActiveCfg = Release|Win32
		{99542110-3CCD-4525-B607-DB8F6E76AEAC}.Release|ARM.ActiveCfg = Release|ARM
		{99542110-3CCD-4525-B607-DB8F6E76AEAC}.Release|ARM.Build.0 = Release|ARM
		{99542110-3CCD-4525-B607-DB8F6E76AEAC}.Release|ARM.Deploy.0 = Release|ARM
		{99542110-3CCD-4525-B607-DB8F6E76AEAC}.Release|ARM64.ActiveCfg = Release|Win32
		{99542110-3CCD-4525-B607-DB8F6E76AEAC}.Release|ARM64.Build.0 = Release|Win32
		{99542110-3CCD-4525-B607-DB8F6E76AEAC}.Release|ARM64.Deploy.0 = Release|Win32
		{99542110-3CCD-4525-B607-DB8F6E76AEAC}.Release|Durango.ActiveCfg = Release|Win32
		{99542110-3CCD-4525-B607-DB8F6E76AEAC}.Release|Gaming.Desktop.x64.ActiveCfg = Release|Win32
		{99542110-3CCD-4525-B607-DB8F6E76AEAC}.Release|x64.ActiveCfg = Release|x64
		{99542110-3CCD-4525-B607-DB8F6E76AEAC}.Release|x64.Build.0 = Release|x64
		{99542110-3CCD-4525-B607-DB8F6E76AEAC}.Release|x64.Deploy.0 = Release|x64
		{99542110-3CCD-4525-B607-DB8F6E76AEAC}.Release|x86.ActiveCfg = Release|Win32
		{99542110-3CCD-4525-B607-DB8F6E76AEAC}.Release|x86.Build.0 = Release|Win32
		{99542110-3CCD-4525-B607-DB8F6E76AEAC}.Release|x86.Deploy.0 = Release|Win32
		{C9971737-D469-4BEE-901A-6FBB2A3BA7E1}.Debug|Any CPU.ActiveCfg = Debug|Durango
		{C9971737-D469-4BEE-901A-6FBB2A3BA7E1}.Debug|ARM.ActiveCfg = Debug|Durango
		{C9971737-D469-4BEE-901A-6FBB2A3BA7E1}.Debug|ARM64.ActiveCfg = Debug|Durango
		{C9971737-D469-4BEE-901A-6FBB2A3BA7E1}.Debug|Durango.ActiveCfg = Debug|Durango
		{C9971737-D469-4BEE-901A-6FBB2A3BA7E1}.Debug|Durango.Build.0 = Debug|Durango
		{C9971737-D469-4BEE-901A-6FBB2A3BA7E1}.Debug|Durango.Deploy.0 = Debug|Durango
		{C9971737-D469-4BEE-901A-6FBB2A3BA7E1}.Debug|Gaming.Desktop.x64.ActiveCfg = Debug|Durango
		{C9971737-D469-4BEE-901A-6FBB2A3BA7E1}.Debug|x64.ActiveCfg = Debug|Durango
		{C9971737-D469-4BEE-901A-6FBB2A3BA7E1}.Debug|x86.ActiveCfg = Debug|Durango
		{C9971737-D469-4BEE-901A-6FBB2A3BA7E1}.Profile|Any CPU.ActiveCfg = Profile|Durango
		{C9971737-D469-4BEE-901A-6FBB2A3BA7E1}.Profile|ARM.ActiveCfg = Profile|Durango
		{C9971737-D469-4BEE-901A-6FBB2A3BA7E1}.Profile|ARM64.ActiveCfg = Profile|Durango
		{C9971737-D469-4BEE-901A-6FBB2A3BA7E1}.Profile|Durango.ActiveCfg = Profile|Durango
		{C9971737-D469-4BEE-901A-6FBB2A3BA7E1}.Profile|Durango.Build.0 = Profile|Durango
		{C9971737-D469-4BEE-901A-6FBB2A3BA7E1}.Profile|Durango.Deploy.0 = Profile|Durango
		{C9971737-D469-4BEE-901A-6FBB2A3BA7E1}.Profile|Gaming.Desktop.x64.ActiveCfg = Profile|Durango
		{C9971737-D469-4BEE-901A-6FBB2A3BA7E1}.Profile|x64.ActiveCfg = Profile|Durango
		{C9971737-D469-4BEE-901A-6FBB2A3BA7E1}.Profile|x86.ActiveCfg = Profile|Durango
		{C9971737-D469-4BEE-901A-6FBB2A3BA7E1}.Release|Any CPU.ActiveCfg = Release|Durango
		{C9971737-D469-4BEE-901A-6FBB2A3BA7E1}.Release|ARM.ActiveCfg = Release|Durango
		{C9971737-D469-4BEE-901A-6FBB2A3BA7E1}.Release|ARM64.ActiveCfg = Release|Durango
		{C9971737-D469-4BEE-901A-6FBB2A3BA7E1}.Release|Durango.ActiveCfg = Release|Durango
		{C9971737-D469-4BEE-901A-6FBB2A3BA7E1}.Release|Durango.Build.0 = Release|Durango
		{C9971737-D469-4BEE-901A-6FBB2A3BA7E1}.Release|Durango.Deploy.0 = Release|Durango
		{C9971737-D469-4BEE-901A-6FBB2A3BA7E1}.Release|Gaming.Desktop.x64.ActiveCfg = Release|Durango
		{C9971737-D469-4BEE-901A-6FBB2A3BA7E1}.Release|x64.ActiveCfg = Release|Durango
		{C9971737-D469-4BEE-901A-6FBB2A3BA7E1}.Release|x86.ActiveCfg = Release|Durango
		{C043DE35-BEED-4FE1-B9D2-B15CB051CC3C}.Debug|Any CPU.ActiveCfg = Debug|Win32
		{C043DE35-BEED-4FE1-B9D2-B15CB051CC3C}.Debug|ARM.ActiveCfg = Debug|Win32
		{C043DE35-BEED-4FE1-B9D2-B15CB051CC3C}.Debug|ARM64.ActiveCfg = Debug|ARM64
		{C043DE35-BEED-4FE1-B9D2-B15CB051CC3C}.Debug|ARM64.Build.0 = Debug|ARM64
		{C043DE35-BEED-4FE1-B9D2-B15CB051CC3C}.Debug|Durango.ActiveCfg = Debug|Win32
		{C043DE35-BEED-4FE1-B9D2-B15CB051CC3C}.Debug|Gaming.Desktop.x64.ActiveCfg = Debug|Win32
		{C043DE35-BEED-4FE1-B9D2-B15CB051CC3C}.Debug|x64.ActiveCfg = Debug|x64
		{C043DE35-BEED-4FE1-B9D2-B15CB051CC3C}.Debug|x64.Build.0 = Debug|x64
		{C043DE35-BEED-4FE1-B9D2-B15CB051CC3C}.Debug|x86.ActiveCfg = Debug|Win32
		{C043DE35-BEED-4FE1-B9D2-B15CB051CC3C}.Debug|x86.Build.0 = Debug|Win32
		{C043DE35-BEED-4FE1-B9D2-B15CB051CC3C}.Profile|Any CPU.ActiveCfg = Release|x64
		{C043DE35-BEED-4FE1-B9D2-B15CB051CC3C}.Profile|ARM.ActiveCfg = Release|x64
		{C043DE35-BEED-4FE1-B9D2-B15CB051CC3C}.Profile|ARM64.ActiveCfg = Release|x64
		{C043DE35-BEED-4FE1-B9D2-B15CB051CC3C}.Profile|Durango.ActiveCfg = Release|x64
		{C043DE35-BEED-4FE1-B9D2-B15CB051CC3C}.Profile|Durango.Build.0 = Release|x64
		{C043DE35-BEED-4FE1-B9D2-B15CB051CC3C}.Profile|Gaming.Desktop.x64.ActiveCfg = Release|ARM64
		{C043DE35-BEED-4FE1-B9D2-B15CB051CC3C}.Profile|Gaming.Desktop.x64.Build.0 = Release|ARM64
		{C043DE35-BEED-4FE1-B9D2-B15CB051CC3C}.Profile|x64.ActiveCfg = Release|x64
		{C043DE35-BEED-4FE1-B9D2-B15CB051CC3C}.Profile|x64.Build.0 = Release|x64
		{C043DE35-BEED-4FE1-B9D2-B15CB051CC3C}.Profile|x86.ActiveCfg = Release|Win32
		{C043DE35-BEED-4FE1-B9D2-B15CB051CC3C}.Profile|x86.Build.0 = Release|Win32
		{C043DE35-BEED-4FE1-B9D2-B15CB051CC3C}.Release|Any CPU.ActiveCfg = Release|Win32
		{C043DE35-BEED-4FE1-B9D2-B15CB051CC3C}.Release|ARM.ActiveCfg = Release|Win32
		{C043DE35-BEED-4FE1-B9D2-B15CB051CC3C}.Release|ARM64.ActiveCfg = Release|ARM64
		{C043DE35-BEED-4FE1-B9D2-B15CB051CC3C}.Release|ARM64.Build.0 = Release|ARM64
		{C043DE35-BEED-4FE1-B9D2-B15CB051CC3C}.Release|Durango.ActiveCfg = Release|Win32
		{C043DE35-BEED-4FE1-B9D2-B15CB051CC3C}.Release|Gaming.Desktop.x64.ActiveCfg = Release|Win32
		{C043DE35-BEED-4FE1-B9D2-B15CB051CC3C}.Release|x64.ActiveCfg = Release|x64
		{C043DE35-BEED-4FE1-B9D2-B15CB051CC3C}.Release|x64.Build.0 = Release|x64
		{C043DE35-BEED-4FE1-B9D2-B15CB051CC3C}.Release|x86.ActiveCfg = Release|Win32
		{C043DE35-BEED-4FE1-B9D2-B15CB051CC3C}.Release|x86.Build.0 = Release|Win32
		{CF4C3985-3F37-45B6-95F7-7602C53F1F21}.Debug|Any CPU.ActiveCfg = Debug|Win32
		{CF4C3985-3F37-45B6-95F7-7602C53F1F21}.Debug|ARM.ActiveCfg = Debug|Win32
		{CF4C3985-3F37-45B6-95F7-7602C53F1F21}.Debug|ARM64.ActiveCfg = Debug|ARM64
		{CF4C3985-3F37-45B6-95F7-7602C53F1F21}.Debug|ARM64.Build.0 = Debug|ARM64
		{CF4C3985-3F37-45B6-95F7-7602C53F1F21}.Debug|Durango.ActiveCfg = Debug|Win32
		{CF4C3985-3F37-45B6-95F7-7602C53F1F21}.Debug|Gaming.Desktop.x64.ActiveCfg = Debug|Win32
		{CF4C3985-3F37-45B6-95F7-7602C53F1F21}.Debug|x64.ActiveCfg = Debug|x64
		{CF4C3985-3F37-45B6-95F7-7602C53F1F21}.Debug|x64.Build.0 = Debug|x64
		{CF4C3985-3F37-45B6-95F7-7602C53F1F21}.Debug|x86.ActiveCfg = Debug|Win32
		{CF4C3985-3F37-45B6-95F7-7602C53F1F21}.Debug|x86.Build.0 = Debug|Win32
		{CF4C3985-3F37-45B6-95F7-7602C53F1F21}.Profile|Any CPU.ActiveCfg = Release|x64
		{CF4C3985-3F37-45B6-95F7-7602C53F1F21}.Profile|ARM.ActiveCfg = Release|x64
		{CF4C3985-3F37-45B6-95F7-7602C53F1F21}.Profile|ARM64.ActiveCfg = Release|x64
		{CF4C3985-3F37-45B6-95F7-7602C53F1F21}.Profile|Durango.ActiveCfg = Release|x64
		{CF4C3985-3F37-45B6-95F7-7602C53F1F21}.Profile|Durango.Build.0 = Release|x64
		{CF4C3985-3F37-45B6-95F7-7602C53F1F21}.Profile|Gaming.Desktop.x64.ActiveCfg = Release|ARM64
		{CF4C3985-3F37-45B6-95F7-7602C53F1F21}.Profile|Gaming.Desktop.x64.Build.0 = Release|ARM64
		{CF4C3985-3F37-45B6-95F7-7602C53F1F21}.Profile|x64.ActiveCfg = Release|x64
		{CF4C3985-3F37-45B6-95F7-7602C53F1F21}.Profile|x64.Build.0 = Release|x64
		{CF4C3985-3F37-45B6-95F7-7602C53F1F21}.Profile|x86.ActiveCfg = Release|Win32
		{CF4C3985-3F37-45B6-95F7-7602C53F1F21}.Profile|x86.Build.0 = Release|Win32
		{CF4C3985-3F37-45B6-95F7-7602C53F1F21}.Release|Any CPU.ActiveCfg = Release|Win32
		{CF4C3985-3F37-45B6-95F7-7602C53F1F21}.Release|ARM.ActiveCfg = Release|Win32
		{CF4C3985-3F37-45B6-95F7-7602C53F1F21}.Release|ARM64.ActiveCfg = Release|ARM64
		{CF4C3985-3F37-45B6-95F7-7602C53F1F21}.Release|ARM64.Build.0 = Release|ARM64
		{CF4C3985-3F37-45B6-95F7-7602C53F1F21}.Release|Durango.ActiveCfg = Release|Win32
		{CF4C3985-3F37-45B6-95F7-7602C53F1F21}.Release|Gaming.Desktop.x64.ActiveCfg = Release|Win32
		{CF4C3985-3F37-45B6-95F7-7602C53F1F21}.Release|x64.ActiveCfg = Release|x64
		{CF4C3985-3F37-45B6-95F7-7602C53F1F21}.Release|x64.Build.0 = Release|x64
		{CF4C3985-3F37-45B6-95F7-7602C53F1F21}.Release|x86.ActiveCfg = Release|Win32
		{CF4C3985-3F37-45B6-95F7-7602C53F1F21}.Release|x86.Build.0 = Release|Win32
		{591520A6-680D-4AD7-AACB-8C2C877F8BAE}.Debug|Any CPU.ActiveCfg = Debug|Win32
		{591520A6-680D-4AD7-AACB-8C2C877F8BAE}.Debug|ARM.ActiveCfg = Debug|Win32
		{591520A6-680D-4AD7-AACB-8C2C877F8BAE}.Debug|ARM64.ActiveCfg = Debug|ARM64
		{591520A6-680D-4AD7-AACB-8C2C877F8BAE}.Debug|ARM64.Build.0 = Debug|ARM64
		{591520A6-680D-4AD7-AACB-8C2C877F8BAE}.Debug|Durango.ActiveCfg = Debug|Win32
		{591520A6-680D-4AD7-AACB-8C2C877F8BAE}.Debug|Gaming.Desktop.x64.ActiveCfg = Debug|Win32
		{591520A6-680D-4AD7-AACB-8C2C877F8BAE}.Debug|x64.ActiveCfg = Debug|x64
		{591520A6-680D-4AD7-AACB-8C2C877F8BAE}.Debug|x64.Build.0 = Debug|x64
		{591520A6-680D-4AD7-AACB-8C2C877F8BAE}.Debug|x86.ActiveCfg = Debug|Win32
		{591520A6-680D-4AD7-AACB-8C2C877F8BAE}.Debug|x86.Build.0 = Debug|Win32
		{591520A6-680D-4AD7-AACB-8C2C877F8BAE}.Profile|Any CPU.ActiveCfg = Release|x64
		{591520A6-680D-4AD7-AACB-8C2C877F8BAE}.Profile|Any CPU.Build.0 = Release|x64
		{591520A6-680D-4AD7-AACB-8C2C877F8BAE}.Profile|ARM.ActiveCfg = Release|x64
		{591520A6-680D-4AD7-AACB-8C2C877F8BAE}.Profile|ARM.Build.0 = Release|x64
		{591520A6-680D-4AD7-AACB-8C2C877F8BAE}.Profile|ARM64.ActiveCfg = Release|x64
		{591520A6-680D-4AD7-AACB-8C2C877F8BAE}.Profile|ARM64.Build.0 = Release|x64
		{591520A6-680D-4AD7-AACB-8C2C877F8BAE}.Profile|Durango.ActiveCfg = Release|x64
		{591520A6-680D-4AD7-AACB-8C2C877F8BAE}.Profile|Durango.Build.0 = Release|x64
		{591520A6-680D-4AD7-AACB-8C2C877F8BAE}.Profile|Gaming.Desktop.x64.ActiveCfg = Release|ARM64
		{591520A6-680D-4AD7-AACB-8C2C877F8BAE}.Profile|Gaming.Desktop.x64.Build.0 = Release|ARM64
		{591520A6-680D-4AD7-AACB-8C2C877F8BAE}.Profile|x64.ActiveCfg = Release|x64
		{591520A6-680D-4AD7-AACB-8C2C877F8BAE}.Profile|x64.Build.0 = Release|x64
		{591520A6-680D-4AD7-AACB-8C2C877F8BAE}.Profile|x86.ActiveCfg = Release|Win32
		{591520A6-680D-4AD7-AACB-8C2C877F8BAE}.Profile|x86.Build.0 = Release|Win32
		{591520A6-680D-4AD7-AACB-8C2C877F8BAE}.Release|Any CPU.ActiveCfg = Release|Win32
		{591520A6-680D-4AD7-AACB-8C2C877F8BAE}.Release|ARM.ActiveCfg = Release|Win32
		{591520A6-680D-4AD7-AACB-8C2C877F8BAE}.Release|ARM64.ActiveCfg = Release|ARM64
		{591520A6-680D-4AD7-AACB-8C2C877F8BAE}.Release|ARM64.Build.0 = Release|ARM64
		{591520A6-680D-4AD7-AACB-8C2C877F8BAE}.Release|Durango.ActiveCfg = Release|Win32
		{591520A6-680D-4AD7-AACB-8C2C877F8BAE}.Release|Gaming.Desktop.x64.ActiveCfg = Release|Win32
		{591520A6-680D-4AD7-AACB-8C2C877F8BAE}.Release|x64.ActiveCfg = Release|x64
		{591520A6-680D-4AD7-AACB-8C2C877F8BAE}.Release|x64.Build.0 = Release|x64
		{591520A6-680D-4AD7-AACB-8C2C877F8BAE}.Release|x86.ActiveCfg = Release|Win32
		{591520A6-680D-4AD7-AACB-8C2C877F8BAE}.Release|x86.Build.0 = Release|Win32
		{4FDFDCCD-EE2E-415C-B458-1E8FDB0D85F2}.Debug|Any CPU.ActiveCfg = Debug|Durango
		{4FDFDCCD-EE2E-415C-B458-1E8FDB0D85F2}.Debug|ARM.ActiveCfg = Debug|Durango
		{4FDFDCCD-EE2E-415C-B458-1E8FDB0D85F2}.Debug|ARM64.ActiveCfg = Debug|Durango
		{4FDFDCCD-EE2E-415C-B458-1E8FDB0D85F2}.Debug|Durango.ActiveCfg = Debug|Durango
		{4FDFDCCD-EE2E-415C-B458-1E8FDB0D85F2}.Debug|Durango.Build.0 = Debug|Durango
		{4FDFDCCD-EE2E-415C-B458-1E8FDB0D85F2}.Debug|Gaming.Desktop.x64.ActiveCfg = Debug|Durango
		{4FDFDCCD-EE2E-415C-B458-1E8FDB0D85F2}.Debug|x64.ActiveCfg = Debug|Durango
		{4FDFDCCD-EE2E-415C-B458-1E8FDB0D85F2}.Debug|x86.ActiveCfg = Debug|Durango
		{4FDFDCCD-EE2E-415C-B458-1E8FDB0D85F2}.Profile|Any CPU.ActiveCfg = Profile|Durango
		{4FDFDCCD-EE2E-415C-B458-1E8FDB0D85F2}.Profile|ARM.ActiveCfg = Profile|Durango
		{4FDFDCCD-EE2E-415C-B458-1E8FDB0D85F2}.Profile|ARM64.ActiveCfg = Profile|Durango
		{4FDFDCCD-EE2E-415C-B458-1E8FDB0D85F2}.Profile|Durango.ActiveCfg = Profile|Durango
		{4FDFDCCD-EE2E-415C-B458-1E8FDB0D85F2}.Profile|Durango.Build.0 = Profile|Durango
		{4FDFDCCD-EE2E-415C-B458-1E8FDB0D85F2}.Profile|Gaming.Desktop.x64.ActiveCfg = Profile|Durango
		{4FDFDCCD-EE2E-415C-B458-1E8FDB0D85F2}.Profile|x64.ActiveCfg = Profile|Durango
		{4FDFDCCD-EE2E-415C-B458-1E8FDB0D85F2}.Profile|x86.ActiveCfg = Profile|Durango
		{4FDFDCCD-EE2E-415C-B458-1E8FDB0D85F2}.Release|Any CPU.ActiveCfg = Release|Durango
		{4FDFDCCD-EE2E-415C-B458-1E8FDB0D85F2}.Release|ARM.ActiveCfg = Release|Durango
		{4FDFDCCD-EE2E-415C-B458-1E8FDB0D85F2}.Release|ARM64.ActiveCfg = Release|Durango
		{4FDFDCCD-EE2E-415C-B458-1E8FDB0D85F2}.Release|Durango.ActiveCfg = Release|Durango
		{4FDFDCCD-EE2E-415C-B458-1E8FDB0D85F2}.Release|Durango.Build.0 = Release|Durango
		{4FDFDCCD-EE2E-415C-B458-1E8FDB0D85F2}.Release|Gaming.Desktop.x64.ActiveCfg = Release|Durango
		{4FDFDCCD-EE2E-415C-B458-1E8FDB0D85F2}.Release|x64.ActiveCfg = Release|Durango
		{4FDFDCCD-EE2E-415C-B458-1E8FDB0D85F2}.Release|x86.ActiveCfg = Release|Durango
		{80D8061D-BBEF-414D-8F08-4D8B52C02E85}.Debug|Any CPU.ActiveCfg = Debug|Gaming.Desktop.x64
		{80D8061D-BBEF-414D-8F08-4D8B52C02E85}.Debug|ARM.ActiveCfg = Debug|Gaming.Desktop.x64
		{80D8061D-BBEF-414D-8F08-4D8B52C02E85}.Debug|ARM64.ActiveCfg = Debug|Gaming.Desktop.x64
		{80D8061D-BBEF-414D-8F08-4D8B52C02E85}.Debug|Durango.ActiveCfg = Debug|Gaming.Desktop.x64
		{80D8061D-BBEF-414D-8F08-4D8B52C02E85}.Debug|Gaming.Desktop.x64.ActiveCfg = Debug|Gaming.Desktop.x64
		{80D8061D-BBEF-414D-8F08-4D8B52C02E85}.Debug|Gaming.Desktop.x64.Build.0 = Debug|Gaming.Desktop.x64
		{80D8061D-BBEF-414D-8F08-4D8B52C02E85}.Debug|x64.ActiveCfg = Debug|Gaming.Desktop.x64
		{80D8061D-BBEF-414D-8F08-4D8B52C02E85}.Debug|x86.ActiveCfg = Debug|Gaming.Desktop.x64
		{80D8061D-BBEF-414D-8F08-4D8B52C02E85}.Profile|Any CPU.ActiveCfg = Release|Gaming.Desktop.x64
		{80D8061D-BBEF-414D-8F08-4D8B52C02E85}.Profile|Any CPU.Build.0 = Release|Gaming.Desktop.x64
		{80D8061D-BBEF-414D-8F08-4D8B52C02E85}.Profile|ARM.ActiveCfg = Release|Gaming.Desktop.x64
		{80D8061D-BBEF-414D-8F08-4D8B52C02E85}.Profile|ARM.Build.0 = Release|Gaming.Desktop.x64
		{80D8061D-BBEF-414D-8F08-4D8B52C02E85}.Profile|ARM64.ActiveCfg = Release|Gaming.Desktop.x64
		{80D8061D-BBEF-414D-8F08-4D8B52C02E85}.Profile|ARM64.Build.0 = Release|Gaming.Desktop.x64
		{80D8061D-BBEF-414D-8F08-4D8B52C02E85}.Profile|Durango.ActiveCfg = Release|Gaming.Desktop.x64
		{80D8061D-BBEF-414D-8F08-4D8B52C02E85}.Profile|Durango.Build.0 = Release|Gaming.Desktop.x64
		{80D8061D-BBEF-414D-8F08-4D8B52C02E85}.Profile|Gaming.Desktop.x64.ActiveCfg = Release|Gaming.Desktop.x64
		{80D8061D-BBEF-414D-8F08-4D8B52C02E85}.Profile|Gaming.Desktop.x64.Build.0 = Release|Gaming.Desktop.x64
		{80D8061D-BBEF-414D-8F08-4D8B52C02E85}.Profile|x64.ActiveCfg = Release|Gaming.Desktop.x64
		{80D8061D-BBEF-414D-8F08-4D8B52C02E85}.Profile|x64.Build.0 = Release|Gaming.Desktop.x64
		{80D8061D-BBEF-414D-8F08-4D8B52C02E85}.Profile|x86.ActiveCfg = Release|Gaming.Desktop.x64
		{80D8061D-BBEF-414D-8F08-4D8B52C02E85}.Profile|x86.Build.0 = Release|Gaming.Desktop.x64
		{80D8061D-BBEF-414D-8F08-4D8B52C02E85}.Release|Any CPU.ActiveCfg = Release|Gaming.Desktop.x64
		{80D8061D-BBEF-414D-8F08-4D8B52C02E85}.Release|ARM.ActiveCfg = Release|Gaming.Desktop.x64
		{80D8061D-BBEF-414D-8F08-4D8B52C02E85}.Release|ARM64.ActiveCfg = Release|Gaming.Desktop.x64
		{80D8061D-BBEF-414D-8F08-4D8B52C02E85}.Release|Durango.ActiveCfg = Release|Gaming.Desktop.x64
		{80D8061D-BBEF-414D-8F08-4D8B52C02E85}.Release|Gaming.Desktop.x64.ActiveCfg = Release|Gaming.Desktop.x64
		{80D8061D-BBEF-414D-8F08-4D8B52C02E85}.Release|Gaming.Desktop.x64.Build.0 = Release|Gaming.Desktop.x64
		{80D8061D-BBEF-414D-8F08-4D8B52C02E85}.Release|x64.ActiveCfg = Release|Gaming.Desktop.x64
		{80D8061D-BBEF-414D-8F08-4D8B52C02E85}.Release|x86.ActiveCfg = Release|Gaming.Desktop.x64
	EndGlobalSection
	GlobalSection(SolutionProperties) = preSolution
		HideSolutionNode = FALSE
	EndGlobalSection
	GlobalSection(NestedProjects) = preSolution
		{9164C6C9-3872-4922-A3E3-3822622D3E71} = {0AA3F7FD-BB7C-4386-8435-F6BABE5EBED3}
		{09B1A97C-FADC-4E06-B962-7C8AE6EA19A3} = {6FB21B4B-86D1-4883-85A2-B51771884ED8}
		{9E0EB8C2-40CD-448F-9B98-DAF9830EF9AD} = {888A3A17-4FE5-4768-B67E-B4B2B59CF895}
		{CADB9561-440F-4B5F-BC40-4D569EBF1903} = {0AA3F7FD-BB7C-4386-8435-F6BABE5EBED3}
		{00867B85-BAE6-4129-85EA-18CCFA002E00} = {CADB9561-440F-4B5F-BC40-4D569EBF1903}
		{5B7AC447-943C-45D3-AD4E-3A61DA208FD8} = {6FB21B4B-86D1-4883-85A2-B51771884ED8}
		{2DFBBF3A-6D4B-4FF8-BD01-C9527A1FE0AC} = {5B7AC447-943C-45D3-AD4E-3A61DA208FD8}
		{99542110-3CCD-4525-B607-DB8F6E76AEAC} = {5B7AC447-943C-45D3-AD4E-3A61DA208FD8}
		{33FC8ACB-E656-416C-A642-59E3EA1F35F9} = {888A3A17-4FE5-4768-B67E-B4B2B59CF895}
		{C9971737-D469-4BEE-901A-6FBB2A3BA7E1} = {33FC8ACB-E656-416C-A642-59E3EA1F35F9}
		{C043DE35-BEED-4FE1-B9D2-B15CB051CC3C} = {0AA3F7FD-BB7C-4386-8435-F6BABE5EBED3}
		{CF4C3985-3F37-45B6-95F7-7602C53F1F21} = {0AA3F7FD-BB7C-4386-8435-F6BABE5EBED3}
		{591520A6-680D-4AD7-AACB-8C2C877F8BAE} = {CADB9561-440F-4B5F-BC40-4D569EBF1903}
		{4FDFDCCD-EE2E-415C-B458-1E8FDB0D85F2} = {33FC8ACB-E656-416C-A642-59E3EA1F35F9}
		{80D8061D-BBEF-414D-8F08-4D8B52C02E85} = {3597DD54-9DA3-4C30-B736-9D8AAC04C946}
	EndGlobalSection
	GlobalSection(ExtensibilityGlobals) = postSolution
		SolutionGuid = {973E1528-6B80-4A7E-9534-56E9481AF63A}
	EndGlobalSection
EndGlobal
