
Microsoft Visual Studio Solution File, Format Version 12.00
# Visual Studio Version 17
VisualStudioVersion = 17.5.33627.172
MinimumVisualStudioVersion = 10.0.40219.1
Project("{8BC9CEB8-8B4A-11D0-8D11-00A0C91BC942}") = "libHttpClient.Common", "Build\libHttpClient.Common\libHttpClient.Common.vcxitems", "{673E9758-FAFE-4F91-8FC1-ADDDA12C5DE5}"
EndProject
Project("{2150E333-8FDC-42A3-9474-1A3956D46DE8}") = "Props", "Props", "{B8C5CF8E-B32C-4D78-A6B3-E95FB66280CC}"
	ProjectSection(SolutionItems) = preProject
		Build\libHttpClient.gdk.bwoi.props = Build\libHttpClient.gdk.bwoi.props
		Build\libHttpClient.GDK.props = Build\libHttpClient.GDK.props
		Build\libHttpClient.paths.props = Build\libHttpClient.paths.props
		libHttpClient.props = libHttpClient.props
		Build\libHttpClient.UWP.props = Build\libHttpClient.UWP.props
		Build\libHttpClient.Win32.props = Build\libHttpClient.Win32.props
		Build\openssl.import.props = Build\openssl.import.props
		platform_select.props = platform_select.props
	EndProjectSection
EndProject
Project("{2150E333-8FDC-42A3-9474-1A3956D46DE8}") = "Win32", "Win32", "{118840A6-8EB2-4D70-B0EE-65EE13E2FEAB}"
EndProject
Project("{8BC9CEB8-8B4A-11D0-8D11-00A0C91BC942}") = "libHttpClient.Win32", "Build\libHttpClient.Win32\libHttpClient.Win32.vcxitems", "{D980F91B-92BF-4CC4-89FD-1CD99DBA870F}"
EndProject
Project("{8BC9CEB8-8B4A-11D0-8D11-00A0C91BC942}") = "libHttpClient.143.Win32.C", "Build\libHttpClient.143.Win32.C\libHttpClient.143.Win32.C.vcxproj", "{9164C6C9-3872-4922-A3E3-3822622D3E71}"
EndProject
Project("{2150E333-8FDC-42A3-9474-1A3956D46DE8}") = "GDK", "GDK", "{348C2EBE-5E0D-4008-8E9C-BD2ECF40F4BC}"
EndProject
Project("{8BC9CEB8-8B4A-11D0-8D11-00A0C91BC942}") = "libHttpClient.GDK", "Build\libHttpClient.GDK\libHttpClient.GDK.vcxitems", "{8CA3B500-0D89-4DB1-BA8B-98AEB468CA13}"
EndProject
Project("{8BC9CEB8-8B4A-11D0-8D11-00A0C91BC942}") = "libHttpClient.143.GDK.C", "Build\libHttpClient.143.GDK.C\libHttpClient.143.GDK.C.vcxproj", "{0A6D51A3-0D86-4D0E-9DAA-54BA75E1DA1C}"
EndProject
Project("{2150E333-8FDC-42A3-9474-1A3956D46DE8}") = "UWP", "UWP", "{AEECE539-001A-4CB1-B7A3-6E6FB345D108}"
EndProject
Project("{8BC9CEB8-8B4A-11D0-8D11-00A0C91BC942}") = "libHttpClient.UWP", "Build\libHttpClient.UWP\libHttpClient.UWP.vcxitems", "{47564F2B-9ED7-4527-997A-5D76C36998D1}"
EndProject
Project("{8BC9CEB8-8B4A-11D0-8D11-00A0C91BC942}") = "libssl.Win32", "Build\libssl.Win32\libssl.Win32.vcxitems", "{097E9D46-215E-43AE-B8DF-339EDF537EB6}"
EndProject
Project("{8BC9CEB8-8B4A-11D0-8D11-00A0C91BC942}") = "libssl.143.Win32", "Build\libssl.143.Win32\libssl.143.Win32.vcxproj", "{AAF08544-8AAA-41A5-A86B-2AF4D8985258}"
EndProject
Project("{8BC9CEB8-8B4A-11D0-8D11-00A0C91BC942}") = "libcrypto.Win32", "Build\libcrypto.Win32\libcrypto.Win32.vcxitems", "{D01BF0FD-D450-41DC-BFA4-62468528B91E}"
EndProject
Project("{8BC9CEB8-8B4A-11D0-8D11-00A0C91BC942}") = "libcrypto.143.Win32", "Build\libcrypto.143.Win32\libcrypto.143.Win32.vcxproj", "{16AA2EBE-6D49-41B7-A13F-887C12E78715}"
EndProject
Project("{2150E333-8FDC-42A3-9474-1A3956D46DE8}") = "Samples", "Samples", "{2FF76652-3783-4047-8F2B-8777155F1C66}"
EndProject
Project("{8BC9CEB8-8B4A-11D0-8D11-00A0C91BC942}") = "Win32Http", "Samples\Win32-Http\Win32Http.vcxproj", "{00867B85-BAE6-4129-85EA-18CCFA002E00}"
EndProject
Project("{2150E333-8FDC-42A3-9474-1A3956D46DE8}") = "Samples", "Samples", "{7A3B2F87-A009-408F-8230-4E76CDF6AED4}"
EndProject
Project("{8BC9CEB8-8B4A-11D0-8D11-00A0C91BC942}") = "Http", "Samples\UWP-Http\Http.vcxproj", "{2DFBBF3A-6D4B-4FF8-BD01-C9527A1FE0AC}"
EndProject
Project("{8BC9CEB8-8B4A-11D0-8D11-00A0C91BC942}") = "libHttpClient.143.UWP.C", "Build\libHttpClient.143.UWP.C\libHttpClient.143.UWP.C.vcxproj", "{2E55AA9F-A132-477C-B4FF-B4CD551E4322}"
EndProject
Project("{8BC9CEB8-8B4A-11D0-8D11-00A0C91BC942}") = "WebSocket", "Samples\UWP-WebSocket\WebSocket.vcxproj", "{99542110-3CCD-4525-B607-DB8F6E76AEAC}"
EndProject
Project("{8BC9CEB8-8B4A-11D0-8D11-00A0C91BC942}") = "Win32WebSocket", "Samples\Win32WebSocket\Win32WebSocket.vcxproj", "{591520A6-680D-4AD7-AACB-8C2C877F8BAE}"
EndProject
Project("{8BC9CEB8-8B4A-11D0-8D11-00A0C91BC942}") = "WebSocketEchoServer", "Samples\WebSocketEchoServer\WebSocketEchoServer.vcxproj", "{267629EF-20A2-4FFB-8DC8-A8534E98FCEB}"
EndProject
Project("{2150E333-8FDC-42A3-9474-1A3956D46DE8}") = "Test", "Test", "{6BBCD917-A163-48D8-9385-3F6135E031FE}"
EndProject
Project("{8BC9CEB8-8B4A-11D0-8D11-00A0C91BC942}") = "libHttpClient.UnitTest", "Build\libHttpClient.UnitTest\libHttpClient.UnitTest.vcxitems", "{8EF7009A-36CF-4D82-9FB7-6D69154893CF}"
EndProject
Project("{8BC9CEB8-8B4A-11D0-8D11-00A0C91BC942}") = "libHttpClient.UnitTest.TAEF", "Build\libHttpClient.UnitTest.TAEF\libHttpClient.UnitTest.TAEF.vcxproj", "{E885BB30-F51E-4BAB-9300-4B303144BB49}"
EndProject
Project("{8BC9CEB8-8B4A-11D0-8D11-00A0C91BC942}") = "libHttpClient.UnitTest.TE", "Build\libHttpClient.UnitTest.TE\libHttpClient.UnitTest.TE.vcxproj", "{9DD2BA60-6505-493A-8C41-8085C44E9F1F}"
EndProject
Project("{8BC9CEB8-8B4A-11D0-8D11-00A0C91BC942}") = "libHttpClient.XAsync", "Build\libHttpClient.XAsync\libHttpClient.XAsync.vcxitems", "{B5118956-53CC-4B24-8807-DE8D7D226B40}"
EndProject
Project("{8BC9CEB8-8B4A-11D0-8D11-00A0C91BC942}") = "libHttpClient.Zlib", "Build\libHttpClient.Zlib\libHttpClient.Zlib.vcxitems", "{F9061DCA-255B-4D5E-8DF5-4AFBFB4B98EF}"
EndProject
Global
	GlobalSection(SolutionConfigurationPlatforms) = preSolution
		Debug|ARM = Debug|ARM
		Debug|ARM64 = Debug|ARM64
		Debug|Gaming.Desktop.x64 = Debug|Gaming.Desktop.x64
		Debug|x64 = Debug|x64
		Debug|x86 = Debug|x86
		Release|ARM = Release|ARM
		Release|ARM64 = Release|ARM64
		Release|Gaming.Desktop.x64 = Release|Gaming.Desktop.x64
		Release|x64 = Release|x64
		Release|x86 = Release|x86
	EndGlobalSection
	GlobalSection(ProjectConfigurationPlatforms) = postSolution
		{9164C6C9-3872-4922-A3E3-3822622D3E71}.Debug|ARM.ActiveCfg = Debug|ARM
		{9164C6C9-3872-4922-A3E3-3822622D3E71}.Debug|ARM.Build.0 = Debug|ARM
		{9164C6C9-3872-4922-A3E3-3822622D3E71}.Debug|ARM64.ActiveCfg = Debug|ARM64
		{9164C6C9-3872-4922-A3E3-3822622D3E71}.Debug|ARM64.Build.0 = Debug|ARM64
		{9164C6C9-3872-4922-A3E3-3822622D3E71}.Debug|Gaming.Desktop.x64.ActiveCfg = Debug|x64
		{9164C6C9-3872-4922-A3E3-3822622D3E71}.Debug|x64.ActiveCfg = Debug|x64
		{9164C6C9-3872-4922-A3E3-3822622D3E71}.Debug|x64.Build.0 = Debug|x64
		{9164C6C9-3872-4922-A3E3-3822622D3E71}.Debug|x86.ActiveCfg = Debug|Win32
		{9164C6C9-3872-4922-A3E3-3822622D3E71}.Debug|x86.Build.0 = Debug|Win32
		{9164C6C9-3872-4922-A3E3-3822622D3E71}.Release|ARM.ActiveCfg = Release|ARM
		{9164C6C9-3872-4922-A3E3-3822622D3E71}.Release|ARM.Build.0 = Release|ARM
		{9164C6C9-3872-4922-A3E3-3822622D3E71}.Release|ARM64.ActiveCfg = Release|ARM64
		{9164C6C9-3872-4922-A3E3-3822622D3E71}.Release|ARM64.Build.0 = Release|ARM64
		{9164C6C9-3872-4922-A3E3-3822622D3E71}.Release|Gaming.Desktop.x64.ActiveCfg = Release|x64
		{9164C6C9-3872-4922-A3E3-3822622D3E71}.Release|x64.ActiveCfg = Release|x64
		{9164C6C9-3872-4922-A3E3-3822622D3E71}.Release|x64.Build.0 = Release|x64
		{9164C6C9-3872-4922-A3E3-3822622D3E71}.Release|x86.ActiveCfg = Release|Win32
		{9164C6C9-3872-4922-A3E3-3822622D3E71}.Release|x86.Build.0 = Release|Win32
		{0A6D51A3-0D86-4D0E-9DAA-54BA75E1DA1C}.Debug|ARM.ActiveCfg = Debug|Gaming.Desktop.x64
		{0A6D51A3-0D86-4D0E-9DAA-54BA75E1DA1C}.Debug|ARM64.ActiveCfg = Debug|Gaming.Desktop.x64
		{0A6D51A3-0D86-4D0E-9DAA-54BA75E1DA1C}.Debug|Gaming.Desktop.x64.ActiveCfg = Debug|Gaming.Desktop.x64
		{0A6D51A3-0D86-4D0E-9DAA-54BA75E1DA1C}.Debug|Gaming.Desktop.x64.Build.0 = Debug|Gaming.Desktop.x64
		{0A6D51A3-0D86-4D0E-9DAA-54BA75E1DA1C}.Debug|x64.ActiveCfg = Debug|Gaming.Desktop.x64
		{0A6D51A3-0D86-4D0E-9DAA-54BA75E1DA1C}.Debug|x86.ActiveCfg = Debug|Gaming.Desktop.x64
		{0A6D51A3-0D86-4D0E-9DAA-54BA75E1DA1C}.Release|ARM.ActiveCfg = Release|Gaming.Desktop.x64
		{0A6D51A3-0D86-4D0E-9DAA-54BA75E1DA1C}.Release|ARM64.ActiveCfg = Release|Gaming.Desktop.x64
		{0A6D51A3-0D86-4D0E-9DAA-54BA75E1DA1C}.Release|Gaming.Desktop.x64.ActiveCfg = Release|Gaming.Desktop.x64
		{0A6D51A3-0D86-4D0E-9DAA-54BA75E1DA1C}.Release|Gaming.Desktop.x64.Build.0 = Release|Gaming.Desktop.x64
		{0A6D51A3-0D86-4D0E-9DAA-54BA75E1DA1C}.Release|x64.ActiveCfg = Release|Gaming.Desktop.x64
		{0A6D51A3-0D86-4D0E-9DAA-54BA75E1DA1C}.Release|x86.ActiveCfg = Release|Gaming.Desktop.x64
		{AAF08544-8AAA-41A5-A86B-2AF4D8985258}.Debug|ARM.ActiveCfg = Debug|ARM
		{AAF08544-8AAA-41A5-A86B-2AF4D8985258}.Debug|ARM.Build.0 = Debug|ARM
		{AAF08544-8AAA-41A5-A86B-2AF4D8985258}.Debug|ARM64.ActiveCfg = Debug|ARM64
		{AAF08544-8AAA-41A5-A86B-2AF4D8985258}.Debug|ARM64.Build.0 = Debug|ARM64
		{AAF08544-8AAA-41A5-A86B-2AF4D8985258}.Debug|Gaming.Desktop.x64.ActiveCfg = Debug|x64
		{AAF08544-8AAA-41A5-A86B-2AF4D8985258}.Debug|x64.ActiveCfg = Debug|x64
		{AAF08544-8AAA-41A5-A86B-2AF4D8985258}.Debug|x64.Build.0 = Debug|x64
		{AAF08544-8AAA-41A5-A86B-2AF4D8985258}.Debug|x86.ActiveCfg = Debug|Win32
		{AAF08544-8AAA-41A5-A86B-2AF4D8985258}.Debug|x86.Build.0 = Debug|Win32
		{AAF08544-8AAA-41A5-A86B-2AF4D8985258}.Release|ARM.ActiveCfg = Release|ARM
		{AAF08544-8AAA-41A5-A86B-2AF4D8985258}.Release|ARM.Build.0 = Release|ARM
		{AAF08544-8AAA-41A5-A86B-2AF4D8985258}.Release|ARM64.ActiveCfg = Release|ARM64
		{AAF08544-8AAA-41A5-A86B-2AF4D8985258}.Release|ARM64.Build.0 = Release|ARM64
		{AAF08544-8AAA-41A5-A86B-2AF4D8985258}.Release|Gaming.Desktop.x64.ActiveCfg = Release|x64
		{AAF08544-8AAA-41A5-A86B-2AF4D8985258}.Release|x64.ActiveCfg = Release|x64
		{AAF08544-8AAA-41A5-A86B-2AF4D8985258}.Release|x64.Build.0 = Release|x64
		{AAF08544-8AAA-41A5-A86B-2AF4D8985258}.Release|x86.ActiveCfg = Release|Win32
		{AAF08544-8AAA-41A5-A86B-2AF4D8985258}.Release|x86.Build.0 = Release|Win32
		{16AA2EBE-6D49-41B7-A13F-887C12E78715}.Debug|ARM.ActiveCfg = Debug|ARM
		{16AA2EBE-6D49-41B7-A13F-887C12E78715}.Debug|ARM.Build.0 = Debug|ARM
		{16AA2EBE-6D49-41B7-A13F-887C12E78715}.Debug|ARM64.ActiveCfg = Debug|ARM64
		{16AA2EBE-6D49-41B7-A13F-887C12E78715}.Debug|ARM64.Build.0 = Debug|ARM64
		{16AA2EBE-6D49-41B7-A13F-887C12E78715}.Debug|Gaming.Desktop.x64.ActiveCfg = Debug|x64
		{16AA2EBE-6D49-41B7-A13F-887C12E78715}.Debug|x64.ActiveCfg = Debug|x64
		{16AA2EBE-6D49-41B7-A13F-887C12E78715}.Debug|x64.Build.0 = Debug|x64
		{16AA2EBE-6D49-41B7-A13F-887C12E78715}.Debug|x86.ActiveCfg = Debug|Win32
		{16AA2EBE-6D49-41B7-A13F-887C12E78715}.Debug|x86.Build.0 = Debug|Win32
		{16AA2EBE-6D49-41B7-A13F-887C12E78715}.Release|ARM.ActiveCfg = Release|ARM
		{16AA2EBE-6D49-41B7-A13F-887C12E78715}.Release|ARM.Build.0 = Release|ARM
		{16AA2EBE-6D49-41B7-A13F-887C12E78715}.Release|ARM64.ActiveCfg = Release|ARM64
		{16AA2EBE-6D49-41B7-A13F-887C12E78715}.Release|ARM64.Build.0 = Release|ARM64
		{16AA2EBE-6D49-41B7-A13F-887C12E78715}.Release|Gaming.Desktop.x64.ActiveCfg = Release|x64
		{16AA2EBE-6D49-41B7-A13F-887C12E78715}.Release|x64.ActiveCfg = Release|x64
		{16AA2EBE-6D49-41B7-A13F-887C12E78715}.Release|x64.Build.0 = Release|x64
		{16AA2EBE-6D49-41B7-A13F-887C12E78715}.Release|x86.ActiveCfg = Release|Win32
		{16AA2EBE-6D49-41B7-A13F-887C12E78715}.Release|x86.Build.0 = Release|Win32
		{00867B85-BAE6-4129-85EA-18CCFA002E00}.Debug|ARM.ActiveCfg = Debug|ARM
		{00867B85-BAE6-4129-85EA-18CCFA002E00}.Debug|ARM.Build.0 = Debug|ARM
		{00867B85-BAE6-4129-85EA-18CCFA002E00}.Debug|ARM64.ActiveCfg = Debug|ARM64
		{00867B85-BAE6-4129-85EA-18CCFA002E00}.Debug|ARM64.Build.0 = Debug|ARM64
		{00867B85-BAE6-4129-85EA-18CCFA002E00}.Debug|Gaming.Desktop.x64.ActiveCfg = Debug|x64
		{00867B85-BAE6-4129-85EA-18CCFA002E00}.Debug|x64.ActiveCfg = Debug|x64
		{00867B85-BAE6-4129-85EA-18CCFA002E00}.Debug|x64.Build.0 = Debug|x64
		{00867B85-BAE6-4129-85EA-18CCFA002E00}.Debug|x86.ActiveCfg = Debug|Win32
		{00867B85-BAE6-4129-85EA-18CCFA002E00}.Debug|x86.Build.0 = Debug|Win32
		{00867B85-BAE6-4129-85EA-18CCFA002E00}.Release|ARM.ActiveCfg = Release|ARM
		{00867B85-BAE6-4129-85EA-18CCFA002E00}.Release|ARM.Build.0 = Release|ARM
		{00867B85-BAE6-4129-85EA-18CCFA002E00}.Release|ARM64.ActiveCfg = Release|ARM64
		{00867B85-BAE6-4129-85EA-18CCFA002E00}.Release|ARM64.Build.0 = Release|ARM64
		{00867B85-BAE6-4129-85EA-18CCFA002E00}.Release|Gaming.Desktop.x64.ActiveCfg = Release|x64
		{00867B85-BAE6-4129-85EA-18CCFA002E00}.Release|x64.ActiveCfg = Release|x64
		{00867B85-BAE6-4129-85EA-18CCFA002E00}.Release|x64.Build.0 = Release|x64
		{00867B85-BAE6-4129-85EA-18CCFA002E00}.Release|x86.ActiveCfg = Release|Win32
		{00867B85-BAE6-4129-85EA-18CCFA002E00}.Release|x86.Build.0 = Release|Win32
		{2DFBBF3A-6D4B-4FF8-BD01-C9527A1FE0AC}.Debug|ARM.ActiveCfg = Debug|ARM
		{2DFBBF3A-6D4B-4FF8-BD01-C9527A1FE0AC}.Debug|ARM.Build.0 = Debug|ARM
		{2DFBBF3A-6D4B-4FF8-BD01-C9527A1FE0AC}.Debug|ARM.Deploy.0 = Debug|ARM
		{2DFBBF3A-6D4B-4FF8-BD01-C9527A1FE0AC}.Debug|ARM64.ActiveCfg = Debug|ARM64
		{2DFBBF3A-6D4B-4FF8-BD01-C9527A1FE0AC}.Debug|ARM64.Build.0 = Debug|ARM64
		{2DFBBF3A-6D4B-4FF8-BD01-C9527A1FE0AC}.Debug|ARM64.Deploy.0 = Debug|ARM64
		{2DFBBF3A-6D4B-4FF8-BD01-C9527A1FE0AC}.Debug|Gaming.Desktop.x64.ActiveCfg = Debug|x64
		{2DFBBF3A-6D4B-4FF8-BD01-C9527A1FE0AC}.Debug|Gaming.Desktop.x64.Build.0 = Debug|x64
		{2DFBBF3A-6D4B-4FF8-BD01-C9527A1FE0AC}.Debug|Gaming.Desktop.x64.Deploy.0 = Debug|x64
		{2DFBBF3A-6D4B-4FF8-BD01-C9527A1FE0AC}.Debug|x64.ActiveCfg = Debug|x64
		{2DFBBF3A-6D4B-4FF8-BD01-C9527A1FE0AC}.Debug|x64.Build.0 = Debug|x64
		{2DFBBF3A-6D4B-4FF8-BD01-C9527A1FE0AC}.Debug|x64.Deploy.0 = Debug|x64
		{2DFBBF3A-6D4B-4FF8-BD01-C9527A1FE0AC}.Debug|x86.ActiveCfg = Debug|Win32
		{2DFBBF3A-6D4B-4FF8-BD01-C9527A1FE0AC}.Debug|x86.Build.0 = Debug|Win32
		{2DFBBF3A-6D4B-4FF8-BD01-C9527A1FE0AC}.Debug|x86.Deploy.0 = Debug|Win32
		{2DFBBF3A-6D4B-4FF8-BD01-C9527A1FE0AC}.Release|ARM.ActiveCfg = Release|ARM
		{2DFBBF3A-6D4B-4FF8-BD01-C9527A1FE0AC}.Release|ARM.Build.0 = Release|ARM
		{2DFBBF3A-6D4B-4FF8-BD01-C9527A1FE0AC}.Release|ARM.Deploy.0 = Release|ARM
		{2DFBBF3A-6D4B-4FF8-BD01-C9527A1FE0AC}.Release|ARM64.ActiveCfg = Release|ARM64
		{2DFBBF3A-6D4B-4FF8-BD01-C9527A1FE0AC}.Release|ARM64.Build.0 = Release|ARM64
		{2DFBBF3A-6D4B-4FF8-BD01-C9527A1FE0AC}.Release|ARM64.Deploy.0 = Release|ARM64
		{2DFBBF3A-6D4B-4FF8-BD01-C9527A1FE0AC}.Release|Gaming.Desktop.x64.ActiveCfg = Release|x64
		{2DFBBF3A-6D4B-4FF8-BD01-C9527A1FE0AC}.Release|Gaming.Desktop.x64.Deploy.0 = Release|x64
		{2DFBBF3A-6D4B-4FF8-BD01-C9527A1FE0AC}.Release|x64.ActiveCfg = Release|x64
		{2DFBBF3A-6D4B-4FF8-BD01-C9527A1FE0AC}.Release|x64.Build.0 = Release|x64
		{2DFBBF3A-6D4B-4FF8-BD01-C9527A1FE0AC}.Release|x64.Deploy.0 = Release|x64
		{2DFBBF3A-6D4B-4FF8-BD01-C9527A1FE0AC}.Release|x86.ActiveCfg = Release|Win32
		{2DFBBF3A-6D4B-4FF8-BD01-C9527A1FE0AC}.Release|x86.Build.0 = Release|Win32
		{2DFBBF3A-6D4B-4FF8-BD01-C9527A1FE0AC}.Release|x86.Deploy.0 = Release|Win32
		{2E55AA9F-A132-477C-B4FF-B4CD551E4322}.Debug|ARM.ActiveCfg = Debug|ARM
		{2E55AA9F-A132-477C-B4FF-B4CD551E4322}.Debug|ARM.Build.0 = Debug|ARM
		{2E55AA9F-A132-477C-B4FF-B4CD551E4322}.Debug|ARM64.ActiveCfg = Debug|ARM64
		{2E55AA9F-A132-477C-B4FF-B4CD551E4322}.Debug|ARM64.Build.0 = Debug|ARM64
		{2E55AA9F-A132-477C-B4FF-B4CD551E4322}.Debug|Gaming.Desktop.x64.ActiveCfg = Debug|x64
		{2E55AA9F-A132-477C-B4FF-B4CD551E4322}.Debug|x64.ActiveCfg = Debug|x64
		{2E55AA9F-A132-477C-B4FF-B4CD551E4322}.Debug|x64.Build.0 = Debug|x64
		{2E55AA9F-A132-477C-B4FF-B4CD551E4322}.Debug|x86.ActiveCfg = Debug|Win32
		{2E55AA9F-A132-477C-B4FF-B4CD551E4322}.Debug|x86.Build.0 = Debug|Win32
		{2E55AA9F-A132-477C-B4FF-B4CD551E4322}.Release|ARM.ActiveCfg = Release|ARM
		{2E55AA9F-A132-477C-B4FF-B4CD551E4322}.Release|ARM.Build.0 = Release|ARM
		{2E55AA9F-A132-477C-B4FF-B4CD551E4322}.Release|ARM64.ActiveCfg = Release|ARM64
		{2E55AA9F-A132-477C-B4FF-B4CD551E4322}.Release|ARM64.Build.0 = Release|ARM64
		{2E55AA9F-A132-477C-B4FF-B4CD551E4322}.Release|Gaming.Desktop.x64.ActiveCfg = Release|x64
		{2E55AA9F-A132-477C-B4FF-B4CD551E4322}.Release|x64.ActiveCfg = Release|x64
		{2E55AA9F-A132-477C-B4FF-B4CD551E4322}.Release|x64.Build.0 = Release|x64
		{2E55AA9F-A132-477C-B4FF-B4CD551E4322}.Release|x86.ActiveCfg = Release|Win32
		{2E55AA9F-A132-477C-B4FF-B4CD551E4322}.Release|x86.Build.0 = Release|Win32
		{99542110-3CCD-4525-B607-DB8F6E76AEAC}.Debug|ARM.ActiveCfg = Debug|ARM
		{99542110-3CCD-4525-B607-DB8F6E76AEAC}.Debug|ARM.Build.0 = Debug|ARM
		{99542110-3CCD-4525-B607-DB8F6E76AEAC}.Debug|ARM.Deploy.0 = Debug|ARM
		{99542110-3CCD-4525-B607-DB8F6E76AEAC}.Debug|ARM64.ActiveCfg = Debug|ARM64
		{99542110-3CCD-4525-B607-DB8F6E76AEAC}.Debug|ARM64.Build.0 = Debug|ARM64
		{99542110-3CCD-4525-B607-DB8F6E76AEAC}.Debug|ARM64.Deploy.0 = Debug|ARM64
		{99542110-3CCD-4525-B607-DB8F6E76AEAC}.Debug|Gaming.Desktop.x64.ActiveCfg = Debug|x64
		{99542110-3CCD-4525-B607-DB8F6E76AEAC}.Debug|Gaming.Desktop.x64.Deploy.0 = Debug|x64
		{99542110-3CCD-4525-B607-DB8F6E76AEAC}.Debug|x64.ActiveCfg = Debug|x64
		{99542110-3CCD-4525-B607-DB8F6E76AEAC}.Debug|x64.Build.0 = Debug|x64
		{99542110-3CCD-4525-B607-DB8F6E76AEAC}.Debug|x64.Deploy.0 = Debug|x64
		{99542110-3CCD-4525-B607-DB8F6E76AEAC}.Debug|x86.ActiveCfg = Debug|Win32
		{99542110-3CCD-4525-B607-DB8F6E76AEAC}.Debug|x86.Build.0 = Debug|Win32
		{99542110-3CCD-4525-B607-DB8F6E76AEAC}.Debug|x86.Deploy.0 = Debug|Win32
		{99542110-3CCD-4525-B607-DB8F6E76AEAC}.Release|ARM.ActiveCfg = Release|ARM
		{99542110-3CCD-4525-B607-DB8F6E76AEAC}.Release|ARM.Build.0 = Release|ARM
		{99542110-3CCD-4525-B607-DB8F6E76AEAC}.Release|ARM.Deploy.0 = Release|ARM
		{99542110-3CCD-4525-B607-DB8F6E76AEAC}.Release|ARM64.ActiveCfg = Release|ARM64
		{99542110-3CCD-4525-B607-DB8F6E76AEAC}.Release|ARM64.Build.0 = Release|ARM64
		{99542110-3CCD-4525-B607-DB8F6E76AEAC}.Release|ARM64.Deploy.0 = Release|ARM64
		{99542110-3CCD-4525-B607-DB8F6E76AEAC}.Release|Gaming.Desktop.x64.ActiveCfg = Release|x64
		{99542110-3CCD-4525-B607-DB8F6E76AEAC}.Release|Gaming.Desktop.x64.Deploy.0 = Release|x64
		{99542110-3CCD-4525-B607-DB8F6E76AEAC}.Release|x64.ActiveCfg = Release|x64
		{99542110-3CCD-4525-B607-DB8F6E76AEAC}.Release|x64.Build.0 = Release|x64
		{99542110-3CCD-4525-B607-DB8F6E76AEAC}.Release|x64.Deploy.0 = Release|x64
		{99542110-3CCD-4525-B607-DB8F6E76AEAC}.Release|x86.ActiveCfg = Release|Win32
		{99542110-3CCD-4525-B607-DB8F6E76AEAC}.Release|x86.Build.0 = Release|Win32
		{99542110-3CCD-4525-B607-DB8F6E76AEAC}.Release|x86.Deploy.0 = Release|Win32
		{591520A6-680D-4AD7-AACB-8C2C877F8BAE}.Debug|ARM.ActiveCfg = Debug|ARM
		{591520A6-680D-4AD7-AACB-8C2C877F8BAE}.Debug|ARM.Build.0 = Debug|ARM
		{591520A6-680D-4AD7-AACB-8C2C877F8BAE}.Debug|ARM64.ActiveCfg = Debug|ARM64
		{591520A6-680D-4AD7-AACB-8C2C877F8BAE}.Debug|ARM64.Build.0 = Debug|ARM64
		{591520A6-680D-4AD7-AACB-8C2C877F8BAE}.Debug|Gaming.Desktop.x64.ActiveCfg = Debug|x64
		{591520A6-680D-4AD7-AACB-8C2C877F8BAE}.Debug|x64.ActiveCfg = Debug|x64
		{591520A6-680D-4AD7-AACB-8C2C877F8BAE}.Debug|x64.Build.0 = Debug|x64
		{591520A6-680D-4AD7-AACB-8C2C877F8BAE}.Debug|x86.ActiveCfg = Debug|Win32
		{591520A6-680D-4AD7-AACB-8C2C877F8BAE}.Debug|x86.Build.0 = Debug|Win32
		{591520A6-680D-4AD7-AACB-8C2C877F8BAE}.Release|ARM.ActiveCfg = Release|ARM
		{591520A6-680D-4AD7-AACB-8C2C877F8BAE}.Release|ARM.Build.0 = Release|ARM
		{591520A6-680D-4AD7-AACB-8C2C877F8BAE}.Release|ARM64.ActiveCfg = Release|ARM64
		{591520A6-680D-4AD7-AACB-8C2C877F8BAE}.Release|ARM64.Build.0 = Release|ARM64
		{591520A6-680D-4AD7-AACB-8C2C877F8BAE}.Release|Gaming.Desktop.x64.ActiveCfg = Release|x64
		{591520A6-680D-4AD7-AACB-8C2C877F8BAE}.Release|x64.ActiveCfg = Release|x64
		{591520A6-680D-4AD7-AACB-8C2C877F8BAE}.Release|x64.Build.0 = Release|x64
		{591520A6-680D-4AD7-AACB-8C2C877F8BAE}.Release|x86.ActiveCfg = Release|Win32
		{591520A6-680D-4AD7-AACB-8C2C877F8BAE}.Release|x86.Build.0 = Release|Win32
		{267629EF-20A2-4FFB-8DC8-A8534E98FCEB}.Debug|ARM.ActiveCfg = Debug|ARM
		{267629EF-20A2-4FFB-8DC8-A8534E98FCEB}.Debug|ARM.Build.0 = Debug|ARM
		{267629EF-20A2-4FFB-8DC8-A8534E98FCEB}.Debug|ARM64.ActiveCfg = Debug|ARM64
		{267629EF-20A2-4FFB-8DC8-A8534E98FCEB}.Debug|ARM64.Build.0 = Debug|ARM64
		{267629EF-20A2-4FFB-8DC8-A8534E98FCEB}.Debug|Gaming.Desktop.x64.ActiveCfg = Debug|x64
		{267629EF-20A2-4FFB-8DC8-A8534E98FCEB}.Debug|x64.ActiveCfg = Debug|x64
		{267629EF-20A2-4FFB-8DC8-A8534E98FCEB}.Debug|x64.Build.0 = Debug|x64
		{267629EF-20A2-4FFB-8DC8-A8534E98FCEB}.Debug|x86.ActiveCfg = Debug|Win32
		{267629EF-20A2-4FFB-8DC8-A8534E98FCEB}.Debug|x86.Build.0 = Debug|Win32
		{267629EF-20A2-4FFB-8DC8-A8534E98FCEB}.Release|ARM.ActiveCfg = Release|ARM
		{267629EF-20A2-4FFB-8DC8-A8534E98FCEB}.Release|ARM.Build.0 = Release|ARM
		{267629EF-20A2-4FFB-8DC8-A8534E98FCEB}.Release|ARM64.ActiveCfg = Release|ARM64
		{267629EF-20A2-4FFB-8DC8-A8534E98FCEB}.Release|ARM64.Build.0 = Release|ARM64
		{267629EF-20A2-4FFB-8DC8-A8534E98FCEB}.Release|Gaming.Desktop.x64.ActiveCfg = Release|x64
		{267629EF-20A2-4FFB-8DC8-A8534E98FCEB}.Release|x64.ActiveCfg = Release|x64
		{267629EF-20A2-4FFB-8DC8-A8534E98FCEB}.Release|x64.Build.0 = Release|x64
		{267629EF-20A2-4FFB-8DC8-A8534E98FCEB}.Release|x86.ActiveCfg = Release|Win32
		{267629EF-20A2-4FFB-8DC8-A8534E98FCEB}.Release|x86.Build.0 = Release|Win32
		{E885BB30-F51E-4BAB-9300-4B303144BB49}.Debug|ARM.ActiveCfg = Debug|ARM
		{E885BB30-F51E-4BAB-9300-4B303144BB49}.Debug|ARM.Build.0 = Debug|ARM
		{E885BB30-F51E-4BAB-9300-4B303144BB49}.Debug|ARM64.ActiveCfg = Debug|ARM64
		{E885BB30-F51E-4BAB-9300-4B303144BB49}.Debug|ARM64.Build.0 = Debug|ARM64
		{E885BB30-F51E-4BAB-9300-4B303144BB49}.Debug|Gaming.Desktop.x64.ActiveCfg = Debug|x64
		{E885BB30-F51E-4BAB-9300-4B303144BB49}.Debug|x64.ActiveCfg = Debug|x64
		{E885BB30-F51E-4BAB-9300-4B303144BB49}.Debug|x64.Build.0 = Debug|x64
		{E885BB30-F51E-4BAB-9300-4B303144BB49}.Debug|x86.ActiveCfg = Debug|Win32
		{E885BB30-F51E-4BAB-9300-4B303144BB49}.Debug|x86.Build.0 = Debug|Win32
		{E885BB30-F51E-4BAB-9300-4B303144BB49}.Release|ARM.ActiveCfg = Release|ARM
		{E885BB30-F51E-4BAB-9300-4B303144BB49}.Release|ARM.Build.0 = Release|ARM
		{E885BB30-F51E-4BAB-9300-4B303144BB49}.Release|ARM64.ActiveCfg = Release|ARM64
		{E885BB30-F51E-4BAB-9300-4B303144BB49}.Release|ARM64.Build.0 = Release|ARM64
		{E885BB30-F51E-4BAB-9300-4B303144BB49}.Release|Gaming.Desktop.x64.ActiveCfg = Release|x64
		{E885BB30-F51E-4BAB-9300-4B303144BB49}.Release|x64.ActiveCfg = Release|x64
		{E885BB30-F51E-4BAB-9300-4B303144BB49}.Release|x64.Build.0 = Release|x64
		{E885BB30-F51E-4BAB-9300-4B303144BB49}.Release|x86.ActiveCfg = Release|Win32
		{E885BB30-F51E-4BAB-9300-4B303144BB49}.Release|x86.Build.0 = Release|Win32
		{9DD2BA60-6505-493A-8C41-8085C44E9F1F}.Debug|ARM.ActiveCfg = Debug|ARM
		{9DD2BA60-6505-493A-8C41-8085C44E9F1F}.Debug|ARM.Build.0 = Debug|ARM
		{9DD2BA60-6505-493A-8C41-8085C44E9F1F}.Debug|ARM64.ActiveCfg = Debug|ARM64
		{9DD2BA60-6505-493A-8C41-8085C44E9F1F}.Debug|ARM64.Build.0 = Debug|ARM64
		{9DD2BA60-6505-493A-8C41-8085C44E9F1F}.Debug|Gaming.Desktop.x64.ActiveCfg = Debug|x64
		{9DD2BA60-6505-493A-8C41-8085C44E9F1F}.Debug|x64.ActiveCfg = Debug|x64
		{9DD2BA60-6505-493A-8C41-8085C44E9F1F}.Debug|x64.Build.0 = Debug|x64
		{9DD2BA60-6505-493A-8C41-8085C44E9F1F}.Debug|x86.ActiveCfg = Debug|Win32
		{9DD2BA60-6505-493A-8C41-8085C44E9F1F}.Debug|x86.Build.0 = Debug|Win32
		{9DD2BA60-6505-493A-8C41-8085C44E9F1F}.Release|ARM.ActiveCfg = Release|ARM
		{9DD2BA60-6505-493A-8C41-8085C44E9F1F}.Release|ARM.Build.0 = Release|ARM
		{9DD2BA60-6505-493A-8C41-8085C44E9F1F}.Release|ARM64.ActiveCfg = Release|ARM64
		{9DD2BA60-6505-493A-8C41-8085C44E9F1F}.Release|ARM64.Build.0 = Release|ARM64
		{9DD2BA60-6505-493A-8C41-8085C44E9F1F}.Release|Gaming.Desktop.x64.ActiveCfg = Release|x64
		{9DD2BA60-6505-493A-8C41-8085C44E9F1F}.Release|x64.ActiveCfg = Release|x64
		{9DD2BA60-6505-493A-8C41-8085C44E9F1F}.Release|x64.Build.0 = Release|x64
		{9DD2BA60-6505-493A-8C41-8085C44E9F1F}.Release|x86.ActiveCfg = Release|Win32
		{9DD2BA60-6505-493A-8C41-8085C44E9F1F}.Release|x86.Build.0 = Release|Win32
	EndGlobalSection
	GlobalSection(SolutionProperties) = preSolution
		HideSolutionNode = FALSE
	EndGlobalSection
	GlobalSection(NestedProjects) = preSolution
		{D980F91B-92BF-4CC4-89FD-1CD99DBA870F} = {118840A6-8EB2-4D70-B0EE-65EE13E2FEAB}
		{9164C6C9-3872-4922-A3E3-3822622D3E71} = {118840A6-8EB2-4D70-B0EE-65EE13E2FEAB}
		{8CA3B500-0D89-4DB1-BA8B-98AEB468CA13} = {348C2EBE-5E0D-4008-8E9C-BD2ECF40F4BC}
		{0A6D51A3-0D86-4D0E-9DAA-54BA75E1DA1C} = {348C2EBE-5E0D-4008-8E9C-BD2ECF40F4BC}
		{47564F2B-9ED7-4527-997A-5D76C36998D1} = {AEECE539-001A-4CB1-B7A3-6E6FB345D108}
		{097E9D46-215E-43AE-B8DF-339EDF537EB6} = {118840A6-8EB2-4D70-B0EE-65EE13E2FEAB}
		{AAF08544-8AAA-41A5-A86B-2AF4D8985258} = {118840A6-8EB2-4D70-B0EE-65EE13E2FEAB}
		{D01BF0FD-D450-41DC-BFA4-62468528B91E} = {118840A6-8EB2-4D70-B0EE-65EE13E2FEAB}
		{16AA2EBE-6D49-41B7-A13F-887C12E78715} = {118840A6-8EB2-4D70-B0EE-65EE13E2FEAB}
		{2FF76652-3783-4047-8F2B-8777155F1C66} = {118840A6-8EB2-4D70-B0EE-65EE13E2FEAB}
		{00867B85-BAE6-4129-85EA-18CCFA002E00} = {2FF76652-3783-4047-8F2B-8777155F1C66}
		{7A3B2F87-A009-408F-8230-4E76CDF6AED4} = {AEECE539-001A-4CB1-B7A3-6E6FB345D108}
		{2DFBBF3A-6D4B-4FF8-BD01-C9527A1FE0AC} = {7A3B2F87-A009-408F-8230-4E76CDF6AED4}
		{2E55AA9F-A132-477C-B4FF-B4CD551E4322} = {AEECE539-001A-4CB1-B7A3-6E6FB345D108}
		{99542110-3CCD-4525-B607-DB8F6E76AEAC} = {7A3B2F87-A009-408F-8230-4E76CDF6AED4}
		{591520A6-680D-4AD7-AACB-8C2C877F8BAE} = {2FF76652-3783-4047-8F2B-8777155F1C66}
		{267629EF-20A2-4FFB-8DC8-A8534E98FCEB} = {2FF76652-3783-4047-8F2B-8777155F1C66}
		{8EF7009A-36CF-4D82-9FB7-6D69154893CF} = {6BBCD917-A163-48D8-9385-3F6135E031FE}
		{E885BB30-F51E-4BAB-9300-4B303144BB49} = {6BBCD917-A163-48D8-9385-3F6135E031FE}
		{9DD2BA60-6505-493A-8C41-8085C44E9F1F} = {6BBCD917-A163-48D8-9385-3F6135E031FE}
	EndGlobalSection
	GlobalSection(ExtensibilityGlobals) = postSolution
		SolutionGuid = {1878024A-14E8-41AD-8422-BED12651F958}
	EndGlobalSection
	GlobalSection(SharedMSBuildProjectFiles) = preSolution
		Build\libssl.Win32\libssl.Win32.vcxitems*{097e9d46-215e-43ae-b8df-339edf537eb6}*SharedItemsImports = 9
		Build\libHttpClient.Common\libHttpClient.Common.vcxitems*{0a6d51a3-0d86-4d0e-9daa-54ba75e1da1c}*SharedItemsImports = 4
		Build\libHttpClient.GDK\libHttpClient.GDK.vcxitems*{0a6d51a3-0d86-4d0e-9daa-54ba75e1da1c}*SharedItemsImports = 4
		Build\libHttpClient.Zlib\libHttpClient.Zlib.vcxitems*{0a6d51a3-0d86-4d0e-9daa-54ba75e1da1c}*SharedItemsImports = 4
		Build\libcrypto.Win32\libcrypto.Win32.vcxitems*{16aa2ebe-6d49-41b7-a13f-887c12e78715}*SharedItemsImports = 4
		Build\libHttpClient.Common\libHttpClient.Common.vcxitems*{2e55aa9f-a132-477c-b4ff-b4cd551e4322}*SharedItemsImports = 4
		Build\libHttpClient.UWP\libHttpClient.UWP.vcxitems*{2e55aa9f-a132-477c-b4ff-b4cd551e4322}*SharedItemsImports = 4
		Build\libHttpClient.XAsync\libHttpClient.XAsync.vcxitems*{2e55aa9f-a132-477c-b4ff-b4cd551e4322}*SharedItemsImports = 4
		Build\libHttpClient.UWP\libHttpClient.UWP.vcxitems*{47564f2b-9ed7-4527-997a-5d76c36998d1}*SharedItemsImports = 9
		Build\libHttpClient.Common\libHttpClient.Common.vcxitems*{673e9758-fafe-4f91-8fc1-addda12c5de5}*SharedItemsImports = 9
		Build\libHttpClient.GDK\libHttpClient.GDK.vcxitems*{8ca3b500-0d89-4db1-ba8b-98aeb468ca13}*SharedItemsImports = 9
		Build\libHttpClient.UnitTest\libHttpClient.UnitTest.vcxitems*{8ef7009a-36cf-4d82-9fb7-6d69154893cf}*SharedItemsImports = 9
		Build\libHttpClient.Common\libHttpClient.Common.vcxitems*{9164c6c9-3872-4922-a3e3-3822622d3e71}*SharedItemsImports = 4
		Build\libHttpClient.Win32\libHttpClient.Win32.vcxitems*{9164c6c9-3872-4922-a3e3-3822622d3e71}*SharedItemsImports = 4
		Build\libHttpClient.XAsync\libHttpClient.XAsync.vcxitems*{9164c6c9-3872-4922-a3e3-3822622d3e71}*SharedItemsImports = 4
		Build\libHttpClient.Zlib\libHttpClient.Zlib.vcxitems*{9164c6c9-3872-4922-a3e3-3822622d3e71}*SharedItemsImports = 4
		Build\libHttpClient.Common\libHttpClient.Common.vcxitems*{9dd2ba60-6505-493a-8c41-8085c44e9f1f}*SharedItemsImports = 4
		Build\libHttpClient.UnitTest\libHttpClient.UnitTest.vcxitems*{9dd2ba60-6505-493a-8c41-8085c44e9f1f}*SharedItemsImports = 4
		Build\libHttpClient.XAsync\libHttpClient.XAsync.vcxitems*{9dd2ba60-6505-493a-8c41-8085c44e9f1f}*SharedItemsImports = 4
		Build\libssl.Win32\libssl.Win32.vcxitems*{aaf08544-8aaa-41a5-a86b-2af4d8985258}*SharedItemsImports = 4
		Build\libHttpClient.XAsync\libHttpClient.XAsync.vcxitems*{b5118956-53cc-4b24-8807-de8d7d226b40}*SharedItemsImports = 9
		Build\libcrypto.Win32\libcrypto.Win32.vcxitems*{d01bf0fd-d450-41dc-bfa4-62468528b91e}*SharedItemsImports = 9
		Build\libHttpClient.Win32\libHttpClient.Win32.vcxitems*{d980f91b-92bf-4cc4-89fd-1cd99dba870f}*SharedItemsImports = 9
		Build\libHttpClient.Common\libHttpClient.Common.vcxitems*{e885bb30-f51e-4bab-9300-4b303144bb49}*SharedItemsImports = 4
		Build\libHttpClient.UnitTest\libHttpClient.UnitTest.vcxitems*{e885bb30-f51e-4bab-9300-4b303144bb49}*SharedItemsImports = 4
		Build\libHttpClient.XAsync\libHttpClient.XAsync.vcxitems*{e885bb30-f51e-4bab-9300-4b303144bb49}*SharedItemsImports = 4
		Build\libHttpClient.Zlib\libHttpClient.Zlib.vcxitems*{f9061dca-255b-4d5e-8df5-4afbfb4b98ef}*SharedItemsImports = 9
	EndGlobalSection
EndGlobal
