
Microsoft Visual Studio Solution File, Format Version 12.00
# Visual Studio Version 16
VisualStudioVersion = 16.0.28922.388
MinimumVisualStudioVersion = 10.0.40219.1
Project("{2150E333-8FDC-42A3-9474-1A3956D46DE8}") = "Win32", "Win32", "{0AA3F7FD-BB7C-4386-8435-F6BABE5EBED3}"
EndProject
Project("{2150E333-8FDC-42A3-9474-1A3956D46DE8}") = "UWP", "UWP", "{6FB21B4B-86D1-4883-85A2-B51771884ED8}"
EndProject
Project("{2150E333-8FDC-42A3-9474-1A3956D46DE8}") = "XDK", "XDK", "{888A3A17-4FE5-4768-B67E-B4B2B59CF895}"
EndProject
Project("{8BC9CEB8-8B4A-11D0-8D11-00A0C91BC942}") = "libHttpClient.142.Win32.C", "Build\libHttpClient.142.Win32.C\libHttpClient.142.Win32.C.vcxproj", "{9164C6C9-3872-4922-A3E3-3822622D3E71}"
EndProject
Project("{8BC9CEB8-8B4A-11D0-8D11-00A0C91BC942}") = "libHttpClient.142.UWP.C", "Build\libHttpClient.142.UWP.C\libHttpClient.142.UWP.C.vcxproj", "{09B1A97C-FADC-4E06-B962-7C8AE6EA19A3}"
EndProject
Project("{2150E333-8FDC-42A3-9474-1A3956D46DE8}") = "Tests", "Tests", "{A7CDB1FA-01AE-4507-B54A-BA54F2080A11}"
EndProject
Project("{8BC9CEB8-8B4A-11D0-8D11-00A0C91BC942}") = "libHttpClient.142.UnitTest.TE", "Build\libHttpClient.142.UnitTest.TE\libHttpClient.142.UnitTest.TE.vcxproj", "{9DD2BA60-6505-493A-8C41-8085C44E9F1F}"
EndProject
Project("{8BC9CEB8-8B4A-11D0-8D11-00A0C91BC942}") = "libHttpClient.UnitTest.142.TAEF", "Build\libHttpClient.142.UnitTest.TAEF\libHttpClient.142.UnitTest.TAEF.vcxproj", "{E885BB30-F51E-4BAB-9300-4B303144BB49}"
EndProject
Project("{2150E333-8FDC-42A3-9474-1A3956D46DE8}") = "Samples", "Samples", "{CADB9561-440F-4B5F-BC40-4D569EBF1903}"
EndProject
Project("{8BC9CEB8-8B4A-11D0-8D11-00A0C91BC942}") = "Win32Http2019", "Samples\Win32-Http\Win32Http2019.vcxproj", "{E704B78C-FD63-41E2-A82C-F1BB7A05243E}"
EndProject
Project("{2150E333-8FDC-42A3-9474-1A3956D46DE8}") = "Samples", "Samples", "{5B7AC447-943C-45D3-AD4E-3A61DA208FD8}"
EndProject
Project("{8BC9CEB8-8B4A-11D0-8D11-00A0C91BC942}") = "Http2019", "Samples\UWP-Http\Http2019.vcxproj", "{9600383A-8E5F-401B-8379-9650F3E7D9EC}"
EndProject
Project("{8BC9CEB8-8B4A-11D0-8D11-00A0C91BC942}") = "WebSocket2019", "Samples\UWP-WebSocket\WebSocket2019.vcxproj", "{E38459BD-FEB1-4C65-B0FF-1DF67EBC2593}"
EndProject
Project("{8BC9CEB8-8B4A-11D0-8D11-00A0C91BC942}") = "libcrypto.142.Win32", "Build\libcrypto.142.Win32\libcrypto.142.Win32.vcxproj", "{2C8E7AF1-A395-4695-A116-63000F910ABD}"
EndProject
Project("{8BC9CEB8-8B4A-11D0-8D11-00A0C91BC942}") = "libssl.142.Win32", "Build\libssl.142.Win32\libssl.142.Win32.vcxproj", "{13457617-8476-4708-A601-AF998F6EDF21}"
EndProject
Project("{8BC9CEB8-8B4A-11D0-8D11-00A0C91BC942}") = "Win32WebSocket2019", "Samples\Win32WebSocket\Win32WebSocket2019.vcxproj", "{9A461116-4B40-40F0-8AE0-81DD294BB92E}"
EndProject
Project("{8BC9CEB8-8B4A-11D0-8D11-00A0C91BC942}") = "libHttpClient.142.XDK.C", "Build\libHttpClient.142.XDK.C\libHttpClient.142.XDK.C.vcxproj", "{9E0EB8C2-40CD-448F-9B98-DAF9830EF9AD}"
EndProject
Project("{2150E333-8FDC-42A3-9474-1A3956D46DE8}") = "GDK", "GDK", "{9C8A0D94-F592-46D7-9491-1E464C6A8166}"
EndProject
Project("{8BC9CEB8-8B4A-11D0-8D11-00A0C91BC942}") = "libHttpClient.142.GDK.C", "Build\libHttpClient.142.GDK.C\libHttpClient.142.GDK.C.vcxproj", "{80D8061D-BBEF-414D-8F08-4D8B52C02E85}"
EndProject
Project("{8BC9CEB8-8B4A-11D0-8D11-00A0C91BC942}") = "WebSocketEchoServer", "Samples\WebSocketEchoServer\WebSocketEchoServer.vcxproj", "{267629EF-20A2-4FFB-8DC8-A8534E98FCEB}"
EndProject
Global
	GlobalSection(SolutionConfigurationPlatforms) = preSolution
		Debug|Any CPU = Debug|Any CPU
		Debug|ARM = Debug|ARM
		Debug|ARM64 = Debug|ARM64
		Debug|Durango = Debug|Durango
		Debug|Gaming.Desktop.x64 = Debug|Gaming.Desktop.x64
		Debug|x64 = Debug|x64
		Debug|x86 = Debug|x86
		Profile|Any CPU = Profile|Any CPU
		Profile|ARM = Profile|ARM
		Profile|ARM64 = Profile|ARM64
		Profile|Durango = Profile|Durango
		Profile|Gaming.Desktop.x64 = Profile|Gaming.Desktop.x64
		Profile|x64 = Profile|x64
		Profile|x86 = Profile|x86
		Release|Any CPU = Release|Any CPU
		Release|ARM = Release|ARM
		Release|ARM64 = Release|ARM64
		Release|Durango = Release|Durango
		Release|Gaming.Desktop.x64 = Release|Gaming.Desktop.x64
		Release|x64 = Release|x64
		Release|x86 = Release|x86
	EndGlobalSection
	GlobalSection(ProjectConfigurationPlatforms) = postSolution
		{9164C6C9-3872-4922-A3E3-3822622D3E71}.Debug|Any CPU.ActiveCfg = Debug|Win32
		{9164C6C9-3872-4922-A3E3-3822622D3E71}.Debug|ARM.ActiveCfg = Debug|x64
		{9164C6C9-3872-4922-A3E3-3822622D3E71}.Debug|ARM64.ActiveCfg = Debug|x64
		{9164C6C9-3872-4922-A3E3-3822622D3E71}.Debug|Durango.ActiveCfg = Debug|Win32
		{9164C6C9-3872-4922-A3E3-3822622D3E71}.Debug|Gaming.Desktop.x64.ActiveCfg = Debug|Win32
		{9164C6C9-3872-4922-A3E3-3822622D3E71}.Debug|x64.ActiveCfg = Debug|x64
		{9164C6C9-3872-4922-A3E3-3822622D3E71}.Debug|x64.Build.0 = Debug|x64
		{9164C6C9-3872-4922-A3E3-3822622D3E71}.Debug|x86.ActiveCfg = Debug|Win32
		{9164C6C9-3872-4922-A3E3-3822622D3E71}.Debug|x86.Build.0 = Debug|Win32
		{9164C6C9-3872-4922-A3E3-3822622D3E71}.Profile|Any CPU.ActiveCfg = Release|Win32
		{9164C6C9-3872-4922-A3E3-3822622D3E71}.Profile|Any CPU.Build.0 = Release|Win32
		{9164C6C9-3872-4922-A3E3-3822622D3E71}.Profile|ARM.ActiveCfg = Release|x64
		{9164C6C9-3872-4922-A3E3-3822622D3E71}.Profile|ARM64.ActiveCfg = Release|x64
		{9164C6C9-3872-4922-A3E3-3822622D3E71}.Profile|Durango.ActiveCfg = Release|x64
		{9164C6C9-3872-4922-A3E3-3822622D3E71}.Profile|Gaming.Desktop.x64.ActiveCfg = Debug|ARM
		{9164C6C9-3872-4922-A3E3-3822622D3E71}.Profile|Gaming.Desktop.x64.Build.0 = Debug|ARM
		{9164C6C9-3872-4922-A3E3-3822622D3E71}.Profile|x64.ActiveCfg = Release|x64
		{9164C6C9-3872-4922-A3E3-3822622D3E71}.Profile|x64.Build.0 = Release|x64
		{9164C6C9-3872-4922-A3E3-3822622D3E71}.Profile|x86.ActiveCfg = Release|Win32
		{9164C6C9-3872-4922-A3E3-3822622D3E71}.Profile|x86.Build.0 = Release|Win32
		{9164C6C9-3872-4922-A3E3-3822622D3E71}.Release|Any CPU.ActiveCfg = Release|Win32
		{9164C6C9-3872-4922-A3E3-3822622D3E71}.Release|ARM.ActiveCfg = Release|x64
		{9164C6C9-3872-4922-A3E3-3822622D3E71}.Release|ARM64.ActiveCfg = Release|x64
		{9164C6C9-3872-4922-A3E3-3822622D3E71}.Release|Durango.ActiveCfg = Release|Win32
		{9164C6C9-3872-4922-A3E3-3822622D3E71}.Release|Gaming.Desktop.x64.ActiveCfg = Release|Win32
		{9164C6C9-3872-4922-A3E3-3822622D3E71}.Release|x64.ActiveCfg = Release|x64
		{9164C6C9-3872-4922-A3E3-3822622D3E71}.Release|x64.Build.0 = Release|x64
		{9164C6C9-3872-4922-A3E3-3822622D3E71}.Release|x86.ActiveCfg = Release|Win32
		{9164C6C9-3872-4922-A3E3-3822622D3E71}.Release|x86.Build.0 = Release|Win32
		{09B1A97C-FADC-4E06-B962-7C8AE6EA19A3}.Debug|Any CPU.ActiveCfg = Debug|Win32
		{09B1A97C-FADC-4E06-B962-7C8AE6EA19A3}.Debug|ARM.ActiveCfg = Debug|ARM
		{09B1A97C-FADC-4E06-B962-7C8AE6EA19A3}.Debug|ARM.Build.0 = Debug|ARM
		{09B1A97C-FADC-4E06-B962-7C8AE6EA19A3}.Debug|ARM64.ActiveCfg = Debug|ARM64
		{09B1A97C-FADC-4E06-B962-7C8AE6EA19A3}.Debug|ARM64.Build.0 = Debug|ARM64
		{09B1A97C-FADC-4E06-B962-7C8AE6EA19A3}.Debug|Durango.ActiveCfg = Debug|Win32
		{09B1A97C-FADC-4E06-B962-7C8AE6EA19A3}.Debug|Gaming.Desktop.x64.ActiveCfg = Debug|Win32
		{09B1A97C-FADC-4E06-B962-7C8AE6EA19A3}.Debug|x64.ActiveCfg = Debug|x64
		{09B1A97C-FADC-4E06-B962-7C8AE6EA19A3}.Debug|x64.Build.0 = Debug|x64
		{09B1A97C-FADC-4E06-B962-7C8AE6EA19A3}.Debug|x86.ActiveCfg = Debug|Win32
		{09B1A97C-FADC-4E06-B962-7C8AE6EA19A3}.Debug|x86.Build.0 = Debug|Win32
		{09B1A97C-FADC-4E06-B962-7C8AE6EA19A3}.Profile|Any CPU.ActiveCfg = Release|Win32
		{09B1A97C-FADC-4E06-B962-7C8AE6EA19A3}.Profile|ARM.ActiveCfg = Release|ARM
		{09B1A97C-FADC-4E06-B962-7C8AE6EA19A3}.Profile|ARM.Build.0 = Release|ARM
		{09B1A97C-FADC-4E06-B962-7C8AE6EA19A3}.Profile|ARM64.ActiveCfg = Release|ARM64
		{09B1A97C-FADC-4E06-B962-7C8AE6EA19A3}.Profile|ARM64.Build.0 = Release|ARM64
		{09B1A97C-FADC-4E06-B962-7C8AE6EA19A3}.Profile|Durango.ActiveCfg = Release|x64
		{09B1A97C-FADC-4E06-B962-7C8AE6EA19A3}.Profile|Gaming.Desktop.x64.ActiveCfg = Release|x64
		{09B1A97C-FADC-4E06-B962-7C8AE6EA19A3}.Profile|Gaming.Desktop.x64.Build.0 = Release|x64
		{09B1A97C-FADC-4E06-B962-7C8AE6EA19A3}.Profile|x64.ActiveCfg = Release|x64
		{09B1A97C-FADC-4E06-B962-7C8AE6EA19A3}.Profile|x64.Build.0 = Release|x64
		{09B1A97C-FADC-4E06-B962-7C8AE6EA19A3}.Profile|x86.ActiveCfg = Release|Win32
		{09B1A97C-FADC-4E06-B962-7C8AE6EA19A3}.Profile|x86.Build.0 = Release|Win32
		{09B1A97C-FADC-4E06-B962-7C8AE6EA19A3}.Release|Any CPU.ActiveCfg = Release|Win32
		{09B1A97C-FADC-4E06-B962-7C8AE6EA19A3}.Release|ARM.ActiveCfg = Release|ARM
		{09B1A97C-FADC-4E06-B962-7C8AE6EA19A3}.Release|ARM.Build.0 = Release|ARM
		{09B1A97C-FADC-4E06-B962-7C8AE6EA19A3}.Release|ARM64.ActiveCfg = Release|ARM64
		{09B1A97C-FADC-4E06-B962-7C8AE6EA19A3}.Release|ARM64.Build.0 = Release|ARM64
		{09B1A97C-FADC-4E06-B962-7C8AE6EA19A3}.Release|Durango.ActiveCfg = Release|Win32
		{09B1A97C-FADC-4E06-B962-7C8AE6EA19A3}.Release|Gaming.Desktop.x64.ActiveCfg = Release|Win32
		{09B1A97C-FADC-4E06-B962-7C8AE6EA19A3}.Release|x64.ActiveCfg = Release|x64
		{09B1A97C-FADC-4E06-B962-7C8AE6EA19A3}.Release|x64.Build.0 = Release|x64
		{09B1A97C-FADC-4E06-B962-7C8AE6EA19A3}.Release|x86.ActiveCfg = Release|Win32
		{09B1A97C-FADC-4E06-B962-7C8AE6EA19A3}.Release|x86.Build.0 = Release|Win32
		{9DD2BA60-6505-493A-8C41-8085C44E9F1F}.Debug|Any CPU.ActiveCfg = Debug|Win32
		{9DD2BA60-6505-493A-8C41-8085C44E9F1F}.Debug|ARM.ActiveCfg = Debug|x64
		{9DD2BA60-6505-493A-8C41-8085C44E9F1F}.Debug|ARM64.ActiveCfg = Debug|x64
		{9DD2BA60-6505-493A-8C41-8085C44E9F1F}.Debug|Durango.ActiveCfg = Debug|Win32
		{9DD2BA60-6505-493A-8C41-8085C44E9F1F}.Debug|Gaming.Desktop.x64.ActiveCfg = Debug|Win32
		{9DD2BA60-6505-493A-8C41-8085C44E9F1F}.Debug|x64.ActiveCfg = Debug|x64
		{9DD2BA60-6505-493A-8C41-8085C44E9F1F}.Debug|x64.Build.0 = Debug|x64
		{9DD2BA60-6505-493A-8C41-8085C44E9F1F}.Debug|x86.ActiveCfg = Debug|Win32
		{9DD2BA60-6505-493A-8C41-8085C44E9F1F}.Debug|x86.Build.0 = Debug|Win32
		{9DD2BA60-6505-493A-8C41-8085C44E9F1F}.Profile|Any CPU.ActiveCfg = Release|Win32
		{9DD2BA60-6505-493A-8C41-8085C44E9F1F}.Profile|Any CPU.Build.0 = Release|Win32
		{9DD2BA60-6505-493A-8C41-8085C44E9F1F}.Profile|ARM.ActiveCfg = Release|x64
		{9DD2BA60-6505-493A-8C41-8085C44E9F1F}.Profile|ARM64.ActiveCfg = Release|x64
		{9DD2BA60-6505-493A-8C41-8085C44E9F1F}.Profile|Durango.ActiveCfg = Release|x64
		{9DD2BA60-6505-493A-8C41-8085C44E9F1F}.Profile|Gaming.Desktop.x64.ActiveCfg = Release|x64
		{9DD2BA60-6505-493A-8C41-8085C44E9F1F}.Profile|Gaming.Desktop.x64.Build.0 = Release|x64
		{9DD2BA60-6505-493A-8C41-8085C44E9F1F}.Profile|x64.ActiveCfg = Release|x64
		{9DD2BA60-6505-493A-8C41-8085C44E9F1F}.Profile|x64.Build.0 = Release|x64
		{9DD2BA60-6505-493A-8C41-8085C44E9F1F}.Profile|x86.ActiveCfg = Release|Win32
		{9DD2BA60-6505-493A-8C41-8085C44E9F1F}.Profile|x86.Build.0 = Release|Win32
		{9DD2BA60-6505-493A-8C41-8085C44E9F1F}.Release|Any CPU.ActiveCfg = Release|Win32
		{9DD2BA60-6505-493A-8C41-8085C44E9F1F}.Release|ARM.ActiveCfg = Release|x64
		{9DD2BA60-6505-493A-8C41-8085C44E9F1F}.Release|ARM64.ActiveCfg = Release|x64
		{9DD2BA60-6505-493A-8C41-8085C44E9F1F}.Release|Durango.ActiveCfg = Release|Win32
		{9DD2BA60-6505-493A-8C41-8085C44E9F1F}.Release|Gaming.Desktop.x64.ActiveCfg = Release|Win32
		{9DD2BA60-6505-493A-8C41-8085C44E9F1F}.Release|x64.ActiveCfg = Release|x64
		{9DD2BA60-6505-493A-8C41-8085C44E9F1F}.Release|x64.Build.0 = Release|x64
		{9DD2BA60-6505-493A-8C41-8085C44E9F1F}.Release|x86.ActiveCfg = Release|Win32
		{9DD2BA60-6505-493A-8C41-8085C44E9F1F}.Release|x86.Build.0 = Release|Win32
		{E885BB30-F51E-4BAB-9300-4B303144BB49}.Debug|Any CPU.ActiveCfg = Debug|Win32
		{E885BB30-F51E-4BAB-9300-4B303144BB49}.Debug|ARM.ActiveCfg = Debug|x64
		{E885BB30-F51E-4BAB-9300-4B303144BB49}.Debug|ARM64.ActiveCfg = Debug|x64
		{E885BB30-F51E-4BAB-9300-4B303144BB49}.Debug|Durango.ActiveCfg = Debug|Win32
		{E885BB30-F51E-4BAB-9300-4B303144BB49}.Debug|Gaming.Desktop.x64.ActiveCfg = Debug|Win32
		{E885BB30-F51E-4BAB-9300-4B303144BB49}.Debug|x64.ActiveCfg = Debug|x64
		{E885BB30-F51E-4BAB-9300-4B303144BB49}.Debug|x64.Build.0 = Debug|x64
		{E885BB30-F51E-4BAB-9300-4B303144BB49}.Debug|x86.ActiveCfg = Debug|Win32
		{E885BB30-F51E-4BAB-9300-4B303144BB49}.Debug|x86.Build.0 = Debug|Win32
		{E885BB30-F51E-4BAB-9300-4B303144BB49}.Profile|Any CPU.ActiveCfg = Release|Win32
		{E885BB30-F51E-4BAB-9300-4B303144BB49}.Profile|Any CPU.Build.0 = Release|Win32
		{E885BB30-F51E-4BAB-9300-4B303144BB49}.Profile|ARM.ActiveCfg = Release|x64
		{E885BB30-F51E-4BAB-9300-4B303144BB49}.Profile|ARM64.ActiveCfg = Release|x64
		{E885BB30-F51E-4BAB-9300-4B303144BB49}.Profile|Durango.ActiveCfg = Release|x64
		{E885BB30-F51E-4BAB-9300-4B303144BB49}.Profile|Gaming.Desktop.x64.ActiveCfg = Release|x64
		{E885BB30-F51E-4BAB-9300-4B303144BB49}.Profile|Gaming.Desktop.x64.Build.0 = Release|x64
		{E885BB30-F51E-4BAB-9300-4B303144BB49}.Profile|x64.ActiveCfg = Release|x64
		{E885BB30-F51E-4BAB-9300-4B303144BB49}.Profile|x64.Build.0 = Release|x64
		{E885BB30-F51E-4BAB-9300-4B303144BB49}.Profile|x86.ActiveCfg = Release|Win32
		{E885BB30-F51E-4BAB-9300-4B303144BB49}.Profile|x86.Build.0 = Release|Win32
		{E885BB30-F51E-4BAB-9300-4B303144BB49}.Release|Any CPU.ActiveCfg = Release|Win32
		{E885BB30-F51E-4BAB-9300-4B303144BB49}.Release|ARM.ActiveCfg = Release|x64
		{E885BB30-F51E-4BAB-9300-4B303144BB49}.Release|ARM64.ActiveCfg = Release|x64
		{E885BB30-F51E-4BAB-9300-4B303144BB49}.Release|Durango.ActiveCfg = Release|Win32
		{E885BB30-F51E-4BAB-9300-4B303144BB49}.Release|Gaming.Desktop.x64.ActiveCfg = Release|Win32
		{E885BB30-F51E-4BAB-9300-4B303144BB49}.Release|x64.ActiveCfg = Release|x64
		{E885BB30-F51E-4BAB-9300-4B303144BB49}.Release|x64.Build.0 = Release|x64
		{E885BB30-F51E-4BAB-9300-4B303144BB49}.Release|x86.ActiveCfg = Release|Win32
		{E885BB30-F51E-4BAB-9300-4B303144BB49}.Release|x86.Build.0 = Release|Win32
		{E704B78C-FD63-41E2-A82C-F1BB7A05243E}.Debug|Any CPU.ActiveCfg = Debug|Win32
		{E704B78C-FD63-41E2-A82C-F1BB7A05243E}.Debug|ARM.ActiveCfg = Debug|x64
		{E704B78C-FD63-41E2-A82C-F1BB7A05243E}.Debug|ARM64.ActiveCfg = Debug|x64
		{E704B78C-FD63-41E2-A82C-F1BB7A05243E}.Debug|Durango.ActiveCfg = Debug|Win32
		{E704B78C-FD63-41E2-A82C-F1BB7A05243E}.Debug|Gaming.Desktop.x64.ActiveCfg = Debug|Win32
		{E704B78C-FD63-41E2-A82C-F1BB7A05243E}.Debug|x64.ActiveCfg = Debug|x64
		{E704B78C-FD63-41E2-A82C-F1BB7A05243E}.Debug|x64.Build.0 = Debug|x64
		{E704B78C-FD63-41E2-A82C-F1BB7A05243E}.Debug|x86.ActiveCfg = Debug|Win32
		{E704B78C-FD63-41E2-A82C-F1BB7A05243E}.Debug|x86.Build.0 = Debug|Win32
		{E704B78C-FD63-41E2-A82C-F1BB7A05243E}.Profile|Any CPU.ActiveCfg = Release|Win32
		{E704B78C-FD63-41E2-A82C-F1BB7A05243E}.Profile|ARM.ActiveCfg = Release|x64
		{E704B78C-FD63-41E2-A82C-F1BB7A05243E}.Profile|ARM64.ActiveCfg = Release|x64
		{E704B78C-FD63-41E2-A82C-F1BB7A05243E}.Profile|Durango.ActiveCfg = Release|x64
		{E704B78C-FD63-41E2-A82C-F1BB7A05243E}.Profile|Gaming.Desktop.x64.ActiveCfg = Debug|ARM64
		{E704B78C-FD63-41E2-A82C-F1BB7A05243E}.Profile|Gaming.Desktop.x64.Build.0 = Debug|ARM64
		{E704B78C-FD63-41E2-A82C-F1BB7A05243E}.Profile|x64.ActiveCfg = Release|x64
		{E704B78C-FD63-41E2-A82C-F1BB7A05243E}.Profile|x64.Build.0 = Release|x64
		{E704B78C-FD63-41E2-A82C-F1BB7A05243E}.Profile|x86.ActiveCfg = Release|Win32
		{E704B78C-FD63-41E2-A82C-F1BB7A05243E}.Profile|x86.Build.0 = Release|Win32
		{E704B78C-FD63-41E2-A82C-F1BB7A05243E}.Release|Any CPU.ActiveCfg = Release|Win32
		{E704B78C-FD63-41E2-A82C-F1BB7A05243E}.Release|ARM.ActiveCfg = Release|x64
		{E704B78C-FD63-41E2-A82C-F1BB7A05243E}.Release|ARM64.ActiveCfg = Release|x64
		{E704B78C-FD63-41E2-A82C-F1BB7A05243E}.Release|Durango.ActiveCfg = Release|Win32
		{E704B78C-FD63-41E2-A82C-F1BB7A05243E}.Release|Gaming.Desktop.x64.ActiveCfg = Release|Win32
		{E704B78C-FD63-41E2-A82C-F1BB7A05243E}.Release|x64.ActiveCfg = Release|x64
		{E704B78C-FD63-41E2-A82C-F1BB7A05243E}.Release|x64.Build.0 = Release|x64
		{E704B78C-FD63-41E2-A82C-F1BB7A05243E}.Release|x86.ActiveCfg = Release|Win32
		{E704B78C-FD63-41E2-A82C-F1BB7A05243E}.Release|x86.Build.0 = Release|Win32
		{9600383A-8E5F-401B-8379-9650F3E7D9EC}.Debug|Any CPU.ActiveCfg = Debug|Win32
		{9600383A-8E5F-401B-8379-9650F3E7D9EC}.Debug|ARM.ActiveCfg = Debug|ARM
		{9600383A-8E5F-401B-8379-9650F3E7D9EC}.Debug|ARM.Build.0 = Debug|ARM
		{9600383A-8E5F-401B-8379-9650F3E7D9EC}.Debug|ARM.Deploy.0 = Debug|ARM
		{9600383A-8E5F-401B-8379-9650F3E7D9EC}.Debug|ARM64.ActiveCfg = Debug|ARM64
		{9600383A-8E5F-401B-8379-9650F3E7D9EC}.Debug|ARM64.Build.0 = Debug|ARM64
		{9600383A-8E5F-401B-8379-9650F3E7D9EC}.Debug|ARM64.Deploy.0 = Debug|ARM64
		{9600383A-8E5F-401B-8379-9650F3E7D9EC}.Debug|Durango.ActiveCfg = Debug|Win32
		{9600383A-8E5F-401B-8379-9650F3E7D9EC}.Debug|Gaming.Desktop.x64.ActiveCfg = Debug|Win32
		{9600383A-8E5F-401B-8379-9650F3E7D9EC}.Debug|x64.ActiveCfg = Debug|x64
		{9600383A-8E5F-401B-8379-9650F3E7D9EC}.Debug|x64.Build.0 = Debug|x64
		{9600383A-8E5F-401B-8379-9650F3E7D9EC}.Debug|x64.Deploy.0 = Debug|x64
		{9600383A-8E5F-401B-8379-9650F3E7D9EC}.Debug|x86.ActiveCfg = Debug|Win32
		{9600383A-8E5F-401B-8379-9650F3E7D9EC}.Debug|x86.Build.0 = Debug|Win32
		{9600383A-8E5F-401B-8379-9650F3E7D9EC}.Debug|x86.Deploy.0 = Debug|Win32
		{9600383A-8E5F-401B-8379-9650F3E7D9EC}.Profile|Any CPU.ActiveCfg = Release|Win32
		{9600383A-8E5F-401B-8379-9650F3E7D9EC}.Profile|ARM.ActiveCfg = Release|ARM
		{9600383A-8E5F-401B-8379-9650F3E7D9EC}.Profile|ARM.Build.0 = Release|ARM
		{9600383A-8E5F-401B-8379-9650F3E7D9EC}.Profile|ARM.Deploy.0 = Release|ARM
		{9600383A-8E5F-401B-8379-9650F3E7D9EC}.Profile|ARM64.ActiveCfg = Release|ARM64
		{9600383A-8E5F-401B-8379-9650F3E7D9EC}.Profile|ARM64.Build.0 = Release|ARM64
		{9600383A-8E5F-401B-8379-9650F3E7D9EC}.Profile|ARM64.Deploy.0 = Release|ARM64
		{9600383A-8E5F-401B-8379-9650F3E7D9EC}.Profile|Durango.ActiveCfg = Release|x64
		{9600383A-8E5F-401B-8379-9650F3E7D9EC}.Profile|Gaming.Desktop.x64.ActiveCfg = Release|x64
		{9600383A-8E5F-401B-8379-9650F3E7D9EC}.Profile|Gaming.Desktop.x64.Build.0 = Release|x64
		{9600383A-8E5F-401B-8379-9650F3E7D9EC}.Profile|Gaming.Desktop.x64.Deploy.0 = Release|x64
		{9600383A-8E5F-401B-8379-9650F3E7D9EC}.Profile|x64.ActiveCfg = Release|x64
		{9600383A-8E5F-401B-8379-9650F3E7D9EC}.Profile|x64.Build.0 = Release|x64
		{9600383A-8E5F-401B-8379-9650F3E7D9EC}.Profile|x64.Deploy.0 = Release|x64
		{9600383A-8E5F-401B-8379-9650F3E7D9EC}.Profile|x86.ActiveCfg = Release|Win32
		{9600383A-8E5F-401B-8379-9650F3E7D9EC}.Profile|x86.Build.0 = Release|Win32
		{9600383A-8E5F-401B-8379-9650F3E7D9EC}.Profile|x86.Deploy.0 = Release|Win32
		{9600383A-8E5F-401B-8379-9650F3E7D9EC}.Release|Any CPU.ActiveCfg = Release|Win32
		{9600383A-8E5F-401B-8379-9650F3E7D9EC}.Release|ARM.ActiveCfg = Release|ARM
		{9600383A-8E5F-401B-8379-9650F3E7D9EC}.Release|ARM.Build.0 = Release|ARM
		{9600383A-8E5F-401B-8379-9650F3E7D9EC}.Release|ARM.Deploy.0 = Release|ARM
		{9600383A-8E5F-401B-8379-9650F3E7D9EC}.Release|ARM64.ActiveCfg = Release|ARM64
		{9600383A-8E5F-401B-8379-9650F3E7D9EC}.Release|ARM64.Build.0 = Release|ARM64
		{9600383A-8E5F-401B-8379-9650F3E7D9EC}.Release|ARM64.Deploy.0 = Release|ARM64
		{9600383A-8E5F-401B-8379-9650F3E7D9EC}.Release|Durango.ActiveCfg = Release|Win32
		{9600383A-8E5F-401B-8379-9650F3E7D9EC}.Release|Gaming.Desktop.x64.ActiveCfg = Release|Win32
		{9600383A-8E5F-401B-8379-9650F3E7D9EC}.Release|x64.ActiveCfg = Release|x64
		{9600383A-8E5F-401B-8379-9650F3E7D9EC}.Release|x64.Build.0 = Release|x64
		{9600383A-8E5F-401B-8379-9650F3E7D9EC}.Release|x64.Deploy.0 = Release|x64
		{9600383A-8E5F-401B-8379-9650F3E7D9EC}.Release|x86.ActiveCfg = Release|Win32
		{9600383A-8E5F-401B-8379-9650F3E7D9EC}.Release|x86.Build.0 = Release|Win32
		{9600383A-8E5F-401B-8379-9650F3E7D9EC}.Release|x86.Deploy.0 = Release|Win32
		{E38459BD-FEB1-4C65-B0FF-1DF67EBC2593}.Debug|Any CPU.ActiveCfg = Debug|Win32
		{E38459BD-FEB1-4C65-B0FF-1DF67EBC2593}.Debug|ARM.ActiveCfg = Debug|ARM
		{E38459BD-FEB1-4C65-B0FF-1DF67EBC2593}.Debug|ARM.Build.0 = Debug|ARM
		{E38459BD-FEB1-4C65-B0FF-1DF67EBC2593}.Debug|ARM.Deploy.0 = Debug|ARM
		{E38459BD-FEB1-4C65-B0FF-1DF67EBC2593}.Debug|ARM64.ActiveCfg = Debug|ARM64
		{E38459BD-FEB1-4C65-B0FF-1DF67EBC2593}.Debug|ARM64.Build.0 = Debug|ARM64
		{E38459BD-FEB1-4C65-B0FF-1DF67EBC2593}.Debug|ARM64.Deploy.0 = Debug|ARM64
		{E38459BD-FEB1-4C65-B0FF-1DF67EBC2593}.Debug|Durango.ActiveCfg = Debug|Win32
		{E38459BD-FEB1-4C65-B0FF-1DF67EBC2593}.Debug|Gaming.Desktop.x64.ActiveCfg = Debug|Win32
		{E38459BD-FEB1-4C65-B0FF-1DF67EBC2593}.Debug|x64.ActiveCfg = Debug|x64
		{E38459BD-FEB1-4C65-B0FF-1DF67EBC2593}.Debug|x64.Build.0 = Debug|x64
		{E38459BD-FEB1-4C65-B0FF-1DF67EBC2593}.Debug|x64.Deploy.0 = Debug|x64
		{E38459BD-FEB1-4C65-B0FF-1DF67EBC2593}.Debug|x86.ActiveCfg = Debug|Win32
		{E38459BD-FEB1-4C65-B0FF-1DF67EBC2593}.Debug|x86.Build.0 = Debug|Win32
		{E38459BD-FEB1-4C65-B0FF-1DF67EBC2593}.Debug|x86.Deploy.0 = Debug|Win32
		{E38459BD-FEB1-4C65-B0FF-1DF67EBC2593}.Profile|Any CPU.ActiveCfg = Release|Win32
		{E38459BD-FEB1-4C65-B0FF-1DF67EBC2593}.Profile|ARM.ActiveCfg = Release|ARM
		{E38459BD-FEB1-4C65-B0FF-1DF67EBC2593}.Profile|ARM.Build.0 = Release|ARM
		{E38459BD-FEB1-4C65-B0FF-1DF67EBC2593}.Profile|ARM.Deploy.0 = Release|ARM
		{E38459BD-FEB1-4C65-B0FF-1DF67EBC2593}.Profile|ARM64.ActiveCfg = Release|ARM64
		{E38459BD-FEB1-4C65-B0FF-1DF67EBC2593}.Profile|ARM64.Build.0 = Release|ARM64
		{E38459BD-FEB1-4C65-B0FF-1DF67EBC2593}.Profile|ARM64.Deploy.0 = Release|ARM64
		{E38459BD-FEB1-4C65-B0FF-1DF67EBC2593}.Profile|Durango.ActiveCfg = Release|x64
		{E38459BD-FEB1-4C65-B0FF-1DF67EBC2593}.Profile|Gaming.Desktop.x64.ActiveCfg = Release|x64
		{E38459BD-FEB1-4C65-B0FF-1DF67EBC2593}.Profile|Gaming.Desktop.x64.Build.0 = Release|x64
		{E38459BD-FEB1-4C65-B0FF-1DF67EBC2593}.Profile|Gaming.Desktop.x64.Deploy.0 = Release|x64
		{E38459BD-FEB1-4C65-B0FF-1DF67EBC2593}.Profile|x64.ActiveCfg = Release|x64
		{E38459BD-FEB1-4C65-B0FF-1DF67EBC2593}.Profile|x64.Build.0 = Release|x64
		{E38459BD-FEB1-4C65-B0FF-1DF67EBC2593}.Profile|x64.Deploy.0 = Release|x64
		{E38459BD-FEB1-4C65-B0FF-1DF67EBC2593}.Profile|x86.ActiveCfg = Release|Win32
		{E38459BD-FEB1-4C65-B0FF-1DF67EBC2593}.Profile|x86.Build.0 = Release|Win32
		{E38459BD-FEB1-4C65-B0FF-1DF67EBC2593}.Profile|x86.Deploy.0 = Release|Win32
		{E38459BD-FEB1-4C65-B0FF-1DF67EBC2593}.Release|Any CPU.ActiveCfg = Release|Win32
		{E38459BD-FEB1-4C65-B0FF-1DF67EBC2593}.Release|ARM.ActiveCfg = Release|ARM
		{E38459BD-FEB1-4C65-B0FF-1DF67EBC2593}.Release|ARM.Build.0 = Release|ARM
		{E38459BD-FEB1-4C65-B0FF-1DF67EBC2593}.Release|ARM.Deploy.0 = Release|ARM
		{E38459BD-FEB1-4C65-B0FF-1DF67EBC2593}.Release|ARM64.ActiveCfg = Release|ARM64
		{E38459BD-FEB1-4C65-B0FF-1DF67EBC2593}.Release|ARM64.Build.0 = Release|ARM64
		{E38459BD-FEB1-4C65-B0FF-1DF67EBC2593}.Release|ARM64.Deploy.0 = Release|ARM64
		{E38459BD-FEB1-4C65-B0FF-1DF67EBC2593}.Release|Durango.ActiveCfg = Release|Win32
		{E38459BD-FEB1-4C65-B0FF-1DF67EBC2593}.Release|Gaming.Desktop.x64.ActiveCfg = Release|Win32
		{E38459BD-FEB1-4C65-B0FF-1DF67EBC2593}.Release|x64.ActiveCfg = Release|x64
		{E38459BD-FEB1-4C65-B0FF-1DF67EBC2593}.Release|x64.Build.0 = Release|x64
		{E38459BD-FEB1-4C65-B0FF-1DF67EBC2593}.Release|x64.Deploy.0 = Release|x64
		{E38459BD-FEB1-4C65-B0FF-1DF67EBC2593}.Release|x86.ActiveCfg = Release|Win32
		{E38459BD-FEB1-4C65-B0FF-1DF67EBC2593}.Release|x86.Build.0 = Release|Win32
		{E38459BD-FEB1-4C65-B0FF-1DF67EBC2593}.Release|x86.Deploy.0 = Release|Win32
		{2C8E7AF1-A395-4695-A116-63000F910ABD}.Debug|Any CPU.ActiveCfg = Debug|Win32
		{2C8E7AF1-A395-4695-A116-63000F910ABD}.Debug|ARM.ActiveCfg = Debug|x64
		{2C8E7AF1-A395-4695-A116-63000F910ABD}.Debug|ARM64.ActiveCfg = Debug|x64
		{2C8E7AF1-A395-4695-A116-63000F910ABD}.Debug|Durango.ActiveCfg = Debug|Win32
		{2C8E7AF1-A395-4695-A116-63000F910ABD}.Debug|Gaming.Desktop.x64.ActiveCfg = Debug|Win32
		{2C8E7AF1-A395-4695-A116-63000F910ABD}.Debug|x64.ActiveCfg = Debug|x64
		{2C8E7AF1-A395-4695-A116-63000F910ABD}.Debug|x64.Build.0 = Debug|x64
		{2C8E7AF1-A395-4695-A116-63000F910ABD}.Debug|x86.ActiveCfg = Debug|Win32
		{2C8E7AF1-A395-4695-A116-63000F910ABD}.Debug|x86.Build.0 = Debug|Win32
		{2C8E7AF1-A395-4695-A116-63000F910ABD}.Profile|Any CPU.ActiveCfg = Release|x64
		{2C8E7AF1-A395-4695-A116-63000F910ABD}.Profile|ARM.ActiveCfg = Release|x64
		{2C8E7AF1-A395-4695-A116-63000F910ABD}.Profile|ARM64.ActiveCfg = Release|x64
		{2C8E7AF1-A395-4695-A116-63000F910ABD}.Profile|Durango.ActiveCfg = Release|x64
		{2C8E7AF1-A395-4695-A116-63000F910ABD}.Profile|Durango.Build.0 = Release|x64
		{2C8E7AF1-A395-4695-A116-63000F910ABD}.Profile|Gaming.Desktop.x64.ActiveCfg = Debug|ARM64
		{2C8E7AF1-A395-4695-A116-63000F910ABD}.Profile|Gaming.Desktop.x64.Build.0 = Debug|ARM64
		{2C8E7AF1-A395-4695-A116-63000F910ABD}.Profile|x64.ActiveCfg = Release|x64
		{2C8E7AF1-A395-4695-A116-63000F910ABD}.Profile|x64.Build.0 = Release|x64
		{2C8E7AF1-A395-4695-A116-63000F910ABD}.Profile|x86.ActiveCfg = Release|Win32
		{2C8E7AF1-A395-4695-A116-63000F910ABD}.Profile|x86.Build.0 = Release|Win32
		{2C8E7AF1-A395-4695-A116-63000F910ABD}.Release|Any CPU.ActiveCfg = Release|Win32
		{2C8E7AF1-A395-4695-A116-63000F910ABD}.Release|ARM.ActiveCfg = Release|x64
		{2C8E7AF1-A395-4695-A116-63000F910ABD}.Release|ARM64.ActiveCfg = Release|x64
		{2C8E7AF1-A395-4695-A116-63000F910ABD}.Release|Durango.ActiveCfg = Release|Win32
		{2C8E7AF1-A395-4695-A116-63000F910ABD}.Release|Gaming.Desktop.x64.ActiveCfg = Release|Win32
		{2C8E7AF1-A395-4695-A116-63000F910ABD}.Release|x64.ActiveCfg = Release|x64
		{2C8E7AF1-A395-4695-A116-63000F910ABD}.Release|x64.Build.0 = Release|x64
		{2C8E7AF1-A395-4695-A116-63000F910ABD}.Release|x86.ActiveCfg = Release|Win32
		{2C8E7AF1-A395-4695-A116-63000F910ABD}.Release|x86.Build.0 = Release|Win32
		{13457617-8476-4708-A601-AF998F6EDF21}.Debug|Any CPU.ActiveCfg = Debug|Win32
		{13457617-8476-4708-A601-AF998F6EDF21}.Debug|ARM.ActiveCfg = Debug|x64
		{13457617-8476-4708-A601-AF998F6EDF21}.Debug|ARM64.ActiveCfg = Debug|Win32
		{13457617-8476-4708-A601-AF998F6EDF21}.Debug|Durango.ActiveCfg = Debug|Win32
		{13457617-8476-4708-A601-AF998F6EDF21}.Debug|Gaming.Desktop.x64.ActiveCfg = Debug|Win32
		{13457617-8476-4708-A601-AF998F6EDF21}.Debug|x64.ActiveCfg = Debug|x64
		{13457617-8476-4708-A601-AF998F6EDF21}.Debug|x64.Build.0 = Debug|x64
		{13457617-8476-4708-A601-AF998F6EDF21}.Debug|x86.ActiveCfg = Debug|Win32
		{13457617-8476-4708-A601-AF998F6EDF21}.Debug|x86.Build.0 = Debug|Win32
		{13457617-8476-4708-A601-AF998F6EDF21}.Profile|Any CPU.ActiveCfg = Release|x64
		{13457617-8476-4708-A601-AF998F6EDF21}.Profile|ARM.ActiveCfg = Release|x64
		{13457617-8476-4708-A601-AF998F6EDF21}.Profile|ARM64.ActiveCfg = Release|x64
		{13457617-8476-4708-A601-AF998F6EDF21}.Profile|Durango.ActiveCfg = Release|x64
		{13457617-8476-4708-A601-AF998F6EDF21}.Profile|Durango.Build.0 = Release|x64
		{13457617-8476-4708-A601-AF998F6EDF21}.Profile|Gaming.Desktop.x64.ActiveCfg = Debug|ARM64
		{13457617-8476-4708-A601-AF998F6EDF21}.Profile|Gaming.Desktop.x64.Build.0 = Debug|ARM64
		{13457617-8476-4708-A601-AF998F6EDF21}.Profile|x64.ActiveCfg = Release|x64
		{13457617-8476-4708-A601-AF998F6EDF21}.Profile|x64.Build.0 = Release|x64
		{13457617-8476-4708-A601-AF998F6EDF21}.Profile|x86.ActiveCfg = Release|Win32
		{13457617-8476-4708-A601-AF998F6EDF21}.Profile|x86.Build.0 = Release|Win32
		{13457617-8476-4708-A601-AF998F6EDF21}.Release|Any CPU.ActiveCfg = Release|Win32
		{13457617-8476-4708-A601-AF998F6EDF21}.Release|ARM.ActiveCfg = Release|x64
		{13457617-8476-4708-A601-AF998F6EDF21}.Release|ARM64.ActiveCfg = Release|Win32
		{13457617-8476-4708-A601-AF998F6EDF21}.Release|Durango.ActiveCfg = Release|Win32
		{13457617-8476-4708-A601-AF998F6EDF21}.Release|Gaming.Desktop.x64.ActiveCfg = Release|Win32
		{13457617-8476-4708-A601-AF998F6EDF21}.Release|x64.ActiveCfg = Release|x64
		{13457617-8476-4708-A601-AF998F6EDF21}.Release|x64.Build.0 = Release|x64
		{13457617-8476-4708-A601-AF998F6EDF21}.Release|x86.ActiveCfg = Release|Win32
		{13457617-8476-4708-A601-AF998F6EDF21}.Release|x86.Build.0 = Release|Win32
		{9A461116-4B40-40F0-8AE0-81DD294BB92E}.Debug|Any CPU.ActiveCfg = Debug|Win32
		{9A461116-4B40-40F0-8AE0-81DD294BB92E}.Debug|ARM.ActiveCfg = Debug|x64
		{9A461116-4B40-40F0-8AE0-81DD294BB92E}.Debug|ARM64.ActiveCfg = Debug|x64
		{9A461116-4B40-40F0-8AE0-81DD294BB92E}.Debug|Durango.ActiveCfg = Debug|Win32
		{9A461116-4B40-40F0-8AE0-81DD294BB92E}.Debug|Gaming.Desktop.x64.ActiveCfg = Debug|Win32
		{9A461116-4B40-40F0-8AE0-81DD294BB92E}.Debug|x64.ActiveCfg = Debug|x64
		{9A461116-4B40-40F0-8AE0-81DD294BB92E}.Debug|x64.Build.0 = Debug|x64
		{9A461116-4B40-40F0-8AE0-81DD294BB92E}.Debug|x86.ActiveCfg = Debug|Win32
		{9A461116-4B40-40F0-8AE0-81DD294BB92E}.Debug|x86.Build.0 = Debug|Win32
		{9A461116-4B40-40F0-8AE0-81DD294BB92E}.Profile|Any CPU.ActiveCfg = Release|x64
		{9A461116-4B40-40F0-8AE0-81DD294BB92E}.Profile|Any CPU.Build.0 = Release|x64
		{9A461116-4B40-40F0-8AE0-81DD294BB92E}.Profile|ARM.ActiveCfg = Release|x64
		{9A461116-4B40-40F0-8AE0-81DD294BB92E}.Profile|ARM64.ActiveCfg = Release|x64
		{9A461116-4B40-40F0-8AE0-81DD294BB92E}.Profile|Durango.ActiveCfg = Release|x64
		{9A461116-4B40-40F0-8AE0-81DD294BB92E}.Profile|Durango.Build.0 = Release|x64
		{9A461116-4B40-40F0-8AE0-81DD294BB92E}.Profile|Gaming.Desktop.x64.ActiveCfg = Debug|ARM64
		{9A461116-4B40-40F0-8AE0-81DD294BB92E}.Profile|Gaming.Desktop.x64.Build.0 = Debug|ARM64
		{9A461116-4B40-40F0-8AE0-81DD294BB92E}.Profile|x64.ActiveCfg = Release|x64
		{9A461116-4B40-40F0-8AE0-81DD294BB92E}.Profile|x64.Build.0 = Release|x64
		{9A461116-4B40-40F0-8AE0-81DD294BB92E}.Profile|x86.ActiveCfg = Release|Win32
		{9A461116-4B40-40F0-8AE0-81DD294BB92E}.Profile|x86.Build.0 = Release|Win32
		{9A461116-4B40-40F0-8AE0-81DD294BB92E}.Release|Any CPU.ActiveCfg = Release|Win32
		{9A461116-4B40-40F0-8AE0-81DD294BB92E}.Release|ARM.ActiveCfg = Release|x64
		{9A461116-4B40-40F0-8AE0-81DD294BB92E}.Release|ARM64.ActiveCfg = Release|x64
		{9A461116-4B40-40F0-8AE0-81DD294BB92E}.Release|Durango.ActiveCfg = Release|Win32
		{9A461116-4B40-40F0-8AE0-81DD294BB92E}.Release|Gaming.Desktop.x64.ActiveCfg = Release|Win32
		{9A461116-4B40-40F0-8AE0-81DD294BB92E}.Release|x64.ActiveCfg = Release|x64
		{9A461116-4B40-40F0-8AE0-81DD294BB92E}.Release|x64.Build.0 = Release|x64
		{9A461116-4B40-40F0-8AE0-81DD294BB92E}.Release|x86.ActiveCfg = Release|Win32
		{9A461116-4B40-40F0-8AE0-81DD294BB92E}.Release|x86.Build.0 = Release|Win32
		{9E0EB8C2-40CD-448F-9B98-DAF9830EF9AD}.Debug|Any CPU.ActiveCfg = Debug|Durango
		{9E0EB8C2-40CD-448F-9B98-DAF9830EF9AD}.Debug|ARM.ActiveCfg = Debug|Durango
		{9E0EB8C2-40CD-448F-9B98-DAF9830EF9AD}.Debug|ARM64.ActiveCfg = Debug|Durango
		{9E0EB8C2-40CD-448F-9B98-DAF9830EF9AD}.Debug|Durango.ActiveCfg = Debug|Durango
		{9E0EB8C2-40CD-448F-9B98-DAF9830EF9AD}.Debug|Durango.Build.0 = Debug|Durango
		{9E0EB8C2-40CD-448F-9B98-DAF9830EF9AD}.Debug|Gaming.Desktop.x64.ActiveCfg = Debug|Durango
		{9E0EB8C2-40CD-448F-9B98-DAF9830EF9AD}.Debug|x64.ActiveCfg = Debug|Durango
		{9E0EB8C2-40CD-448F-9B98-DAF9830EF9AD}.Debug|x86.ActiveCfg = Debug|Durango
		{9E0EB8C2-40CD-448F-9B98-DAF9830EF9AD}.Profile|Any CPU.ActiveCfg = Release|Durango
		{9E0EB8C2-40CD-448F-9B98-DAF9830EF9AD}.Profile|Any CPU.Build.0 = Release|Durango
		{9E0EB8C2-40CD-448F-9B98-DAF9830EF9AD}.Profile|ARM.ActiveCfg = Release|Durango
		{9E0EB8C2-40CD-448F-9B98-DAF9830EF9AD}.Profile|ARM.Build.0 = Release|Durango
		{9E0EB8C2-40CD-448F-9B98-DAF9830EF9AD}.Profile|ARM64.ActiveCfg = Release|Durango
		{9E0EB8C2-40CD-448F-9B98-DAF9830EF9AD}.Profile|ARM64.Build.0 = Release|Durango
		{9E0EB8C2-40CD-448F-9B98-DAF9830EF9AD}.Profile|Durango.ActiveCfg = Release|Durango
		{9E0EB8C2-40CD-448F-9B98-DAF9830EF9AD}.Profile|Durango.Build.0 = Release|Durango
		{9E0EB8C2-40CD-448F-9B98-DAF9830EF9AD}.Profile|Gaming.Desktop.x64.ActiveCfg = Release|Durango
		{9E0EB8C2-40CD-448F-9B98-DAF9830EF9AD}.Profile|Gaming.Desktop.x64.Build.0 = Release|Durango
		{9E0EB8C2-40CD-448F-9B98-DAF9830EF9AD}.Profile|x64.ActiveCfg = Release|Durango
		{9E0EB8C2-40CD-448F-9B98-DAF9830EF9AD}.Profile|x64.Build.0 = Release|Durango
		{9E0EB8C2-40CD-448F-9B98-DAF9830EF9AD}.Profile|x86.ActiveCfg = Release|Durango
		{9E0EB8C2-40CD-448F-9B98-DAF9830EF9AD}.Profile|x86.Build.0 = Release|Durango
		{9E0EB8C2-40CD-448F-9B98-DAF9830EF9AD}.Release|Any CPU.ActiveCfg = Release|Durango
		{9E0EB8C2-40CD-448F-9B98-DAF9830EF9AD}.Release|ARM.ActiveCfg = Release|Durango
		{9E0EB8C2-40CD-448F-9B98-DAF9830EF9AD}.Release|ARM64.ActiveCfg = Release|Durango
		{9E0EB8C2-40CD-448F-9B98-DAF9830EF9AD}.Release|Durango.ActiveCfg = Release|Durango
		{9E0EB8C2-40CD-448F-9B98-DAF9830EF9AD}.Release|Durango.Build.0 = Release|Durango
		{9E0EB8C2-40CD-448F-9B98-DAF9830EF9AD}.Release|Gaming.Desktop.x64.ActiveCfg = Release|Durango
		{9E0EB8C2-40CD-448F-9B98-DAF9830EF9AD}.Release|x64.ActiveCfg = Release|Durango
		{9E0EB8C2-40CD-448F-9B98-DAF9830EF9AD}.Release|x86.ActiveCfg = Release|Durango
		{80D8061D-BBEF-414D-8F08-4D8B52C02E85}.Debug|Any CPU.ActiveCfg = Debug|Gaming.Desktop.x64
		{80D8061D-BBEF-414D-8F08-4D8B52C02E85}.Debug|ARM.ActiveCfg = Debug|Gaming.Desktop.x64
		{80D8061D-BBEF-414D-8F08-4D8B52C02E85}.Debug|ARM64.ActiveCfg = Debug|Gaming.Desktop.x64
		{80D8061D-BBEF-414D-8F08-4D8B52C02E85}.Debug|Durango.ActiveCfg = Debug|Gaming.Desktop.x64
		{80D8061D-BBEF-414D-8F08-4D8B52C02E85}.Debug|Gaming.Desktop.x64.ActiveCfg = Debug|Gaming.Desktop.x64
		{80D8061D-BBEF-414D-8F08-4D8B52C02E85}.Debug|Gaming.Desktop.x64.Build.0 = Debug|Gaming.Desktop.x64
		{80D8061D-BBEF-414D-8F08-4D8B52C02E85}.Debug|x64.ActiveCfg = Debug|Gaming.Desktop.x64
		{80D8061D-BBEF-414D-8F08-4D8B52C02E85}.Debug|x86.ActiveCfg = Debug|Gaming.Desktop.x64
		{80D8061D-BBEF-414D-8F08-4D8B52C02E85}.Profile|Any CPU.ActiveCfg = Debug|Gaming.Desktop.x64
		{80D8061D-BBEF-414D-8F08-4D8B52C02E85}.Profile|Any CPU.Build.0 = Debug|Gaming.Desktop.x64
		{80D8061D-BBEF-414D-8F08-4D8B52C02E85}.Profile|ARM.ActiveCfg = Debug|Gaming.Desktop.x64
		{80D8061D-BBEF-414D-8F08-4D8B52C02E85}.Profile|ARM.Build.0 = Debug|Gaming.Desktop.x64
		{80D8061D-BBEF-414D-8F08-4D8B52C02E85}.Profile|ARM64.ActiveCfg = Debug|Gaming.Desktop.x64
		{80D8061D-BBEF-414D-8F08-4D8B52C02E85}.Profile|ARM64.Build.0 = Debug|Gaming.Desktop.x64
		{80D8061D-BBEF-414D-8F08-4D8B52C02E85}.Profile|Durango.ActiveCfg = Debug|Gaming.Desktop.x64
		{80D8061D-BBEF-414D-8F08-4D8B52C02E85}.Profile|Durango.Build.0 = Debug|Gaming.Desktop.x64
		{80D8061D-BBEF-414D-8F08-4D8B52C02E85}.Profile|Gaming.Desktop.x64.ActiveCfg = Debug|Gaming.Desktop.x64
		{80D8061D-BBEF-414D-8F08-4D8B52C02E85}.Profile|Gaming.Desktop.x64.Build.0 = Debug|Gaming.Desktop.x64
		{80D8061D-BBEF-414D-8F08-4D8B52C02E85}.Profile|x64.ActiveCfg = Debug|Gaming.Desktop.x64
		{80D8061D-BBEF-414D-8F08-4D8B52C02E85}.Profile|x64.Build.0 = Debug|Gaming.Desktop.x64
		{80D8061D-BBEF-414D-8F08-4D8B52C02E85}.Profile|x86.ActiveCfg = Debug|Gaming.Desktop.x64
		{80D8061D-BBEF-414D-8F08-4D8B52C02E85}.Profile|x86.Build.0 = Debug|Gaming.Desktop.x64
		{80D8061D-BBEF-414D-8F08-4D8B52C02E85}.Release|Any CPU.ActiveCfg = Release|Gaming.Desktop.x64
		{80D8061D-BBEF-414D-8F08-4D8B52C02E85}.Release|ARM.ActiveCfg = Release|Gaming.Desktop.x64
		{80D8061D-BBEF-414D-8F08-4D8B52C02E85}.Release|ARM64.ActiveCfg = Release|Gaming.Desktop.x64
		{80D8061D-BBEF-414D-8F08-4D8B52C02E85}.Release|Durango.ActiveCfg = Release|Gaming.Desktop.x64
		{80D8061D-BBEF-414D-8F08-4D8B52C02E85}.Release|Gaming.Desktop.x64.ActiveCfg = Release|Gaming.Desktop.x64
		{80D8061D-BBEF-414D-8F08-4D8B52C02E85}.Release|Gaming.Desktop.x64.Build.0 = Release|Gaming.Desktop.x64
		{80D8061D-BBEF-414D-8F08-4D8B52C02E85}.Release|x64.ActiveCfg = Release|Gaming.Desktop.x64
		{80D8061D-BBEF-414D-8F08-4D8B52C02E85}.Release|x86.ActiveCfg = Release|Gaming.Desktop.x64
		{267629EF-20A2-4FFB-8DC8-A8534E98FCEB}.Debug|Any CPU.ActiveCfg = Debug|Win32
		{267629EF-20A2-4FFB-8DC8-A8534E98FCEB}.Debug|ARM.ActiveCfg = Debug|Win32
		{267629EF-20A2-4FFB-8DC8-A8534E98FCEB}.Debug|ARM64.ActiveCfg = Debug|Win32
		{267629EF-20A2-4FFB-8DC8-A8534E98FCEB}.Debug|Durango.ActiveCfg = Debug|Win32
		{267629EF-20A2-4FFB-8DC8-A8534E98FCEB}.Debug|Gaming.Desktop.x64.ActiveCfg = Debug|Win32
		{267629EF-20A2-4FFB-8DC8-A8534E98FCEB}.Debug|x64.ActiveCfg = Debug|x64
		{267629EF-20A2-4FFB-8DC8-A8534E98FCEB}.Debug|x64.Build.0 = Debug|x64
		{267629EF-20A2-4FFB-8DC8-A8534E98FCEB}.Debug|x86.ActiveCfg = Debug|Win32
		{267629EF-20A2-4FFB-8DC8-A8534E98FCEB}.Debug|x86.Build.0 = Debug|Win32
		{267629EF-20A2-4FFB-8DC8-A8534E98FCEB}.Profile|Any CPU.ActiveCfg = Release|x64
		{267629EF-20A2-4FFB-8DC8-A8534E98FCEB}.Profile|Any CPU.Build.0 = Release|x64
		{267629EF-20A2-4FFB-8DC8-A8534E98FCEB}.Profile|ARM.ActiveCfg = Release|x64
		{267629EF-20A2-4FFB-8DC8-A8534E98FCEB}.Profile|ARM.Build.0 = Release|x64
		{267629EF-20A2-4FFB-8DC8-A8534E98FCEB}.Profile|ARM64.ActiveCfg = Release|x64
		{267629EF-20A2-4FFB-8DC8-A8534E98FCEB}.Profile|ARM64.Build.0 = Release|x64
		{267629EF-20A2-4FFB-8DC8-A8534E98FCEB}.Profile|Durango.ActiveCfg = Release|x64
		{267629EF-20A2-4FFB-8DC8-A8534E98FCEB}.Profile|Durango.Build.0 = Release|x64
		{267629EF-20A2-4FFB-8DC8-A8534E98FCEB}.Profile|Gaming.Desktop.x64.ActiveCfg = Release|x64
		{267629EF-20A2-4FFB-8DC8-A8534E98FCEB}.Profile|Gaming.Desktop.x64.Build.0 = Release|x64
		{267629EF-20A2-4FFB-8DC8-A8534E98FCEB}.Profile|x64.ActiveCfg = Release|x64
		{267629EF-20A2-4FFB-8DC8-A8534E98FCEB}.Profile|x64.Build.0 = Release|x64
		{267629EF-20A2-4FFB-8DC8-A8534E98FCEB}.Profile|x86.ActiveCfg = Release|Win32
		{267629EF-20A2-4FFB-8DC8-A8534E98FCEB}.Profile|x86.Build.0 = Release|Win32
		{267629EF-20A2-4FFB-8DC8-A8534E98FCEB}.Release|Any CPU.ActiveCfg = Release|Win32
		{267629EF-20A2-4FFB-8DC8-A8534E98FCEB}.Release|ARM.ActiveCfg = Release|Win32
		{267629EF-20A2-4FFB-8DC8-A8534E98FCEB}.Release|ARM64.ActiveCfg = Release|Win32
		{267629EF-20A2-4FFB-8DC8-A8534E98FCEB}.Release|Durango.ActiveCfg = Release|Win32
		{267629EF-20A2-4FFB-8DC8-A8534E98FCEB}.Release|Gaming.Desktop.x64.ActiveCfg = Release|Win32
		{267629EF-20A2-4FFB-8DC8-A8534E98FCEB}.Release|x64.ActiveCfg = Release|x64
		{267629EF-20A2-4FFB-8DC8-A8534E98FCEB}.Release|x64.Build.0 = Release|x64
		{267629EF-20A2-4FFB-8DC8-A8534E98FCEB}.Release|x86.ActiveCfg = Release|Win32
		{267629EF-20A2-4FFB-8DC8-A8534E98FCEB}.Release|x86.Build.0 = Release|Win32
	EndGlobalSection
	GlobalSection(SolutionProperties) = preSolution
		HideSolutionNode = FALSE
	EndGlobalSection
	GlobalSection(NestedProjects) = preSolution
		{9164C6C9-3872-4922-A3E3-3822622D3E71} = {0AA3F7FD-BB7C-4386-8435-F6BABE5EBED3}
		{09B1A97C-FADC-4E06-B962-7C8AE6EA19A3} = {6FB21B4B-86D1-4883-85A2-B51771884ED8}
		{9DD2BA60-6505-493A-8C41-8085C44E9F1F} = {A7CDB1FA-01AE-4507-B54A-BA54F2080A11}
		{E885BB30-F51E-4BAB-9300-4B303144BB49} = {A7CDB1FA-01AE-4507-B54A-BA54F2080A11}
		{CADB9561-440F-4B5F-BC40-4D569EBF1903} = {0AA3F7FD-BB7C-4386-8435-F6BABE5EBED3}
		{E704B78C-FD63-41E2-A82C-F1BB7A05243E} = {CADB9561-440F-4B5F-BC40-4D569EBF1903}
		{5B7AC447-943C-45D3-AD4E-3A61DA208FD8} = {6FB21B4B-86D1-4883-85A2-B51771884ED8}
		{9600383A-8E5F-401B-8379-9650F3E7D9EC} = {5B7AC447-943C-45D3-AD4E-3A61DA208FD8}
		{E38459BD-FEB1-4C65-B0FF-1DF67EBC2593} = {5B7AC447-943C-45D3-AD4E-3A61DA208FD8}
		{2C8E7AF1-A395-4695-A116-63000F910ABD} = {0AA3F7FD-BB7C-4386-8435-F6BABE5EBED3}
		{13457617-8476-4708-A601-AF998F6EDF21} = {0AA3F7FD-BB7C-4386-8435-F6BABE5EBED3}
		{9A461116-4B40-40F0-8AE0-81DD294BB92E} = {CADB9561-440F-4B5F-BC40-4D569EBF1903}
		{9E0EB8C2-40CD-448F-9B98-DAF9830EF9AD} = {888A3A17-4FE5-4768-B67E-B4B2B59CF895}
		{80D8061D-BBEF-414D-8F08-4D8B52C02E85} = {9C8A0D94-F592-46D7-9491-1E464C6A8166}
		{267629EF-20A2-4FFB-8DC8-A8534E98FCEB} = {CADB9561-440F-4B5F-BC40-4D569EBF1903}
	EndGlobalSection
	GlobalSection(ExtensibilityGlobals) = postSolution
		SolutionGuid = {973E1528-6B80-4A7E-9534-56E9481AF63A}
	EndGlobalSection
EndGlobal
