
Microsoft Visual Studio Solution File, Format Version 12.00
# Visual Studio 14
VisualStudioVersion = 14.0.25420.1
MinimumVisualStudioVersion = 10.0.40219.1
Project("{8BC9CEB8-8B4A-11D0-8D11-00A0C91BC942}") = "libHttpClient.140.UWP.C", "Build\libHttpClient.140.UWP.C\libHttpClient.140.UWP.C.vcxproj", "{09B1A97C-FADC-4E06-B962-7C8AE6EA19A3}"
EndProject
Project("{8BC9CEB8-8B4A-11D0-8D11-00A0C91BC942}") = "libHttpClient.140.Win32.C", "Build\libHttpClient.140.Win32.C\libHttpClient.140.Win32.C.vcxproj", "{9164C6C9-3872-4922-A3E3-3822622D3E71}"
EndProject
Project("{8BC9CEB8-8B4A-11D0-8D11-00A0C91BC942}") = "libHttpClient.140.XDK.C", "Build\libHttpClient.140.XDK.C\libHttpClient.140.XDK.C.vcxproj", "{9E0EB8C2-40CD-448F-9B98-DAF9830EF9AD}"
EndProject
Project("{2150E333-8FDC-42A3-9474-1A3956D46DE8}") = "UWP", "UWP", "{D54B4051-EBAE-4CEC-BF99-9DA5AC6E89F5}"
EndProject
Project("{2150E333-8FDC-42A3-9474-1A3956D46DE8}") = "Win32", "Win32", "{9AD2E706-132F-4FFF-8F81-E7CEC3890D55}"
EndProject
Project("{2150E333-8FDC-42A3-9474-1A3956D46DE8}") = "XDK", "XDK", "{0D1DFD1E-7A38-4D7C-ACAD-71CDC0746A55}"
EndProject
Project("{8BC9CEB8-8B4A-11D0-8D11-00A0C91BC942}") = "libcrypto.140.Win32", "Build\libcrypto.140.Win32\libcrypto.140.Win32.vcxproj", "{23267E56-66D8-4C44-9A36-63B311D76370}"
EndProject
Project("{8BC9CEB8-8B4A-11D0-8D11-00A0C91BC942}") = "libssl.140.Win32", "Build\libssl.140.Win32\libssl.140.Win32.vcxproj", "{362E6095-E83F-48FD-B64A-78F454D748F2}"
EndProject
Global
	GlobalSection(SolutionConfigurationPlatforms) = preSolution
		Debug|ARM = Debug|ARM
		Debug|Durango = Debug|Durango
		Debug|x64 = Debug|x64
		Debug|x86 = Debug|x86
		Release|ARM = Release|ARM
		Release|Durango = Release|Durango
		Release|x64 = Release|x64
		Release|x86 = Release|x86
	EndGlobalSection
	GlobalSection(ProjectConfigurationPlatforms) = postSolution
		{09B1A97C-FADC-4E06-B962-7C8AE6EA19A3}.Debug|ARM.ActiveCfg = Debug|ARM
		{09B1A97C-FADC-4E06-B962-7C8AE6EA19A3}.Debug|ARM.Build.0 = Debug|ARM
		{09B1A97C-FADC-4E06-B962-7C8AE6EA19A3}.Debug|Durango.ActiveCfg = Debug|Win32
		{09B1A97C-FADC-4E06-B962-7C8AE6EA19A3}.Debug|x64.ActiveCfg = Debug|x64
		{09B1A97C-FADC-4E06-B962-7C8AE6EA19A3}.Debug|x64.Build.0 = Debug|x64
		{09B1A97C-FADC-4E06-B962-7C8AE6EA19A3}.Debug|x86.ActiveCfg = Debug|Win32
		{09B1A97C-FADC-4E06-B962-7C8AE6EA19A3}.Debug|x86.Build.0 = Debug|Win32
		{09B1A97C-FADC-4E06-B962-7C8AE6EA19A3}.Release|ARM.ActiveCfg = Release|ARM
		{09B1A97C-FADC-4E06-B962-7C8AE6EA19A3}.Release|ARM.Build.0 = Release|ARM
		{09B1A97C-FADC-4E06-B962-7C8AE6EA19A3}.Release|Durango.ActiveCfg = Release|Win32
		{09B1A97C-FADC-4E06-B962-7C8AE6EA19A3}.Release|x64.ActiveCfg = Release|x64
		{09B1A97C-FADC-4E06-B962-7C8AE6EA19A3}.Release|x64.Build.0 = Release|x64
		{09B1A97C-FADC-4E06-B962-7C8AE6EA19A3}.Release|x86.ActiveCfg = Release|Win32
		{09B1A97C-FADC-4E06-B962-7C8AE6EA19A3}.Release|x86.Build.0 = Release|Win32
		{9164C6C9-3872-4922-A3E3-3822622D3E71}.Debug|ARM.ActiveCfg = Debug|ARM
		{9164C6C9-3872-4922-A3E3-3822622D3E71}.Debug|ARM.Build.0 = Debug|ARM
		{9164C6C9-3872-4922-A3E3-3822622D3E71}.Debug|Durango.ActiveCfg = Debug|Win32
		{9164C6C9-3872-4922-A3E3-3822622D3E71}.Debug|x64.ActiveCfg = Debug|x64
		{9164C6C9-3872-4922-A3E3-3822622D3E71}.Debug|x64.Build.0 = Debug|x64
		{9164C6C9-3872-4922-A3E3-3822622D3E71}.Debug|x86.ActiveCfg = Debug|Win32
		{9164C6C9-3872-4922-A3E3-3822622D3E71}.Debug|x86.Build.0 = Debug|Win32
		{9164C6C9-3872-4922-A3E3-3822622D3E71}.Release|ARM.ActiveCfg = Release|ARM
		{9164C6C9-3872-4922-A3E3-3822622D3E71}.Release|ARM.Build.0 = Release|ARM
		{9164C6C9-3872-4922-A3E3-3822622D3E71}.Release|Durango.ActiveCfg = Release|Win32
		{9164C6C9-3872-4922-A3E3-3822622D3E71}.Release|x64.ActiveCfg = Release|x64
		{9164C6C9-3872-4922-A3E3-3822622D3E71}.Release|x64.Build.0 = Release|x64
		{9164C6C9-3872-4922-A3E3-3822622D3E71}.Release|x86.ActiveCfg = Release|Win32
		{9164C6C9-3872-4922-A3E3-3822622D3E71}.Release|x86.Build.0 = Release|Win32
		{9E0EB8C2-40CD-448F-9B98-DAF9830EF9AD}.Debug|ARM.ActiveCfg = Debug|Durango
		{9E0EB8C2-40CD-448F-9B98-DAF9830EF9AD}.Debug|Durango.ActiveCfg = Debug|Durango
		{9E0EB8C2-40CD-448F-9B98-DAF9830EF9AD}.Debug|Durango.Build.0 = Debug|Durango
		{9E0EB8C2-40CD-448F-9B98-DAF9830EF9AD}.Debug|x64.ActiveCfg = Debug|Durango
		{9E0EB8C2-40CD-448F-9B98-DAF9830EF9AD}.Debug|x86.ActiveCfg = Debug|Durango
		{9E0EB8C2-40CD-448F-9B98-DAF9830EF9AD}.Release|ARM.ActiveCfg = Release|Durango
		{9E0EB8C2-40CD-448F-9B98-DAF9830EF9AD}.Release|Durango.ActiveCfg = Release|Durango
		{9E0EB8C2-40CD-448F-9B98-DAF9830EF9AD}.Release|Durango.Build.0 = Release|Durango
		{9E0EB8C2-40CD-448F-9B98-DAF9830EF9AD}.Release|x64.ActiveCfg = Release|Durango
		{9E0EB8C2-40CD-448F-9B98-DAF9830EF9AD}.Release|x86.ActiveCfg = Release|Durango
		{23267E56-66D8-4C44-9A36-63B311D76370}.Debug|ARM.ActiveCfg = Debug|Win32
		{23267E56-66D8-4C44-9A36-63B311D76370}.Debug|Durango.ActiveCfg = Debug|Win32
		{23267E56-66D8-4C44-9A36-63B311D76370}.Debug|x64.ActiveCfg = Debug|x64
		{23267E56-66D8-4C44-9A36-63B311D76370}.Debug|x64.Build.0 = Debug|x64
		{23267E56-66D8-4C44-9A36-63B311D76370}.Debug|x86.ActiveCfg = Debug|Win32
		{23267E56-66D8-4C44-9A36-63B311D76370}.Debug|x86.Build.0 = Debug|Win32
		{23267E56-66D8-4C44-9A36-63B311D76370}.Release|ARM.ActiveCfg = Release|Win32
		{23267E56-66D8-4C44-9A36-63B311D76370}.Release|Durango.ActiveCfg = Release|Win32
		{23267E56-66D8-4C44-9A36-63B311D76370}.Release|x64.ActiveCfg = Release|x64
		{23267E56-66D8-4C44-9A36-63B311D76370}.Release|x64.Build.0 = Release|x64
		{23267E56-66D8-4C44-9A36-63B311D76370}.Release|x86.ActiveCfg = Release|Win32
		{23267E56-66D8-4C44-9A36-63B311D76370}.Release|x86.Build.0 = Release|Win32
		{362E6095-E83F-48FD-B64A-78F454D748F2}.Debug|ARM.ActiveCfg = Debug|Win32
		{362E6095-E83F-48FD-B64A-78F454D748F2}.Debug|Durango.ActiveCfg = Debug|Win32
		{362E6095-E83F-48FD-B64A-78F454D748F2}.Debug|x64.ActiveCfg = Debug|x64
		{362E6095-E83F-48FD-B64A-78F454D748F2}.Debug|x64.Build.0 = Debug|x64
		{362E6095-E83F-48FD-B64A-78F454D748F2}.Debug|x86.ActiveCfg = Debug|Win32
		{362E6095-E83F-48FD-B64A-78F454D748F2}.Debug|x86.Build.0 = Debug|Win32
		{362E6095-E83F-48FD-B64A-78F454D748F2}.Release|ARM.ActiveCfg = Release|Win32
		{362E6095-E83F-48FD-B64A-78F454D748F2}.Release|Durango.ActiveCfg = Release|Win32
		{362E6095-E83F-48FD-B64A-78F454D748F2}.Release|x64.ActiveCfg = Release|x64
		{362E6095-E83F-48FD-B64A-78F454D748F2}.Release|x64.Build.0 = Release|x64
		{362E6095-E83F-48FD-B64A-78F454D748F2}.Release|x86.ActiveCfg = Release|Win32
		{362E6095-E83F-48FD-B64A-78F454D748F2}.Release|x86.Build.0 = Release|Win32
	EndGlobalSection
	GlobalSection(SolutionProperties) = preSolution
		HideSolutionNode = FALSE
	EndGlobalSection
	GlobalSection(NestedProjects) = preSolution
		{09B1A97C-FADC-4E06-B962-7C8AE6EA19A3} = {D54B4051-EBAE-4CEC-BF99-9DA5AC6E89F5}
		{9164C6C9-3872-4922-A3E3-3822622D3E71} = {9AD2E706-132F-4FFF-8F81-E7CEC3890D55}
		{9E0EB8C2-40CD-448F-9B98-DAF9830EF9AD} = {0D1DFD1E-7A38-4D7C-ACAD-71CDC0746A55}
		{23267E56-66D8-4C44-9A36-63B311D76370} = {9AD2E706-132F-4FFF-8F81-E7CEC3890D55}
		{362E6095-E83F-48FD-B64A-78F454D748F2} = {9AD2E706-132F-4FFF-8F81-E7CEC3890D55}
	EndGlobalSection
	GlobalSection(ExtensibilityGlobals) = postSolution
		SolutionGuid = {CF51DC96-F19C-4412-9667-B81BB13EC5FC}
	EndGlobalSection
EndGlobal
