
Microsoft Visual Studio Solution File, Format Version 12.00
# Visual Studio Version 17
VisualStudioVersion = 17.5.33627.172
MinimumVisualStudioVersion = 10.0.40219.1
Project("{8BC9CEB8-8B4A-11D0-8D11-00A0C91BC942}") = "libHttpClient.Common", "Build\libHttpClient.Common\libHttpClient.Common.vcxitems", "{673E9758-FAFE-4F91-8FC1-ADDDA12C5DE5}"
EndProject
Project("{2150E333-8FDC-42A3-9474-1A3956D46DE8}") = "Props", "Props", "{B8C5CF8E-B32C-4D78-A6B3-E95FB66280CC}"
	ProjectSection(SolutionItems) = preProject
		Build\libHttpClient.gdk.bwoi.props = Build\libHttpClient.gdk.bwoi.props
		Build\libHttpClient.GDK.props = Build\libHttpClient.GDK.props
		Build\libHttpClient.paths.props = Build\libHttpClient.paths.props
		libHttpClient.props = libHttpClient.props
		Build\libHttpClient.UWP.props = Build\libHttpClient.UWP.props
		Build\libHttpClient.Win32.props = Build\libHttpClient.Win32.props
		Build\openssl.import.props = Build\openssl.import.props
		platform_select.props = platform_select.props
	EndProjectSection
EndProject
Project("{2150E333-8FDC-42A3-9474-1A3956D46DE8}") = "Win32", "Win32", "{118840A6-8EB2-4D70-B0EE-65EE13E2FEAB}"
EndProject
Project("{8BC9CEB8-8B4A-11D0-8D11-00A0C91BC942}") = "libHttpClient.Win32", "Build\libHttpClient.Win32\libHttpClient.Win32.vcxitems", "{D980F91B-92BF-4CC4-89FD-1CD99DBA870F}"
EndProject
Project("{8BC9CEB8-8B4A-11D0-8D11-00A0C91BC942}") = "libHttpClient.143.Win32.C", "Build\libHttpClient.143.Win32.C\libHttpClient.143.Win32.C.vcxproj", "{9164C6C9-3872-4922-A3E3-3822622D3E71}"
EndProject
Project("{2150E333-8FDC-42A3-9474-1A3956D46DE8}") = "GDK", "GDK", "{348C2EBE-5E0D-4008-8E9C-BD2ECF40F4BC}"
EndProject
Project("{8BC9CEB8-8B4A-11D0-8D11-00A0C91BC942}") = "libHttpClient.GDK", "Build\libHttpClient.GDK\libHttpClient.GDK.vcxitems", "{8CA3B500-0D89-4DB1-BA8B-98AEB468CA13}"
EndProject
Project("{8BC9CEB8-8B4A-11D0-8D11-00A0C91BC942}") = "libHttpClient.143.GDK.C", "Build\libHttpClient.143.GDK.C\libHttpClient.143.GDK.C.vcxproj", "{0A6D51A3-0D86-4D0E-9DAA-54BA75E1DA1C}"
EndProject
Project("{2150E333-8FDC-42A3-9474-1A3956D46DE8}") = "UWP", "UWP", "{AEECE539-001A-4CB1-B7A3-6E6FB345D108}"
EndProject
Project("{8BC9CEB8-8B4A-11D0-8D11-00A0C91BC942}") = "libHttpClient.UWP", "Build\libHttpClient.UWP\libHttpClient.UWP.vcxitems", "{47564F2B-9ED7-4527-997A-5D76C36998D1}"
EndProject
Project("{8BC9CEB8-8B4A-11D0-8D11-00A0C91BC942}") = "libHttpClient.142.UWP.C", "Build\libHttpClient.142.UWP.C\libHttpClient.142.UWP.C.vcxproj", "{53C69CF3-B0B8-4A64-B178-0E9370737F70}"
EndProject
Project("{8BC9CEB8-8B4A-11D0-8D11-00A0C91BC942}") = "libssl.Win32", "Build\libssl.Win32\libssl.Win32.vcxitems", "{097E9D46-215E-43AE-B8DF-339EDF537EB6}"
EndProject
Project("{8BC9CEB8-8B4A-11D0-8D11-00A0C91BC942}") = "libssl.143.Win32", "Build\libssl.143.Win32\libssl.143.Win32.vcxproj", "{AAF08544-8AAA-41A5-A86B-2AF4D8985258}"
EndProject
Project("{8BC9CEB8-8B4A-11D0-8D11-00A0C91BC942}") = "libcrypto.Win32", "Build\libcrypto.Win32\libcrypto.Win32.vcxitems", "{D01BF0FD-D450-41DC-BFA4-62468528B91E}"
EndProject
Project("{8BC9CEB8-8B4A-11D0-8D11-00A0C91BC942}") = "libcrypto.143.Win32", "Build\libcrypto.143.Win32\libcrypto.143.Win32.vcxproj", "{16AA2EBE-6D49-41B7-A13F-887C12E78715}"
EndProject
Project("{2150E333-8FDC-42A3-9474-1A3956D46DE8}") = "Samples", "Samples", "{2FF76652-3783-4047-8F2B-8777155F1C66}"
EndProject
Project("{8BC9CEB8-8B4A-11D0-8D11-00A0C91BC942}") = "Win32Http", "Samples\Win32-Http\Win32Http.vcxproj", "{00867B85-BAE6-4129-85EA-18CCFA002E00}"
EndProject
Project("{2150E333-8FDC-42A3-9474-1A3956D46DE8}") = "Samples", "Samples", "{7A3B2F87-A009-408F-8230-4E76CDF6AED4}"
EndProject
Project("{8BC9CEB8-8B4A-11D0-8D11-00A0C91BC942}") = "Http", "Samples\UWP-Http\Http.vcxproj", "{2DFBBF3A-6D4B-4FF8-BD01-C9527A1FE0AC}"
EndProject
Project("{8BC9CEB8-8B4A-11D0-8D11-00A0C91BC942}") = "libHttpClient.143.UWP.C", "Build\libHttpClient.143.UWP.C\libHttpClient.143.UWP.C.vcxproj", "{2E55AA9F-A132-477C-B4FF-B4CD551E4322}"
EndProject
Project("{8BC9CEB8-8B4A-11D0-8D11-00A0C91BC942}") = "libHttpClient.141.UWP.C", "Build\libHttpClient.141.UWP.C\libHttpClient.141.UWP.C.vcxproj", "{5B498CF9-1803-438F-98FC-25F42759F440}"
EndProject
Project("{8BC9CEB8-8B4A-11D0-8D11-00A0C91BC942}") = "WebSocket", "Samples\UWP-WebSocket\WebSocket.vcxproj", "{99542110-3CCD-4525-B607-DB8F6E76AEAC}"
EndProject
Project("{8BC9CEB8-8B4A-11D0-8D11-00A0C91BC942}") = "Win32WebSocket", "Samples\Win32WebSocket\Win32WebSocket.vcxproj", "{591520A6-680D-4AD7-AACB-8C2C877F8BAE}"
EndProject
Project("{8BC9CEB8-8B4A-11D0-8D11-00A0C91BC942}") = "WebSocketEchoServer", "Samples\WebSocketEchoServer\WebSocketEchoServer.vcxproj", "{267629EF-20A2-4FFB-8DC8-A8534E98FCEB}"
EndProject
Project("{8BC9CEB8-8B4A-11D0-8D11-00A0C91BC942}") = "libHttpClient.141.Win32.C", "Build\libHttpClient.141.Win32.C\libHttpClient.141.Win32.C.vcxproj", "{BEDE280F-17F7-4A09-9F5D-2E02FBB1C490}"
EndProject
Project("{8BC9CEB8-8B4A-11D0-8D11-00A0C91BC942}") = "libHttpClient.142.Win32.C", "Build\libHttpClient.142.Win32.C\libHttpClient.142.Win32.C.vcxproj", "{961F48EA-33A9-47F1-9C96-715D6094D79B}"
EndProject
Project("{8BC9CEB8-8B4A-11D0-8D11-00A0C91BC942}") = "libcrypto.141.Win32", "Build\libcrypto.141.Win32\libcrypto.141.Win32.vcxproj", "{EEE4D040-3907-43BD-9CA9-C89F1DB19FCD}"
EndProject
Project("{8BC9CEB8-8B4A-11D0-8D11-00A0C91BC942}") = "libcrypto.142.Win32", "Build\libcrypto.142.Win32\libcrypto.142.Win32.vcxproj", "{9C459B54-E085-42F3-A671-7F55C2994048}"
EndProject
Project("{8BC9CEB8-8B4A-11D0-8D11-00A0C91BC942}") = "libssl.141.Win32", "Build\libssl.141.Win32\libssl.141.Win32.vcxproj", "{A5EB6BDD-DD81-4B7B-83A0-A8AE0068FC3F}"
EndProject
Project("{8BC9CEB8-8B4A-11D0-8D11-00A0C91BC942}") = "libssl.142.Win32", "Build\libssl.142.Win32\libssl.142.Win32.vcxproj", "{23104CDA-C598-4D41-B7FF-70405B2871EC}"
EndProject
Project("{8BC9CEB8-8B4A-11D0-8D11-00A0C91BC942}") = "libHttpClient.142.GDK.C", "Build\libHttpClient.142.GDK.C\libHttpClient.142.GDK.C.vcxproj", "{66365E18-7B53-44BF-A348-6735058E359E}"
EndProject
Project("{8BC9CEB8-8B4A-11D0-8D11-00A0C91BC942}") = "libHttpClient.141.GDK.C", "Build\libHttpClient.141.GDK.C\libHttpClient.141.GDK.C.vcxproj", "{78C0122C-6B2D-4054-8C49-448277DD7A7D}"
EndProject
Project("{2150E333-8FDC-42A3-9474-1A3956D46DE8}") = "Test", "Test", "{6BBCD917-A163-48D8-9385-3F6135E031FE}"
EndProject
Project("{8BC9CEB8-8B4A-11D0-8D11-00A0C91BC942}") = "libHttpClient.UnitTest", "Build\libHttpClient.UnitTest\libHttpClient.UnitTest.vcxitems", "{8EF7009A-36CF-4D82-9FB7-6D69154893CF}"
EndProject
Project("{8BC9CEB8-8B4A-11D0-8D11-00A0C91BC942}") = "libHttpClient.UnitTest.TAEF", "Build\libHttpClient.UnitTest.TAEF\libHttpClient.UnitTest.TAEF.vcxproj", "{E885BB30-F51E-4BAB-9300-4B303144BB49}"
EndProject
Project("{8BC9CEB8-8B4A-11D0-8D11-00A0C91BC942}") = "libHttpClient.UnitTest.TE", "Build\libHttpClient.UnitTest.TE\libHttpClient.UnitTest.TE.vcxproj", "{9DD2BA60-6505-493A-8C41-8085C44E9F1F}"
EndProject
Global
	GlobalSection(SolutionConfigurationPlatforms) = preSolution
		Debug|ARM = Debug|ARM
		Debug|ARM64 = Debug|ARM64
		Debug|Gaming.Desktop.x64 = Debug|Gaming.Desktop.x64
		Debug|x64 = Debug|x64
		Debug|x86 = Debug|x86
		Release|ARM = Release|ARM
		Release|ARM64 = Release|ARM64
		Release|Gaming.Desktop.x64 = Release|Gaming.Desktop.x64
		Release|x64 = Release|x64
		Release|x86 = Release|x86
	EndGlobalSection
	GlobalSection(ProjectConfigurationPlatforms) = postSolution
		{9164C6C9-3872-4922-A3E3-3822622D3E71}.Debug|ARM.ActiveCfg = Debug|ARM
		{9164C6C9-3872-4922-A3E3-3822622D3E71}.Debug|ARM.Build.0 = Debug|ARM
		{9164C6C9-3872-4922-A3E3-3822622D3E71}.Debug|ARM64.ActiveCfg = Debug|ARM64
		{9164C6C9-3872-4922-A3E3-3822622D3E71}.Debug|ARM64.Build.0 = Debug|ARM64
		{9164C6C9-3872-4922-A3E3-3822622D3E71}.Debug|Gaming.Desktop.x64.ActiveCfg = Debug|x64
		{9164C6C9-3872-4922-A3E3-3822622D3E71}.Debug|x64.ActiveCfg = Debug|x64
		{9164C6C9-3872-4922-A3E3-3822622D3E71}.Debug|x64.Build.0 = Debug|x64
		{9164C6C9-3872-4922-A3E3-3822622D3E71}.Debug|x86.ActiveCfg = Debug|Win32
		{9164C6C9-3872-4922-A3E3-3822622D3E71}.Debug|x86.Build.0 = Debug|Win32
		{9164C6C9-3872-4922-A3E3-3822622D3E71}.Release|ARM.ActiveCfg = Release|ARM
		{9164C6C9-3872-4922-A3E3-3822622D3E71}.Release|ARM.Build.0 = Release|ARM
		{9164C6C9-3872-4922-A3E3-3822622D3E71}.Release|ARM64.ActiveCfg = Release|ARM64
		{9164C6C9-3872-4922-A3E3-3822622D3E71}.Release|ARM64.Build.0 = Release|ARM64
		{9164C6C9-3872-4922-A3E3-3822622D3E71}.Release|Gaming.Desktop.x64.ActiveCfg = Release|x64
		{9164C6C9-3872-4922-A3E3-3822622D3E71}.Release|x64.ActiveCfg = Release|x64
		{9164C6C9-3872-4922-A3E3-3822622D3E71}.Release|x64.Build.0 = Release|x64
		{9164C6C9-3872-4922-A3E3-3822622D3E71}.Release|x86.ActiveCfg = Release|Win32
		{9164C6C9-3872-4922-A3E3-3822622D3E71}.Release|x86.Build.0 = Release|Win32
		{0A6D51A3-0D86-4D0E-9DAA-54BA75E1DA1C}.Debug|ARM.ActiveCfg = Debug|Gaming.Desktop.x64
		{0A6D51A3-0D86-4D0E-9DAA-54BA75E1DA1C}.Debug|ARM64.ActiveCfg = Debug|Gaming.Desktop.x64
		{0A6D51A3-0D86-4D0E-9DAA-54BA75E1DA1C}.Debug|Gaming.Desktop.x64.ActiveCfg = Debug|Gaming.Desktop.x64
		{0A6D51A3-0D86-4D0E-9DAA-54BA75E1DA1C}.Debug|Gaming.Desktop.x64.Build.0 = Debug|Gaming.Desktop.x64
		{0A6D51A3-0D86-4D0E-9DAA-54BA75E1DA1C}.Debug|x64.ActiveCfg = Debug|Gaming.Desktop.x64
		{0A6D51A3-0D86-4D0E-9DAA-54BA75E1DA1C}.Debug|x86.ActiveCfg = Debug|Gaming.Desktop.x64
		{0A6D51A3-0D86-4D0E-9DAA-54BA75E1DA1C}.Release|ARM.ActiveCfg = Release|Gaming.Desktop.x64
		{0A6D51A3-0D86-4D0E-9DAA-54BA75E1DA1C}.Release|ARM64.ActiveCfg = Release|Gaming.Desktop.x64
		{0A6D51A3-0D86-4D0E-9DAA-54BA75E1DA1C}.Release|Gaming.Desktop.x64.ActiveCfg = Release|Gaming.Desktop.x64
		{0A6D51A3-0D86-4D0E-9DAA-54BA75E1DA1C}.Release|Gaming.Desktop.x64.Build.0 = Release|Gaming.Desktop.x64
		{0A6D51A3-0D86-4D0E-9DAA-54BA75E1DA1C}.Release|x64.ActiveCfg = Release|Gaming.Desktop.x64
		{0A6D51A3-0D86-4D0E-9DAA-54BA75E1DA1C}.Release|x86.ActiveCfg = Release|Gaming.Desktop.x64
		{53C69CF3-B0B8-4A64-B178-0E9370737F70}.Debug|ARM.ActiveCfg = Debug|ARM
		{53C69CF3-B0B8-4A64-B178-0E9370737F70}.Debug|ARM.Build.0 = Debug|ARM
		{53C69CF3-B0B8-4A64-B178-0E9370737F70}.Debug|ARM64.ActiveCfg = Debug|ARM64
		{53C69CF3-B0B8-4A64-B178-0E9370737F70}.Debug|ARM64.Build.0 = Debug|ARM64
		{53C69CF3-B0B8-4A64-B178-0E9370737F70}.Debug|Gaming.Desktop.x64.ActiveCfg = Debug|x64
		{53C69CF3-B0B8-4A64-B178-0E9370737F70}.Debug|x64.ActiveCfg = Debug|x64
		{53C69CF3-B0B8-4A64-B178-0E9370737F70}.Debug|x64.Build.0 = Debug|x64
		{53C69CF3-B0B8-4A64-B178-0E9370737F70}.Debug|x86.ActiveCfg = Debug|Win32
		{53C69CF3-B0B8-4A64-B178-0E9370737F70}.Debug|x86.Build.0 = Debug|Win32
		{53C69CF3-B0B8-4A64-B178-0E9370737F70}.Release|ARM.ActiveCfg = Release|ARM
		{53C69CF3-B0B8-4A64-B178-0E9370737F70}.Release|ARM.Build.0 = Release|ARM
		{53C69CF3-B0B8-4A64-B178-0E9370737F70}.Release|ARM64.ActiveCfg = Release|ARM64
		{53C69CF3-B0B8-4A64-B178-0E9370737F70}.Release|ARM64.Build.0 = Release|ARM64
		{53C69CF3-B0B8-4A64-B178-0E9370737F70}.Release|Gaming.Desktop.x64.ActiveCfg = Release|x64
		{53C69CF3-B0B8-4A64-B178-0E9370737F70}.Release|x64.ActiveCfg = Release|x64
		{53C69CF3-B0B8-4A64-B178-0E9370737F70}.Release|x64.Build.0 = Release|x64
		{53C69CF3-B0B8-4A64-B178-0E9370737F70}.Release|x86.ActiveCfg = Release|Win32
		{53C69CF3-B0B8-4A64-B178-0E9370737F70}.Release|x86.Build.0 = Release|Win32
		{AAF08544-8AAA-41A5-A86B-2AF4D8985258}.Debug|ARM.ActiveCfg = Debug|ARM
		{AAF08544-8AAA-41A5-A86B-2AF4D8985258}.Debug|ARM.Build.0 = Debug|ARM
		{AAF08544-8AAA-41A5-A86B-2AF4D8985258}.Debug|ARM64.ActiveCfg = Debug|ARM64
		{AAF08544-8AAA-41A5-A86B-2AF4D8985258}.Debug|ARM64.Build.0 = Debug|ARM64
		{AAF08544-8AAA-41A5-A86B-2AF4D8985258}.Debug|Gaming.Desktop.x64.ActiveCfg = Debug|x64
		{AAF08544-8AAA-41A5-A86B-2AF4D8985258}.Debug|x64.ActiveCfg = Debug|x64
		{AAF08544-8AAA-41A5-A86B-2AF4D8985258}.Debug|x64.Build.0 = Debug|x64
		{AAF08544-8AAA-41A5-A86B-2AF4D8985258}.Debug|x86.ActiveCfg = Debug|Win32
		{AAF08544-8AAA-41A5-A86B-2AF4D8985258}.Debug|x86.Build.0 = Debug|Win32
		{AAF08544-8AAA-41A5-A86B-2AF4D8985258}.Release|ARM.ActiveCfg = Release|ARM
		{AAF08544-8AAA-41A5-A86B-2AF4D8985258}.Release|ARM.Build.0 = Release|ARM
		{AAF08544-8AAA-41A5-A86B-2AF4D8985258}.Release|ARM64.ActiveCfg = Release|ARM64
		{AAF08544-8AAA-41A5-A86B-2AF4D8985258}.Release|ARM64.Build.0 = Release|ARM64
		{AAF08544-8AAA-41A5-A86B-2AF4D8985258}.Release|Gaming.Desktop.x64.ActiveCfg = Release|x64
		{AAF08544-8AAA-41A5-A86B-2AF4D8985258}.Release|x64.ActiveCfg = Release|x64
		{AAF08544-8AAA-41A5-A86B-2AF4D8985258}.Release|x64.Build.0 = Release|x64
		{AAF08544-8AAA-41A5-A86B-2AF4D8985258}.Release|x86.ActiveCfg = Release|Win32
		{AAF08544-8AAA-41A5-A86B-2AF4D8985258}.Release|x86.Build.0 = Release|Win32
		{16AA2EBE-6D49-41B7-A13F-887C12E78715}.Debug|ARM.ActiveCfg = Debug|ARM
		{16AA2EBE-6D49-41B7-A13F-887C12E78715}.Debug|ARM.Build.0 = Debug|ARM
		{16AA2EBE-6D49-41B7-A13F-887C12E78715}.Debug|ARM64.ActiveCfg = Debug|ARM64
		{16AA2EBE-6D49-41B7-A13F-887C12E78715}.Debug|ARM64.Build.0 = Debug|ARM64
		{16AA2EBE-6D49-41B7-A13F-887C12E78715}.Debug|Gaming.Desktop.x64.ActiveCfg = Debug|x64
		{16AA2EBE-6D49-41B7-A13F-887C12E78715}.Debug|x64.ActiveCfg = Debug|x64
		{16AA2EBE-6D49-41B7-A13F-887C12E78715}.Debug|x64.Build.0 = Debug|x64
		{16AA2EBE-6D49-41B7-A13F-887C12E78715}.Debug|x86.ActiveCfg = Debug|Win32
		{16AA2EBE-6D49-41B7-A13F-887C12E78715}.Debug|x86.Build.0 = Debug|Win32
		{16AA2EBE-6D49-41B7-A13F-887C12E78715}.Release|ARM.ActiveCfg = Release|ARM
		{16AA2EBE-6D49-41B7-A13F-887C12E78715}.Release|ARM.Build.0 = Release|ARM
		{16AA2EBE-6D49-41B7-A13F-887C12E78715}.Release|ARM64.ActiveCfg = Release|ARM64
		{16AA2EBE-6D49-41B7-A13F-887C12E78715}.Release|ARM64.Build.0 = Release|ARM64
		{16AA2EBE-6D49-41B7-A13F-887C12E78715}.Release|Gaming.Desktop.x64.ActiveCfg = Release|x64
		{16AA2EBE-6D49-41B7-A13F-887C12E78715}.Release|x64.ActiveCfg = Release|x64
		{16AA2EBE-6D49-41B7-A13F-887C12E78715}.Release|x64.Build.0 = Release|x64
		{16AA2EBE-6D49-41B7-A13F-887C12E78715}.Release|x86.ActiveCfg = Release|Win32
		{16AA2EBE-6D49-41B7-A13F-887C12E78715}.Release|x86.Build.0 = Release|Win32
		{00867B85-BAE6-4129-85EA-18CCFA002E00}.Debug|ARM.ActiveCfg = Debug|ARM
		{00867B85-BAE6-4129-85EA-18CCFA002E00}.Debug|ARM.Build.0 = Debug|ARM
		{00867B85-BAE6-4129-85EA-18CCFA002E00}.Debug|ARM64.ActiveCfg = Debug|ARM64
		{00867B85-BAE6-4129-85EA-18CCFA002E00}.Debug|ARM64.Build.0 = Debug|ARM64
		{00867B85-BAE6-4129-85EA-18CCFA002E00}.Debug|Gaming.Desktop.x64.ActiveCfg = Debug|x64
		{00867B85-BAE6-4129-85EA-18CCFA002E00}.Debug|x64.ActiveCfg = Debug|x64
		{00867B85-BAE6-4129-85EA-18CCFA002E00}.Debug|x64.Build.0 = Debug|x64
		{00867B85-BAE6-4129-85EA-18CCFA002E00}.Debug|x86.ActiveCfg = Debug|Win32
		{00867B85-BAE6-4129-85EA-18CCFA002E00}.Debug|x86.Build.0 = Debug|Win32
		{00867B85-BAE6-4129-85EA-18CCFA002E00}.Release|ARM.ActiveCfg = Release|ARM
		{00867B85-BAE6-4129-85EA-18CCFA002E00}.Release|ARM.Build.0 = Release|ARM
		{00867B85-BAE6-4129-85EA-18CCFA002E00}.Release|ARM64.ActiveCfg = Release|ARM64
		{00867B85-BAE6-4129-85EA-18CCFA002E00}.Release|ARM64.Build.0 = Release|ARM64
		{00867B85-BAE6-4129-85EA-18CCFA002E00}.Release|Gaming.Desktop.x64.ActiveCfg = Release|x64
		{00867B85-BAE6-4129-85EA-18CCFA002E00}.Release|x64.ActiveCfg = Release|x64
		{00867B85-BAE6-4129-85EA-18CCFA002E00}.Release|x64.Build.0 = Release|x64
		{00867B85-BAE6-4129-85EA-18CCFA002E00}.Release|x86.ActiveCfg = Release|Win32
		{00867B85-BAE6-4129-85EA-18CCFA002E00}.Release|x86.Build.0 = Release|Win32
		{2DFBBF3A-6D4B-4FF8-BD01-C9527A1FE0AC}.Debug|ARM.ActiveCfg = Debug|ARM
		{2DFBBF3A-6D4B-4FF8-BD01-C9527A1FE0AC}.Debug|ARM.Build.0 = Debug|ARM
		{2DFBBF3A-6D4B-4FF8-BD01-C9527A1FE0AC}.Debug|ARM.Deploy.0 = Debug|ARM
		{2DFBBF3A-6D4B-4FF8-BD01-C9527A1FE0AC}.Debug|ARM64.ActiveCfg = Debug|ARM64
		{2DFBBF3A-6D4B-4FF8-BD01-C9527A1FE0AC}.Debug|ARM64.Build.0 = Debug|ARM64
		{2DFBBF3A-6D4B-4FF8-BD01-C9527A1FE0AC}.Debug|ARM64.Deploy.0 = Debug|ARM64
		{2DFBBF3A-6D4B-4FF8-BD01-C9527A1FE0AC}.Debug|Gaming.Desktop.x64.ActiveCfg = Debug|x64
		{2DFBBF3A-6D4B-4FF8-BD01-C9527A1FE0AC}.Debug|Gaming.Desktop.x64.Build.0 = Debug|x64
		{2DFBBF3A-6D4B-4FF8-BD01-C9527A1FE0AC}.Debug|Gaming.Desktop.x64.Deploy.0 = Debug|x64
		{2DFBBF3A-6D4B-4FF8-BD01-C9527A1FE0AC}.Debug|x64.ActiveCfg = Debug|x64
		{2DFBBF3A-6D4B-4FF8-BD01-C9527A1FE0AC}.Debug|x64.Build.0 = Debug|x64
		{2DFBBF3A-6D4B-4FF8-BD01-C9527A1FE0AC}.Debug|x64.Deploy.0 = Debug|x64
		{2DFBBF3A-6D4B-4FF8-BD01-C9527A1FE0AC}.Debug|x86.ActiveCfg = Debug|Win32
		{2DFBBF3A-6D4B-4FF8-BD01-C9527A1FE0AC}.Debug|x86.Build.0 = Debug|Win32
		{2DFBBF3A-6D4B-4FF8-BD01-C9527A1FE0AC}.Debug|x86.Deploy.0 = Debug|Win32
		{2DFBBF3A-6D4B-4FF8-BD01-C9527A1FE0AC}.Release|ARM.ActiveCfg = Release|ARM
		{2DFBBF3A-6D4B-4FF8-BD01-C9527A1FE0AC}.Release|ARM.Build.0 = Release|ARM
		{2DFBBF3A-6D4B-4FF8-BD01-C9527A1FE0AC}.Release|ARM.Deploy.0 = Release|ARM
		{2DFBBF3A-6D4B-4FF8-BD01-C9527A1FE0AC}.Release|ARM64.ActiveCfg = Release|ARM64
		{2DFBBF3A-6D4B-4FF8-BD01-C9527A1FE0AC}.Release|ARM64.Build.0 = Release|ARM64
		{2DFBBF3A-6D4B-4FF8-BD01-C9527A1FE0AC}.Release|ARM64.Deploy.0 = Release|ARM64
		{2DFBBF3A-6D4B-4FF8-BD01-C9527A1FE0AC}.Release|Gaming.Desktop.x64.ActiveCfg = Release|x64
		{2DFBBF3A-6D4B-4FF8-BD01-C9527A1FE0AC}.Release|Gaming.Desktop.x64.Deploy.0 = Release|x64
		{2DFBBF3A-6D4B-4FF8-BD01-C9527A1FE0AC}.Release|x64.ActiveCfg = Release|x64
		{2DFBBF3A-6D4B-4FF8-BD01-C9527A1FE0AC}.Release|x64.Build.0 = Release|x64
		{2DFBBF3A-6D4B-4FF8-BD01-C9527A1FE0AC}.Release|x64.Deploy.0 = Release|x64
		{2DFBBF3A-6D4B-4FF8-BD01-C9527A1FE0AC}.Release|x86.ActiveCfg = Release|Win32
		{2DFBBF3A-6D4B-4FF8-BD01-C9527A1FE0AC}.Release|x86.Build.0 = Release|Win32
		{2DFBBF3A-6D4B-4FF8-BD01-C9527A1FE0AC}.Release|x86.Deploy.0 = Release|Win32
		{2E55AA9F-A132-477C-B4FF-B4CD551E4322}.Debug|ARM.ActiveCfg = Debug|ARM
		{2E55AA9F-A132-477C-B4FF-B4CD551E4322}.Debug|ARM.Build.0 = Debug|ARM
		{2E55AA9F-A132-477C-B4FF-B4CD551E4322}.Debug|ARM64.ActiveCfg = Debug|ARM64
		{2E55AA9F-A132-477C-B4FF-B4CD551E4322}.Debug|ARM64.Build.0 = Debug|ARM64
		{2E55AA9F-A132-477C-B4FF-B4CD551E4322}.Debug|Gaming.Desktop.x64.ActiveCfg = Debug|x64
		{2E55AA9F-A132-477C-B4FF-B4CD551E4322}.Debug|x64.ActiveCfg = Debug|x64
		{2E55AA9F-A132-477C-B4FF-B4CD551E4322}.Debug|x64.Build.0 = Debug|x64
		{2E55AA9F-A132-477C-B4FF-B4CD551E4322}.Debug|x86.ActiveCfg = Debug|Win32
		{2E55AA9F-A132-477C-B4FF-B4CD551E4322}.Debug|x86.Build.0 = Debug|Win32
		{2E55AA9F-A132-477C-B4FF-B4CD551E4322}.Release|ARM.ActiveCfg = Release|ARM
		{2E55AA9F-A132-477C-B4FF-B4CD551E4322}.Release|ARM.Build.0 = Release|ARM
		{2E55AA9F-A132-477C-B4FF-B4CD551E4322}.Release|ARM64.ActiveCfg = Release|ARM64
		{2E55AA9F-A132-477C-B4FF-B4CD551E4322}.Release|ARM64.Build.0 = Release|ARM64
		{2E55AA9F-A132-477C-B4FF-B4CD551E4322}.Release|Gaming.Desktop.x64.ActiveCfg = Release|x64
		{2E55AA9F-A132-477C-B4FF-B4CD551E4322}.Release|x64.ActiveCfg = Release|x64
		{2E55AA9F-A132-477C-B4FF-B4CD551E4322}.Release|x64.Build.0 = Release|x64
		{2E55AA9F-A132-477C-B4FF-B4CD551E4322}.Release|x86.ActiveCfg = Release|Win32
		{2E55AA9F-A132-477C-B4FF-B4CD551E4322}.Release|x86.Build.0 = Release|Win32
		{5B498CF9-1803-438F-98FC-25F42759F440}.Debug|ARM.ActiveCfg = Debug|ARM
		{5B498CF9-1803-438F-98FC-25F42759F440}.Debug|ARM.Build.0 = Debug|ARM
		{5B498CF9-1803-438F-98FC-25F42759F440}.Debug|ARM64.ActiveCfg = Debug|ARM64
		{5B498CF9-1803-438F-98FC-25F42759F440}.Debug|ARM64.Build.0 = Debug|ARM64
		{5B498CF9-1803-438F-98FC-25F42759F440}.Debug|Gaming.Desktop.x64.ActiveCfg = Debug|x64
		{5B498CF9-1803-438F-98FC-25F42759F440}.Debug|x64.ActiveCfg = Debug|x64
		{5B498CF9-1803-438F-98FC-25F42759F440}.Debug|x64.Build.0 = Debug|x64
		{5B498CF9-1803-438F-98FC-25F42759F440}.Debug|x86.ActiveCfg = Debug|Win32
		{5B498CF9-1803-438F-98FC-25F42759F440}.Debug|x86.Build.0 = Debug|Win32
		{5B498CF9-1803-438F-98FC-25F42759F440}.Release|ARM.ActiveCfg = Release|ARM
		{5B498CF9-1803-438F-98FC-25F42759F440}.Release|ARM.Build.0 = Release|ARM
		{5B498CF9-1803-438F-98FC-25F42759F440}.Release|ARM64.ActiveCfg = Release|ARM64
		{5B498CF9-1803-438F-98FC-25F42759F440}.Release|ARM64.Build.0 = Release|ARM64
		{5B498CF9-1803-438F-98FC-25F42759F440}.Release|Gaming.Desktop.x64.ActiveCfg = Release|x64
		{5B498CF9-1803-438F-98FC-25F42759F440}.Release|x64.ActiveCfg = Release|x64
		{5B498CF9-1803-438F-98FC-25F42759F440}.Release|x64.Build.0 = Release|x64
		{5B498CF9-1803-438F-98FC-25F42759F440}.Release|x86.ActiveCfg = Release|Win32
		{5B498CF9-1803-438F-98FC-25F42759F440}.Release|x86.Build.0 = Release|Win32
		{99542110-3CCD-4525-B607-DB8F6E76AEAC}.Debug|ARM.ActiveCfg = Debug|ARM
		{99542110-3CCD-4525-B607-DB8F6E76AEAC}.Debug|ARM.Build.0 = Debug|ARM
		{99542110-3CCD-4525-B607-DB8F6E76AEAC}.Debug|ARM.Deploy.0 = Debug|ARM
		{99542110-3CCD-4525-B607-DB8F6E76AEAC}.Debug|ARM64.ActiveCfg = Debug|ARM64
		{99542110-3CCD-4525-B607-DB8F6E76AEAC}.Debug|ARM64.Build.0 = Debug|ARM64
		{99542110-3CCD-4525-B607-DB8F6E76AEAC}.Debug|ARM64.Deploy.0 = Debug|ARM64
		{99542110-3CCD-4525-B607-DB8F6E76AEAC}.Debug|Gaming.Desktop.x64.ActiveCfg = Debug|x64
		{99542110-3CCD-4525-B607-DB8F6E76AEAC}.Debug|Gaming.Desktop.x64.Deploy.0 = Debug|x64
		{99542110-3CCD-4525-B607-DB8F6E76AEAC}.Debug|x64.ActiveCfg = Debug|x64
		{99542110-3CCD-4525-B607-DB8F6E76AEAC}.Debug|x64.Build.0 = Debug|x64
		{99542110-3CCD-4525-B607-DB8F6E76AEAC}.Debug|x64.Deploy.0 = Debug|x64
		{99542110-3CCD-4525-B607-DB8F6E76AEAC}.Debug|x86.ActiveCfg = Debug|Win32
		{99542110-3CCD-4525-B607-DB8F6E76AEAC}.Debug|x86.Build.0 = Debug|Win32
		{99542110-3CCD-4525-B607-DB8F6E76AEAC}.Debug|x86.Deploy.0 = Debug|Win32
		{99542110-3CCD-4525-B607-DB8F6E76AEAC}.Release|ARM.ActiveCfg = Release|ARM
		{99542110-3CCD-4525-B607-DB8F6E76AEAC}.Release|ARM.Build.0 = Release|ARM
		{99542110-3CCD-4525-B607-DB8F6E76AEAC}.Release|ARM.Deploy.0 = Release|ARM
		{99542110-3CCD-4525-B607-DB8F6E76AEAC}.Release|ARM64.ActiveCfg = Release|ARM64
		{99542110-3CCD-4525-B607-DB8F6E76AEAC}.Release|ARM64.Build.0 = Release|ARM64
		{99542110-3CCD-4525-B607-DB8F6E76AEAC}.Release|ARM64.Deploy.0 = Release|ARM64
		{99542110-3CCD-4525-B607-DB8F6E76AEAC}.Release|Gaming.Desktop.x64.ActiveCfg = Release|x64
		{99542110-3CCD-4525-B607-DB8F6E76AEAC}.Release|Gaming.Desktop.x64.Deploy.0 = Release|x64
		{99542110-3CCD-4525-B607-DB8F6E76AEAC}.Release|x64.ActiveCfg = Release|x64
		{99542110-3CCD-4525-B607-DB8F6E76AEAC}.Release|x64.Build.0 = Release|x64
		{99542110-3CCD-4525-B607-DB8F6E76AEAC}.Release|x64.Deploy.0 = Release|x64
		{99542110-3CCD-4525-B607-DB8F6E76AEAC}.Release|x86.ActiveCfg = Release|Win32
		{99542110-3CCD-4525-B607-DB8F6E76AEAC}.Release|x86.Build.0 = Release|Win32
		{99542110-3CCD-4525-B607-DB8F6E76AEAC}.Release|x86.Deploy.0 = Release|Win32
		{591520A6-680D-4AD7-AACB-8C2C877F8BAE}.Debug|ARM.ActiveCfg = Debug|ARM
		{591520A6-680D-4AD7-AACB-8C2C877F8BAE}.Debug|ARM.Build.0 = Debug|ARM
		{591520A6-680D-4AD7-AACB-8C2C877F8BAE}.Debug|ARM64.ActiveCfg = Debug|ARM64
		{591520A6-680D-4AD7-AACB-8C2C877F8BAE}.Debug|ARM64.Build.0 = Debug|ARM64
		{591520A6-680D-4AD7-AACB-8C2C877F8BAE}.Debug|Gaming.Desktop.x64.ActiveCfg = Debug|x64
		{591520A6-680D-4AD7-AACB-8C2C877F8BAE}.Debug|x64.ActiveCfg = Debug|x64
		{591520A6-680D-4AD7-AACB-8C2C877F8BAE}.Debug|x64.Build.0 = Debug|x64
		{591520A6-680D-4AD7-AACB-8C2C877F8BAE}.Debug|x86.ActiveCfg = Debug|Win32
		{591520A6-680D-4AD7-AACB-8C2C877F8BAE}.Debug|x86.Build.0 = Debug|Win32
		{591520A6-680D-4AD7-AACB-8C2C877F8BAE}.Release|ARM.ActiveCfg = Release|ARM
		{591520A6-680D-4AD7-AACB-8C2C877F8BAE}.Release|ARM.Build.0 = Release|ARM
		{591520A6-680D-4AD7-AACB-8C2C877F8BAE}.Release|ARM64.ActiveCfg = Release|ARM64
		{591520A6-680D-4AD7-AACB-8C2C877F8BAE}.Release|ARM64.Build.0 = Release|ARM64
		{591520A6-680D-4AD7-AACB-8C2C877F8BAE}.Release|Gaming.Desktop.x64.ActiveCfg = Release|x64
		{591520A6-680D-4AD7-AACB-8C2C877F8BAE}.Release|x64.ActiveCfg = Release|x64
		{591520A6-680D-4AD7-AACB-8C2C877F8BAE}.Release|x64.Build.0 = Release|x64
		{591520A6-680D-4AD7-AACB-8C2C877F8BAE}.Release|x86.ActiveCfg = Release|Win32
		{591520A6-680D-4AD7-AACB-8C2C877F8BAE}.Release|x86.Build.0 = Release|Win32
		{267629EF-20A2-4FFB-8DC8-A8534E98FCEB}.Debug|ARM.ActiveCfg = Debug|ARM
		{267629EF-20A2-4FFB-8DC8-A8534E98FCEB}.Debug|ARM.Build.0 = Debug|ARM
		{267629EF-20A2-4FFB-8DC8-A8534E98FCEB}.Debug|ARM64.ActiveCfg = Debug|ARM64
		{267629EF-20A2-4FFB-8DC8-A8534E98FCEB}.Debug|ARM64.Build.0 = Debug|ARM64
		{267629EF-20A2-4FFB-8DC8-A8534E98FCEB}.Debug|Gaming.Desktop.x64.ActiveCfg = Debug|x64
		{267629EF-20A2-4FFB-8DC8-A8534E98FCEB}.Debug|x64.ActiveCfg = Debug|x64
		{267629EF-20A2-4FFB-8DC8-A8534E98FCEB}.Debug|x64.Build.0 = Debug|x64
		{267629EF-20A2-4FFB-8DC8-A8534E98FCEB}.Debug|x86.ActiveCfg = Debug|Win32
		{267629EF-20A2-4FFB-8DC8-A8534E98FCEB}.Debug|x86.Build.0 = Debug|Win32
		{267629EF-20A2-4FFB-8DC8-A8534E98FCEB}.Release|ARM.ActiveCfg = Release|ARM
		{267629EF-20A2-4FFB-8DC8-A8534E98FCEB}.Release|ARM.Build.0 = Release|ARM
		{267629EF-20A2-4FFB-8DC8-A8534E98FCEB}.Release|ARM64.ActiveCfg = Release|ARM64
		{267629EF-20A2-4FFB-8DC8-A8534E98FCEB}.Release|ARM64.Build.0 = Release|ARM64
		{267629EF-20A2-4FFB-8DC8-A8534E98FCEB}.Release|Gaming.Desktop.x64.ActiveCfg = Release|x64
		{267629EF-20A2-4FFB-8DC8-A8534E98FCEB}.Release|x64.ActiveCfg = Release|x64
		{267629EF-20A2-4FFB-8DC8-A8534E98FCEB}.Release|x64.Build.0 = Release|x64
		{267629EF-20A2-4FFB-8DC8-A8534E98FCEB}.Release|x86.ActiveCfg = Release|Win32
		{267629EF-20A2-4FFB-8DC8-A8534E98FCEB}.Release|x86.Build.0 = Release|Win32
		{BEDE280F-17F7-4A09-9F5D-2E02FBB1C490}.Debug|ARM.ActiveCfg = Debug|ARM
		{BEDE280F-17F7-4A09-9F5D-2E02FBB1C490}.Debug|ARM.Build.0 = Debug|ARM
		{BEDE280F-17F7-4A09-9F5D-2E02FBB1C490}.Debug|ARM64.ActiveCfg = Debug|ARM64
		{BEDE280F-17F7-4A09-9F5D-2E02FBB1C490}.Debug|ARM64.Build.0 = Debug|ARM64
		{BEDE280F-17F7-4A09-9F5D-2E02FBB1C490}.Debug|Gaming.Desktop.x64.ActiveCfg = Debug|x64
		{BEDE280F-17F7-4A09-9F5D-2E02FBB1C490}.Debug|x64.ActiveCfg = Debug|x64
		{BEDE280F-17F7-4A09-9F5D-2E02FBB1C490}.Debug|x64.Build.0 = Debug|x64
		{BEDE280F-17F7-4A09-9F5D-2E02FBB1C490}.Debug|x86.ActiveCfg = Debug|Win32
		{BEDE280F-17F7-4A09-9F5D-2E02FBB1C490}.Debug|x86.Build.0 = Debug|Win32
		{BEDE280F-17F7-4A09-9F5D-2E02FBB1C490}.Release|ARM.ActiveCfg = Release|ARM
		{BEDE280F-17F7-4A09-9F5D-2E02FBB1C490}.Release|ARM.Build.0 = Release|ARM
		{BEDE280F-17F7-4A09-9F5D-2E02FBB1C490}.Release|ARM64.ActiveCfg = Release|ARM64
		{BEDE280F-17F7-4A09-9F5D-2E02FBB1C490}.Release|ARM64.Build.0 = Release|ARM64
		{BEDE280F-17F7-4A09-9F5D-2E02FBB1C490}.Release|Gaming.Desktop.x64.ActiveCfg = Release|x64
		{BEDE280F-17F7-4A09-9F5D-2E02FBB1C490}.Release|x64.ActiveCfg = Release|x64
		{BEDE280F-17F7-4A09-9F5D-2E02FBB1C490}.Release|x64.Build.0 = Release|x64
		{BEDE280F-17F7-4A09-9F5D-2E02FBB1C490}.Release|x86.ActiveCfg = Release|Win32
		{BEDE280F-17F7-4A09-9F5D-2E02FBB1C490}.Release|x86.Build.0 = Release|Win32
		{961F48EA-33A9-47F1-9C96-715D6094D79B}.Debug|ARM.ActiveCfg = Debug|ARM
		{961F48EA-33A9-47F1-9C96-715D6094D79B}.Debug|ARM.Build.0 = Debug|ARM
		{961F48EA-33A9-47F1-9C96-715D6094D79B}.Debug|ARM64.ActiveCfg = Debug|ARM64
		{961F48EA-33A9-47F1-9C96-715D6094D79B}.Debug|ARM64.Build.0 = Debug|ARM64
		{961F48EA-33A9-47F1-9C96-715D6094D79B}.Debug|Gaming.Desktop.x64.ActiveCfg = Debug|x64
		{961F48EA-33A9-47F1-9C96-715D6094D79B}.Debug|x64.ActiveCfg = Debug|x64
		{961F48EA-33A9-47F1-9C96-715D6094D79B}.Debug|x64.Build.0 = Debug|x64
		{961F48EA-33A9-47F1-9C96-715D6094D79B}.Debug|x86.ActiveCfg = Debug|Win32
		{961F48EA-33A9-47F1-9C96-715D6094D79B}.Debug|x86.Build.0 = Debug|Win32
		{961F48EA-33A9-47F1-9C96-715D6094D79B}.Release|ARM.ActiveCfg = Release|ARM
		{961F48EA-33A9-47F1-9C96-715D6094D79B}.Release|ARM.Build.0 = Release|ARM
		{961F48EA-33A9-47F1-9C96-715D6094D79B}.Release|ARM64.ActiveCfg = Release|ARM64
		{961F48EA-33A9-47F1-9C96-715D6094D79B}.Release|ARM64.Build.0 = Release|ARM64
		{961F48EA-33A9-47F1-9C96-715D6094D79B}.Release|Gaming.Desktop.x64.ActiveCfg = Release|x64
		{961F48EA-33A9-47F1-9C96-715D6094D79B}.Release|x64.ActiveCfg = Release|x64
		{961F48EA-33A9-47F1-9C96-715D6094D79B}.Release|x64.Build.0 = Release|x64
		{961F48EA-33A9-47F1-9C96-715D6094D79B}.Release|x86.ActiveCfg = Release|Win32
		{961F48EA-33A9-47F1-9C96-715D6094D79B}.Release|x86.Build.0 = Release|Win32
		{EEE4D040-3907-43BD-9CA9-C89F1DB19FCD}.Debug|ARM.ActiveCfg = Debug|ARM
		{EEE4D040-3907-43BD-9CA9-C89F1DB19FCD}.Debug|ARM.Build.0 = Debug|ARM
		{EEE4D040-3907-43BD-9CA9-C89F1DB19FCD}.Debug|ARM64.ActiveCfg = Debug|ARM64
		{EEE4D040-3907-43BD-9CA9-C89F1DB19FCD}.Debug|ARM64.Build.0 = Debug|ARM64
		{EEE4D040-3907-43BD-9CA9-C89F1DB19FCD}.Debug|Gaming.Desktop.x64.ActiveCfg = Debug|x64
		{EEE4D040-3907-43BD-9CA9-C89F1DB19FCD}.Debug|Gaming.Desktop.x64.Build.0 = Debug|x64
		{EEE4D040-3907-43BD-9CA9-C89F1DB19FCD}.Debug|x64.ActiveCfg = Debug|x64
		{EEE4D040-3907-43BD-9CA9-C89F1DB19FCD}.Debug|x64.Build.0 = Debug|x64
		{EEE4D040-3907-43BD-9CA9-C89F1DB19FCD}.Debug|x86.ActiveCfg = Debug|Win32
		{EEE4D040-3907-43BD-9CA9-C89F1DB19FCD}.Debug|x86.Build.0 = Debug|Win32
		{EEE4D040-3907-43BD-9CA9-C89F1DB19FCD}.Release|ARM.ActiveCfg = Release|ARM
		{EEE4D040-3907-43BD-9CA9-C89F1DB19FCD}.Release|ARM.Build.0 = Release|ARM
		{EEE4D040-3907-43BD-9CA9-C89F1DB19FCD}.Release|ARM64.ActiveCfg = Release|ARM64
		{EEE4D040-3907-43BD-9CA9-C89F1DB19FCD}.Release|ARM64.Build.0 = Release|ARM64
		{EEE4D040-3907-43BD-9CA9-C89F1DB19FCD}.Release|Gaming.Desktop.x64.ActiveCfg = Release|x64
		{EEE4D040-3907-43BD-9CA9-C89F1DB19FCD}.Release|x64.ActiveCfg = Release|x64
		{EEE4D040-3907-43BD-9CA9-C89F1DB19FCD}.Release|x64.Build.0 = Release|x64
		{EEE4D040-3907-43BD-9CA9-C89F1DB19FCD}.Release|x86.ActiveCfg = Release|Win32
		{EEE4D040-3907-43BD-9CA9-C89F1DB19FCD}.Release|x86.Build.0 = Release|Win32
		{9C459B54-E085-42F3-A671-7F55C2994048}.Debug|ARM.ActiveCfg = Debug|ARM
		{9C459B54-E085-42F3-A671-7F55C2994048}.Debug|ARM.Build.0 = Debug|ARM
		{9C459B54-E085-42F3-A671-7F55C2994048}.Debug|ARM64.ActiveCfg = Debug|ARM64
		{9C459B54-E085-42F3-A671-7F55C2994048}.Debug|ARM64.Build.0 = Debug|ARM64
		{9C459B54-E085-42F3-A671-7F55C2994048}.Debug|Gaming.Desktop.x64.ActiveCfg = Debug|x64
		{9C459B54-E085-42F3-A671-7F55C2994048}.Debug|Gaming.Desktop.x64.Build.0 = Debug|x64
		{9C459B54-E085-42F3-A671-7F55C2994048}.Debug|x64.ActiveCfg = Debug|x64
		{9C459B54-E085-42F3-A671-7F55C2994048}.Debug|x64.Build.0 = Debug|x64
		{9C459B54-E085-42F3-A671-7F55C2994048}.Debug|x86.ActiveCfg = Debug|Win32
		{9C459B54-E085-42F3-A671-7F55C2994048}.Debug|x86.Build.0 = Debug|Win32
		{9C459B54-E085-42F3-A671-7F55C2994048}.Release|ARM.ActiveCfg = Release|ARM
		{9C459B54-E085-42F3-A671-7F55C2994048}.Release|ARM.Build.0 = Release|ARM
		{9C459B54-E085-42F3-A671-7F55C2994048}.Release|ARM64.ActiveCfg = Release|ARM64
		{9C459B54-E085-42F3-A671-7F55C2994048}.Release|ARM64.Build.0 = Release|ARM64
		{9C459B54-E085-42F3-A671-7F55C2994048}.Release|Gaming.Desktop.x64.ActiveCfg = Release|x64
		{9C459B54-E085-42F3-A671-7F55C2994048}.Release|x64.ActiveCfg = Release|x64
		{9C459B54-E085-42F3-A671-7F55C2994048}.Release|x64.Build.0 = Release|x64
		{9C459B54-E085-42F3-A671-7F55C2994048}.Release|x86.ActiveCfg = Release|Win32
		{9C459B54-E085-42F3-A671-7F55C2994048}.Release|x86.Build.0 = Release|Win32
		{A5EB6BDD-DD81-4B7B-83A0-A8AE0068FC3F}.Debug|ARM.ActiveCfg = Debug|ARM
		{A5EB6BDD-DD81-4B7B-83A0-A8AE0068FC3F}.Debug|ARM.Build.0 = Debug|ARM
		{A5EB6BDD-DD81-4B7B-83A0-A8AE0068FC3F}.Debug|ARM64.ActiveCfg = Debug|ARM64
		{A5EB6BDD-DD81-4B7B-83A0-A8AE0068FC3F}.Debug|ARM64.Build.0 = Debug|ARM64
		{A5EB6BDD-DD81-4B7B-83A0-A8AE0068FC3F}.Debug|Gaming.Desktop.x64.ActiveCfg = Debug|x64
		{A5EB6BDD-DD81-4B7B-83A0-A8AE0068FC3F}.Debug|x64.ActiveCfg = Debug|x64
		{A5EB6BDD-DD81-4B7B-83A0-A8AE0068FC3F}.Debug|x64.Build.0 = Debug|x64
		{A5EB6BDD-DD81-4B7B-83A0-A8AE0068FC3F}.Debug|x86.ActiveCfg = Debug|Win32
		{A5EB6BDD-DD81-4B7B-83A0-A8AE0068FC3F}.Debug|x86.Build.0 = Debug|Win32
		{A5EB6BDD-DD81-4B7B-83A0-A8AE0068FC3F}.Release|ARM.ActiveCfg = Release|ARM
		{A5EB6BDD-DD81-4B7B-83A0-A8AE0068FC3F}.Release|ARM.Build.0 = Release|ARM
		{A5EB6BDD-DD81-4B7B-83A0-A8AE0068FC3F}.Release|ARM64.ActiveCfg = Release|ARM64
		{A5EB6BDD-DD81-4B7B-83A0-A8AE0068FC3F}.Release|ARM64.Build.0 = Release|ARM64
		{A5EB6BDD-DD81-4B7B-83A0-A8AE0068FC3F}.Release|Gaming.Desktop.x64.ActiveCfg = Release|x64
		{A5EB6BDD-DD81-4B7B-83A0-A8AE0068FC3F}.Release|x64.ActiveCfg = Release|x64
		{A5EB6BDD-DD81-4B7B-83A0-A8AE0068FC3F}.Release|x64.Build.0 = Release|x64
		{A5EB6BDD-DD81-4B7B-83A0-A8AE0068FC3F}.Release|x86.ActiveCfg = Release|Win32
		{A5EB6BDD-DD81-4B7B-83A0-A8AE0068FC3F}.Release|x86.Build.0 = Release|Win32
		{23104CDA-C598-4D41-B7FF-70405B2871EC}.Debug|ARM.ActiveCfg = Debug|ARM
		{23104CDA-C598-4D41-B7FF-70405B2871EC}.Debug|ARM.Build.0 = Debug|ARM
		{23104CDA-C598-4D41-B7FF-70405B2871EC}.Debug|ARM64.ActiveCfg = Debug|ARM64
		{23104CDA-C598-4D41-B7FF-70405B2871EC}.Debug|ARM64.Build.0 = Debug|ARM64
		{23104CDA-C598-4D41-B7FF-70405B2871EC}.Debug|Gaming.Desktop.x64.ActiveCfg = Debug|x64
		{23104CDA-C598-4D41-B7FF-70405B2871EC}.Debug|x64.ActiveCfg = Debug|x64
		{23104CDA-C598-4D41-B7FF-70405B2871EC}.Debug|x64.Build.0 = Debug|x64
		{23104CDA-C598-4D41-B7FF-70405B2871EC}.Debug|x86.ActiveCfg = Debug|Win32
		{23104CDA-C598-4D41-B7FF-70405B2871EC}.Debug|x86.Build.0 = Debug|Win32
		{23104CDA-C598-4D41-B7FF-70405B2871EC}.Release|ARM.ActiveCfg = Release|ARM
		{23104CDA-C598-4D41-B7FF-70405B2871EC}.Release|ARM.Build.0 = Release|ARM
		{23104CDA-C598-4D41-B7FF-70405B2871EC}.Release|ARM64.ActiveCfg = Release|ARM64
		{23104CDA-C598-4D41-B7FF-70405B2871EC}.Release|ARM64.Build.0 = Release|ARM64
		{23104CDA-C598-4D41-B7FF-70405B2871EC}.Release|Gaming.Desktop.x64.ActiveCfg = Release|x64
		{23104CDA-C598-4D41-B7FF-70405B2871EC}.Release|x64.ActiveCfg = Release|x64
		{23104CDA-C598-4D41-B7FF-70405B2871EC}.Release|x64.Build.0 = Release|x64
		{23104CDA-C598-4D41-B7FF-70405B2871EC}.Release|x86.ActiveCfg = Release|Win32
		{23104CDA-C598-4D41-B7FF-70405B2871EC}.Release|x86.Build.0 = Release|Win32
		{66365E18-7B53-44BF-A348-6735058E359E}.Debug|ARM.ActiveCfg = Debug|Gaming.Desktop.x64
		{66365E18-7B53-44BF-A348-6735058E359E}.Debug|ARM64.ActiveCfg = Debug|Gaming.Desktop.x64
		{66365E18-7B53-44BF-A348-6735058E359E}.Debug|Gaming.Desktop.x64.ActiveCfg = Debug|Gaming.Desktop.x64
		{66365E18-7B53-44BF-A348-6735058E359E}.Debug|Gaming.Desktop.x64.Build.0 = Debug|Gaming.Desktop.x64
		{66365E18-7B53-44BF-A348-6735058E359E}.Debug|x64.ActiveCfg = Debug|Gaming.Desktop.x64
		{66365E18-7B53-44BF-A348-6735058E359E}.Debug|x86.ActiveCfg = Debug|Gaming.Desktop.x64
		{66365E18-7B53-44BF-A348-6735058E359E}.Release|ARM.ActiveCfg = Release|Gaming.Desktop.x64
		{66365E18-7B53-44BF-A348-6735058E359E}.Release|ARM64.ActiveCfg = Release|Gaming.Desktop.x64
		{66365E18-7B53-44BF-A348-6735058E359E}.Release|Gaming.Desktop.x64.ActiveCfg = Release|Gaming.Desktop.x64
		{66365E18-7B53-44BF-A348-6735058E359E}.Release|Gaming.Desktop.x64.Build.0 = Release|Gaming.Desktop.x64
		{66365E18-7B53-44BF-A348-6735058E359E}.Release|x64.ActiveCfg = Release|Gaming.Desktop.x64
		{66365E18-7B53-44BF-A348-6735058E359E}.Release|x86.ActiveCfg = Release|Gaming.Desktop.x64
		{78C0122C-6B2D-4054-8C49-448277DD7A7D}.Debug|ARM.ActiveCfg = Debug|Gaming.Desktop.x64
		{78C0122C-6B2D-4054-8C49-448277DD7A7D}.Debug|ARM64.ActiveCfg = Debug|Gaming.Desktop.x64
		{78C0122C-6B2D-4054-8C49-448277DD7A7D}.Debug|Gaming.Desktop.x64.ActiveCfg = Debug|Gaming.Desktop.x64
		{78C0122C-6B2D-4054-8C49-448277DD7A7D}.Debug|Gaming.Desktop.x64.Build.0 = Debug|Gaming.Desktop.x64
		{78C0122C-6B2D-4054-8C49-448277DD7A7D}.Debug|x64.ActiveCfg = Debug|Gaming.Desktop.x64
		{78C0122C-6B2D-4054-8C49-448277DD7A7D}.Debug|x86.ActiveCfg = Debug|Gaming.Desktop.x64
		{78C0122C-6B2D-4054-8C49-448277DD7A7D}.Release|ARM.ActiveCfg = Release|Gaming.Desktop.x64
		{78C0122C-6B2D-4054-8C49-448277DD7A7D}.Release|ARM64.ActiveCfg = Release|Gaming.Desktop.x64
		{78C0122C-6B2D-4054-8C49-448277DD7A7D}.Release|Gaming.Desktop.x64.ActiveCfg = Release|Gaming.Desktop.x64
		{78C0122C-6B2D-4054-8C49-448277DD7A7D}.Release|Gaming.Desktop.x64.Build.0 = Release|Gaming.Desktop.x64
		{78C0122C-6B2D-4054-8C49-448277DD7A7D}.Release|x64.ActiveCfg = Release|Gaming.Desktop.x64
		{78C0122C-6B2D-4054-8C49-448277DD7A7D}.Release|x86.ActiveCfg = Release|Gaming.Desktop.x64
		{E885BB30-F51E-4BAB-9300-4B303144BB49}.Debug|ARM.ActiveCfg = Debug|ARM
		{E885BB30-F51E-4BAB-9300-4B303144BB49}.Debug|ARM.Build.0 = Debug|ARM
		{E885BB30-F51E-4BAB-9300-4B303144BB49}.Debug|ARM64.ActiveCfg = Debug|ARM64
		{E885BB30-F51E-4BAB-9300-4B303144BB49}.Debug|ARM64.Build.0 = Debug|ARM64
		{E885BB30-F51E-4BAB-9300-4B303144BB49}.Debug|Gaming.Desktop.x64.ActiveCfg = Debug|x64
		{E885BB30-F51E-4BAB-9300-4B303144BB49}.Debug|x64.ActiveCfg = Debug|x64
		{E885BB30-F51E-4BAB-9300-4B303144BB49}.Debug|x64.Build.0 = Debug|x64
		{E885BB30-F51E-4BAB-9300-4B303144BB49}.Debug|x86.ActiveCfg = Debug|Win32
		{E885BB30-F51E-4BAB-9300-4B303144BB49}.Debug|x86.Build.0 = Debug|Win32
		{E885BB30-F51E-4BAB-9300-4B303144BB49}.Release|ARM.ActiveCfg = Release|ARM
		{E885BB30-F51E-4BAB-9300-4B303144BB49}.Release|ARM.Build.0 = Release|ARM
		{E885BB30-F51E-4BAB-9300-4B303144BB49}.Release|ARM64.ActiveCfg = Release|ARM64
		{E885BB30-F51E-4BAB-9300-4B303144BB49}.Release|ARM64.Build.0 = Release|ARM64
		{E885BB30-F51E-4BAB-9300-4B303144BB49}.Release|Gaming.Desktop.x64.ActiveCfg = Release|x64
		{E885BB30-F51E-4BAB-9300-4B303144BB49}.Release|x64.ActiveCfg = Release|x64
		{E885BB30-F51E-4BAB-9300-4B303144BB49}.Release|x64.Build.0 = Release|x64
		{E885BB30-F51E-4BAB-9300-4B303144BB49}.Release|x86.ActiveCfg = Release|Win32
		{E885BB30-F51E-4BAB-9300-4B303144BB49}.Release|x86.Build.0 = Release|Win32
		{9DD2BA60-6505-493A-8C41-8085C44E9F1F}.Debug|ARM.ActiveCfg = Debug|ARM
		{9DD2BA60-6505-493A-8C41-8085C44E9F1F}.Debug|ARM.Build.0 = Debug|ARM
		{9DD2BA60-6505-493A-8C41-8085C44E9F1F}.Debug|ARM64.ActiveCfg = Debug|ARM64
		{9DD2BA60-6505-493A-8C41-8085C44E9F1F}.Debug|ARM64.Build.0 = Debug|ARM64
		{9DD2BA60-6505-493A-8C41-8085C44E9F1F}.Debug|Gaming.Desktop.x64.ActiveCfg = Debug|x64
		{9DD2BA60-6505-493A-8C41-8085C44E9F1F}.Debug|x64.ActiveCfg = Debug|x64
		{9DD2BA60-6505-493A-8C41-8085C44E9F1F}.Debug|x64.Build.0 = Debug|x64
		{9DD2BA60-6505-493A-8C41-8085C44E9F1F}.Debug|x86.ActiveCfg = Debug|Win32
		{9DD2BA60-6505-493A-8C41-8085C44E9F1F}.Debug|x86.Build.0 = Debug|Win32
		{9DD2BA60-6505-493A-8C41-8085C44E9F1F}.Release|ARM.ActiveCfg = Release|ARM
		{9DD2BA60-6505-493A-8C41-8085C44E9F1F}.Release|ARM.Build.0 = Release|ARM
		{9DD2BA60-6505-493A-8C41-8085C44E9F1F}.Release|ARM64.ActiveCfg = Release|ARM64
		{9DD2BA60-6505-493A-8C41-8085C44E9F1F}.Release|ARM64.Build.0 = Release|ARM64
		{9DD2BA60-6505-493A-8C41-8085C44E9F1F}.Release|Gaming.Desktop.x64.ActiveCfg = Release|x64
		{9DD2BA60-6505-493A-8C41-8085C44E9F1F}.Release|x64.ActiveCfg = Release|x64
		{9DD2BA60-6505-493A-8C41-8085C44E9F1F}.Release|x64.Build.0 = Release|x64
		{9DD2BA60-6505-493A-8C41-8085C44E9F1F}.Release|x86.ActiveCfg = Release|Win32
		{9DD2BA60-6505-493A-8C41-8085C44E9F1F}.Release|x86.Build.0 = Release|Win32
	EndGlobalSection
	GlobalSection(SolutionProperties) = preSolution
		HideSolutionNode = FALSE
	EndGlobalSection
	GlobalSection(NestedProjects) = preSolution
		{D980F91B-92BF-4CC4-89FD-1CD99DBA870F} = {118840A6-8EB2-4D70-B0EE-65EE13E2FEAB}
		{9164C6C9-3872-4922-A3E3-3822622D3E71} = {118840A6-8EB2-4D70-B0EE-65EE13E2FEAB}
		{8CA3B500-0D89-4DB1-BA8B-98AEB468CA13} = {348C2EBE-5E0D-4008-8E9C-BD2ECF40F4BC}
		{0A6D51A3-0D86-4D0E-9DAA-54BA75E1DA1C} = {348C2EBE-5E0D-4008-8E9C-BD2ECF40F4BC}
		{47564F2B-9ED7-4527-997A-5D76C36998D1} = {AEECE539-001A-4CB1-B7A3-6E6FB345D108}
		{53C69CF3-B0B8-4A64-B178-0E9370737F70} = {AEECE539-001A-4CB1-B7A3-6E6FB345D108}
		{097E9D46-215E-43AE-B8DF-339EDF537EB6} = {118840A6-8EB2-4D70-B0EE-65EE13E2FEAB}
		{AAF08544-8AAA-41A5-A86B-2AF4D8985258} = {118840A6-8EB2-4D70-B0EE-65EE13E2FEAB}
		{D01BF0FD-D450-41DC-BFA4-62468528B91E} = {118840A6-8EB2-4D70-B0EE-65EE13E2FEAB}
		{16AA2EBE-6D49-41B7-A13F-887C12E78715} = {118840A6-8EB2-4D70-B0EE-65EE13E2FEAB}
		{2FF76652-3783-4047-8F2B-8777155F1C66} = {118840A6-8EB2-4D70-B0EE-65EE13E2FEAB}
		{00867B85-BAE6-4129-85EA-18CCFA002E00} = {2FF76652-3783-4047-8F2B-8777155F1C66}
		{7A3B2F87-A009-408F-8230-4E76CDF6AED4} = {AEECE539-001A-4CB1-B7A3-6E6FB345D108}
		{2DFBBF3A-6D4B-4FF8-BD01-C9527A1FE0AC} = {7A3B2F87-A009-408F-8230-4E76CDF6AED4}
		{2E55AA9F-A132-477C-B4FF-B4CD551E4322} = {AEECE539-001A-4CB1-B7A3-6E6FB345D108}
		{5B498CF9-1803-438F-98FC-25F42759F440} = {AEECE539-001A-4CB1-B7A3-6E6FB345D108}
		{99542110-3CCD-4525-B607-DB8F6E76AEAC} = {7A3B2F87-A009-408F-8230-4E76CDF6AED4}
		{591520A6-680D-4AD7-AACB-8C2C877F8BAE} = {2FF76652-3783-4047-8F2B-8777155F1C66}
		{267629EF-20A2-4FFB-8DC8-A8534E98FCEB} = {2FF76652-3783-4047-8F2B-8777155F1C66}
		{BEDE280F-17F7-4A09-9F5D-2E02FBB1C490} = {118840A6-8EB2-4D70-B0EE-65EE13E2FEAB}
		{961F48EA-33A9-47F1-9C96-715D6094D79B} = {118840A6-8EB2-4D70-B0EE-65EE13E2FEAB}
		{EEE4D040-3907-43BD-9CA9-C89F1DB19FCD} = {118840A6-8EB2-4D70-B0EE-65EE13E2FEAB}
		{9C459B54-E085-42F3-A671-7F55C2994048} = {118840A6-8EB2-4D70-B0EE-65EE13E2FEAB}
		{A5EB6BDD-DD81-4B7B-83A0-A8AE0068FC3F} = {118840A6-8EB2-4D70-B0EE-65EE13E2FEAB}
		{23104CDA-C598-4D41-B7FF-70405B2871EC} = {118840A6-8EB2-4D70-B0EE-65EE13E2FEAB}
		{66365E18-7B53-44BF-A348-6735058E359E} = {348C2EBE-5E0D-4008-8E9C-BD2ECF40F4BC}
		{78C0122C-6B2D-4054-8C49-448277DD7A7D} = {348C2EBE-5E0D-4008-8E9C-BD2ECF40F4BC}
		{8EF7009A-36CF-4D82-9FB7-6D69154893CF} = {6BBCD917-A163-48D8-9385-3F6135E031FE}
		{E885BB30-F51E-4BAB-9300-4B303144BB49} = {6BBCD917-A163-48D8-9385-3F6135E031FE}
		{9DD2BA60-6505-493A-8C41-8085C44E9F1F} = {6BBCD917-A163-48D8-9385-3F6135E031FE}
	EndGlobalSection
	GlobalSection(ExtensibilityGlobals) = postSolution
		SolutionGuid = {1878024A-14E8-41AD-8422-BED12651F958}
	EndGlobalSection
	GlobalSection(SharedMSBuildProjectFiles) = preSolution
		Build\libssl.Win32\libssl.Win32.vcxitems*{097e9d46-215e-43ae-b8df-339edf537eb6}*SharedItemsImports = 9
		Build\libHttpClient.Common\libHttpClient.Common.vcxitems*{0a6d51a3-0d86-4d0e-9daa-54ba75e1da1c}*SharedItemsImports = 4
		Build\libHttpClient.GDK\libHttpClient.GDK.vcxitems*{0a6d51a3-0d86-4d0e-9daa-54ba75e1da1c}*SharedItemsImports = 4
		Build\libcrypto.Win32\libcrypto.Win32.vcxitems*{16aa2ebe-6d49-41b7-a13f-887c12e78715}*SharedItemsImports = 4
		Build\libssl.Win32\libssl.Win32.vcxitems*{23104cda-c598-4d41-b7ff-70405b2871ec}*SharedItemsImports = 4
		Build\libHttpClient.Common\libHttpClient.Common.vcxitems*{2e55aa9f-a132-477c-b4ff-b4cd551e4322}*SharedItemsImports = 4
		Build\libHttpClient.UWP\libHttpClient.UWP.vcxitems*{2e55aa9f-a132-477c-b4ff-b4cd551e4322}*SharedItemsImports = 4
		Build\libHttpClient.UWP\libHttpClient.UWP.vcxitems*{47564f2b-9ed7-4527-997a-5d76c36998d1}*SharedItemsImports = 9
		Build\libHttpClient.Common\libHttpClient.Common.vcxitems*{53c69cf3-b0b8-4a64-b178-0e9370737f70}*SharedItemsImports = 4
		Build\libHttpClient.UWP\libHttpClient.UWP.vcxitems*{53c69cf3-b0b8-4a64-b178-0e9370737f70}*SharedItemsImports = 4
		Build\libHttpClient.Common\libHttpClient.Common.vcxitems*{5b498cf9-1803-438f-98fc-25f42759f440}*SharedItemsImports = 4
		Build\libHttpClient.UWP\libHttpClient.UWP.vcxitems*{5b498cf9-1803-438f-98fc-25f42759f440}*SharedItemsImports = 4
		Build\libHttpClient.Common\libHttpClient.Common.vcxitems*{66365e18-7b53-44bf-a348-6735058e359e}*SharedItemsImports = 4
		Build\libHttpClient.GDK\libHttpClient.GDK.vcxitems*{66365e18-7b53-44bf-a348-6735058e359e}*SharedItemsImports = 4
		Build\libHttpClient.Common\libHttpClient.Common.vcxitems*{673e9758-fafe-4f91-8fc1-addda12c5de5}*SharedItemsImports = 9
		Build\libHttpClient.Common\libHttpClient.Common.vcxitems*{78c0122c-6b2d-4054-8c49-448277dd7a7d}*SharedItemsImports = 4
		Build\libHttpClient.GDK\libHttpClient.GDK.vcxitems*{78c0122c-6b2d-4054-8c49-448277dd7a7d}*SharedItemsImports = 4
		Build\libHttpClient.GDK\libHttpClient.GDK.vcxitems*{8ca3b500-0d89-4db1-ba8b-98aeb468ca13}*SharedItemsImports = 9
		Build\libHttpClient.UnitTest\libHttpClient.UnitTest.vcxitems*{8ef7009a-36cf-4d82-9fb7-6d69154893cf}*SharedItemsImports = 9
		Build\libHttpClient.Common\libHttpClient.Common.vcxitems*{9164c6c9-3872-4922-a3e3-3822622d3e71}*SharedItemsImports = 4
		Build\libHttpClient.Win32\libHttpClient.Win32.vcxitems*{9164c6c9-3872-4922-a3e3-3822622d3e71}*SharedItemsImports = 4
		Build\libHttpClient.Common\libHttpClient.Common.vcxitems*{961f48ea-33a9-47f1-9c96-715d6094d79b}*SharedItemsImports = 4
		Build\libHttpClient.Win32\libHttpClient.Win32.vcxitems*{961f48ea-33a9-47f1-9c96-715d6094d79b}*SharedItemsImports = 4
		Build\libcrypto.Win32\libcrypto.Win32.vcxitems*{9c459b54-e085-42f3-a671-7f55c2994048}*SharedItemsImports = 4
		Build\libHttpClient.Common\libHttpClient.Common.vcxitems*{9dd2ba60-6505-493a-8c41-8085c44e9f1f}*SharedItemsImports = 4
		Build\libHttpClient.UnitTest\libHttpClient.UnitTest.vcxitems*{9dd2ba60-6505-493a-8c41-8085c44e9f1f}*SharedItemsImports = 4
		Build\libssl.Win32\libssl.Win32.vcxitems*{a5eb6bdd-dd81-4b7b-83a0-a8ae0068fc3f}*SharedItemsImports = 4
		Build\libssl.Win32\libssl.Win32.vcxitems*{aaf08544-8aaa-41a5-a86b-2af4d8985258}*SharedItemsImports = 4
		Build\libHttpClient.Common\libHttpClient.Common.vcxitems*{bede280f-17f7-4a09-9f5d-2e02fbb1c490}*SharedItemsImports = 4
		Build\libHttpClient.Win32\libHttpClient.Win32.vcxitems*{bede280f-17f7-4a09-9f5d-2e02fbb1c490}*SharedItemsImports = 4
		Build\libcrypto.Win32\libcrypto.Win32.vcxitems*{d01bf0fd-d450-41dc-bfa4-62468528b91e}*SharedItemsImports = 9
		Build\libHttpClient.Win32\libHttpClient.Win32.vcxitems*{d980f91b-92bf-4cc4-89fd-1cd99dba870f}*SharedItemsImports = 9
		Build\libHttpClient.Common\libHttpClient.Common.vcxitems*{e885bb30-f51e-4bab-9300-4b303144bb49}*SharedItemsImports = 4
		Build\libHttpClient.UnitTest\libHttpClient.UnitTest.vcxitems*{e885bb30-f51e-4bab-9300-4b303144bb49}*SharedItemsImports = 4
		Build\libcrypto.Win32\libcrypto.Win32.vcxitems*{eee4d040-3907-43bd-9ca9-c89f1db19fcd}*SharedItemsImports = 4
	EndGlobalSection
EndGlobal
