
Microsoft Visual Studio Solution File, Format Version 12.00
# Visual Studio 15
VisualStudioVersion = 15.0.26430.16
MinimumVisualStudioVersion = 10.0.40219.1
Project("{8BC9CEB8-8B4A-11D0-8D11-00A0C91BC942}") = "WebSocket", "WebSocket.vcxproj", "{0F732C67-ED0C-46E1-A2FF-DECF26D51538}"
EndProject
Project("{8BC9CEB8-8B4A-11D0-8D11-00A0C91BC942}") = "libHttpClient.141.UWP.C", "..\..\Build\libHttpClient.141.UWP.C\libHttpClient.141.UWP.C.vcxproj", "{30753B00-85F9-43E0-B0E0-A5A5F3E4B62A}"
EndProject
Global
	GlobalSection(SolutionConfigurationPlatforms) = preSolution
		Debug|ARM = Debug|ARM
		Debug|x64 = Debug|x64
		Debug|x86 = Debug|x86
		Release|ARM = Release|ARM
		Release|x64 = Release|x64
		Release|x86 = Release|x86
	EndGlobalSection
	GlobalSection(ProjectConfigurationPlatforms) = postSolution
		{0F732C67-ED0C-46E1-A2FF-DECF26D51538}.Debug|ARM.ActiveCfg = Debug|ARM
		{0F732C67-ED0C-46E1-A2FF-DECF26D51538}.Debug|ARM.Build.0 = Debug|ARM
		{0F732C67-ED0C-46E1-A2FF-DECF26D51538}.Debug|ARM.Deploy.0 = Debug|ARM
		{0F732C67-ED0C-46E1-A2FF-DECF26D51538}.Debug|x64.ActiveCfg = Debug|x64
		{0F732C67-ED0C-46E1-A2FF-DECF26D51538}.Debug|x64.Build.0 = Debug|x64
		{0F732C67-ED0C-46E1-A2FF-DECF26D51538}.Debug|x64.Deploy.0 = Debug|x64
		{0F732C67-ED0C-46E1-A2FF-DECF26D51538}.Debug|x86.ActiveCfg = Debug|Win32
		{0F732C67-ED0C-46E1-A2FF-DECF26D51538}.Debug|x86.Build.0 = Debug|Win32
		{0F732C67-ED0C-46E1-A2FF-DECF26D51538}.Debug|x86.Deploy.0 = Debug|Win32
		{0F732C67-ED0C-46E1-A2FF-DECF26D51538}.Release|ARM.ActiveCfg = Release|ARM
		{0F732C67-ED0C-46E1-A2FF-DECF26D51538}.Release|ARM.Build.0 = Release|ARM
		{0F732C67-ED0C-46E1-A2FF-DECF26D51538}.Release|ARM.Deploy.0 = Release|ARM
		{0F732C67-ED0C-46E1-A2FF-DECF26D51538}.Release|x64.ActiveCfg = Release|x64
		{0F732C67-ED0C-46E1-A2FF-DECF26D51538}.Release|x64.Build.0 = Release|x64
		{0F732C67-ED0C-46E1-A2FF-DECF26D51538}.Release|x64.Deploy.0 = Release|x64
		{0F732C67-ED0C-46E1-A2FF-DECF26D51538}.Release|x86.ActiveCfg = Release|Win32
		{0F732C67-ED0C-46E1-A2FF-DECF26D51538}.Release|x86.Build.0 = Release|Win32
		{0F732C67-ED0C-46E1-A2FF-DECF26D51538}.Release|x86.Deploy.0 = Release|Win32
		{30753B00-85F9-43E0-B0E0-A5A5F3E4B62A}.Debug|ARM.ActiveCfg = Debug|ARM
		{30753B00-85F9-43E0-B0E0-A5A5F3E4B62A}.Debug|ARM.Build.0 = Debug|ARM
		{30753B00-85F9-43E0-B0E0-A5A5F3E4B62A}.Debug|x64.ActiveCfg = Debug|x64
		{30753B00-85F9-43E0-B0E0-A5A5F3E4B62A}.Debug|x64.Build.0 = Debug|x64
		{30753B00-85F9-43E0-B0E0-A5A5F3E4B62A}.Debug|x86.ActiveCfg = Debug|Win32
		{30753B00-85F9-43E0-B0E0-A5A5F3E4B62A}.Debug|x86.Build.0 = Debug|Win32
		{30753B00-85F9-43E0-B0E0-A5A5F3E4B62A}.Release|ARM.ActiveCfg = Release|ARM
		{30753B00-85F9-43E0-B0E0-A5A5F3E4B62A}.Release|ARM.Build.0 = Release|ARM
		{30753B00-85F9-43E0-B0E0-A5A5F3E4B62A}.Release|x64.ActiveCfg = Release|x64
		{30753B00-85F9-43E0-B0E0-A5A5F3E4B62A}.Release|x64.Build.0 = Release|x64
		{30753B00-85F9-43E0-B0E0-A5A5F3E4B62A}.Release|x86.ActiveCfg = Release|Win32
		{30753B00-85F9-43E0-B0E0-A5A5F3E4B62A}.Release|x86.Build.0 = Release|Win32
	EndGlobalSection
	GlobalSection(SolutionProperties) = preSolution
		HideSolutionNode = FALSE
	EndGlobalSection
	GlobalSection(ExtensibilityGlobals) = postSolution
		SolutionGuid = {9BC72688-C2C9-4907-A00D-1339A113DD0F}
	EndGlobalSection
EndGlobal
